
Microsoft Visual Studio Solution File, Format Version 12.00
# Visual Studio 14
VisualStudioVersion = 14.0.24720.0
MinimumVisualStudioVersion = 10.0.40219.1
Project("{8BC9CEB8-8B4A-11D0-8D11-00A0C91BC942}") = "Round 359 div2 A", "practice02\practice02.vcxproj", "{B843C909-B334-4DF3-9281-544EF1069FF3}"
EndProject
Project("{8BC9CEB8-8B4A-11D0-8D11-00A0C91BC942}") = "Round 359 div2 B", "Round div2 B\Round div2 B.vcxproj", "{39231A45-03BD-417C-873C-0EA873EB1902}"
EndProject
Project("{8BC9CEB8-8B4A-11D0-8D11-00A0C91BC942}") = "Round 359 div2 C", "Round 359 div2 C\Round 359 div2 C.vcxproj", "{26EC882C-A832-4171-B243-93EFD68CDDC4}"
EndProject
Project("{8BC9CEB8-8B4A-11D0-8D11-00A0C91BC942}") = "Round 358 div2 A", "Round 358 div2 A\Round 358 div2 A.vcxproj", "{89111D37-36CA-4C71-AB50-4B40034C5710}"
EndProject
Project("{8BC9CEB8-8B4A-11D0-8D11-00A0C91BC942}") = "Round 358 div2 B", "Round 358 div2 B\Round 358 div2 B.vcxproj", "{64357143-F230-48DB-A0D8-D928D460921C}"
EndProject
Project("{8BC9CEB8-8B4A-11D0-8D11-00A0C91BC942}") = "Round 358 div2 C", "Round 358 div2 C\Round 358 div2 C.vcxproj", "{4661670C-95DE-48CE-AB4D-BF3CDE676307}"
EndProject
Project("{8BC9CEB8-8B4A-11D0-8D11-00A0C91BC942}") = "Round 360 div2 B", "Round 360 div2 B\Round 360 div2 B.vcxproj", "{66E47C0C-CB2D-49A0-A4E0-A6C3134C4433}"
EndProject
Project("{8BC9CEB8-8B4A-11D0-8D11-00A0C91BC942}") = "Round 360 div2 C", "Round 360 div2 C\Round 360 div2 C.vcxproj", "{EB043A9D-602D-46E0-92D2-1E3B886D90F1}"
EndProject
Project("{8BC9CEB8-8B4A-11D0-8D11-00A0C91BC942}") = "Round 357 div2 A", "Round 357 div2 A\Round 357 div2 A.vcxproj", "{39C18C0A-53D4-4AB0-93A7-E41AA1F09F1F}"
EndProject
Project("{8BC9CEB8-8B4A-11D0-8D11-00A0C91BC942}") = "Round 357 div2 B", "Round 357 div2 B\Round 357 div2 B.vcxproj", "{9642EF1A-7631-4430-8EA5-2BB24F223385}"
EndProject
Project("{8BC9CEB8-8B4A-11D0-8D11-00A0C91BC942}") = "Round 357 div2 C", "Round 357 div2 C\Round 357 div2 C.vcxproj", "{255312FD-746A-4085-B4EB-4B15276B23B4}"
EndProject
Project("{8BC9CEB8-8B4A-11D0-8D11-00A0C91BC942}") = "Round 356 div2 A", "Round 356 div2 A\Round 356 div2 A.vcxproj", "{7DC650E8-3CC9-46EA-90F5-1E733E29819C}"
EndProject
Project("{8BC9CEB8-8B4A-11D0-8D11-00A0C91BC942}") = "Round 356 div2 B", "Round 356 div2 B\Round 356 div2 B.vcxproj", "{8CB8BB87-9207-406B-9183-64462DCDD8C0}"
EndProject
Project("{8BC9CEB8-8B4A-11D0-8D11-00A0C91BC942}") = "Round 356 div2 C", "Round 356 div2 C\Round 356 div2 C.vcxproj", "{F0E04A7A-2A9A-41F4-96CE-6CF310D772CA}"
EndProject
Project("{8BC9CEB8-8B4A-11D0-8D11-00A0C91BC942}") = "Round 355 div2 A", "Round 355 div2 A\Round 355 div2 A.vcxproj", "{8D89C042-1B07-438C-B26A-9B58FE95147A}"
EndProject
Project("{8BC9CEB8-8B4A-11D0-8D11-00A0C91BC942}") = "Round 368 div2 A", "Round 368 div2 A\Round 368 div2 A.vcxproj", "{51AEACA5-1165-4312-85A0-FBAC04383458}"
EndProject
Project("{8BC9CEB8-8B4A-11D0-8D11-00A0C91BC942}") = "Round 371 div2 A", "Round 372 div2 A\Round 372 div2 A.vcxproj", "{2490AD3D-4444-4C0D-B52C-E13E8001C656}"
EndProject
Project("{8BC9CEB8-8B4A-11D0-8D11-00A0C91BC942}") = "Round 371 div2 B", "Round 372 div2 B\Round 372 div2 B.vcxproj", "{AFF66C1D-CA78-4412-A4C9-8DE1D9E35369}"
EndProject
Project("{8BC9CEB8-8B4A-11D0-8D11-00A0C91BC942}") = "Round 372 div2 A", "372 div2 A\372 div2 A.vcxproj", "{97DC442B-8A91-4DA9-9D1D-2E7052F53256}"
EndProject
Project("{8BC9CEB8-8B4A-11D0-8D11-00A0C91BC942}") = "Round 372 div2 B", "372 div2 B\372 div2 B.vcxproj", "{0E91589B-1E3D-4817-9C91-A67710CCA3F1}"
EndProject
Project("{8BC9CEB8-8B4A-11D0-8D11-00A0C91BC942}") = "Round 372 div2 C", "372 div2 C\372 div2 C.vcxproj", "{F4409133-106A-4ACB-9125-754E068A92FD}"
EndProject
Project("{8BC9CEB8-8B4A-11D0-8D11-00A0C91BC942}") = "Round 371 div2 C", "Round 371 div2 C\Round 371 div2 C.vcxproj", "{AC854CAA-2391-4B98-AFE4-4C04A1BCD8C9}"
EndProject
Project("{8BC9CEB8-8B4A-11D0-8D11-00A0C91BC942}") = "Round 370 div2 A", "Round 370 div2 A\Round 370 div2 A.vcxproj", "{B24AB36E-D62D-43E5-AA17-4F7065C64DD1}"
EndProject
Project("{8BC9CEB8-8B4A-11D0-8D11-00A0C91BC942}") = "Round 370 div2 B", "Round 370 div2 B\Round 370 div2 B.vcxproj", "{E920D7F2-890B-41B6-98CC-C391449B1E32}"
EndProject
Project("{8BC9CEB8-8B4A-11D0-8D11-00A0C91BC942}") = "Round 370 div2 C", "Round 370 div2 C\Round 370 div2 C.vcxproj", "{661C2B1A-1BC1-426E-B00F-526F847EF2D3}"
EndProject
Project("{8BC9CEB8-8B4A-11D0-8D11-00A0C91BC942}") = "Round 123 div2 A", "Round 123 div2 A\Round 123 div2 A.vcxproj", "{E8045C5D-BCC9-44D0-8DE2-357011416B02}"
EndProject
Project("{8BC9CEB8-8B4A-11D0-8D11-00A0C91BC942}") = "Round 123 div2 B", "Round 123 div2 B\Round 123 div2 B.vcxproj", "{7739E58E-AEC0-437E-9081-2F05A8DAD6B1}"
EndProject
Project("{8BC9CEB8-8B4A-11D0-8D11-00A0C91BC942}") = "Round 123 div2 C", "Round 123 div2 C\Round 123 div2 C.vcxproj", "{3DCB0C9B-4739-4EA8-BABE-0B35C27E0933}"
EndProject
Project("{8BC9CEB8-8B4A-11D0-8D11-00A0C91BC942}") = "Round 124 div2 A", "Round 124 div2 A\Round 124 div2 A.vcxproj", "{064A8431-8D7D-4A82-A25F-B34E8376EA27}"
EndProject
Project("{8BC9CEB8-8B4A-11D0-8D11-00A0C91BC942}") = "Round 124 div2 B", "Round 124 div2 B\Round 124 div2 B.vcxproj", "{F935A850-8C15-416B-AFA2-7DDD9729224E}"
EndProject
Project("{8BC9CEB8-8B4A-11D0-8D11-00A0C91BC942}") = "Round 124 div2 C", "Round 124 div2 C\Round 124 div2 C.vcxproj", "{0013F5F3-CC25-4220-8C1A-330B87AF4AF1}"
EndProject
Project("{8BC9CEB8-8B4A-11D0-8D11-00A0C91BC942}") = "Round 339 div2 A", "Round 339 div2 A\Round 339 div2 A.vcxproj", "{6433E167-2369-4CC8-B952-A098B894073B}"
EndProject
Project("{8BC9CEB8-8B4A-11D0-8D11-00A0C91BC942}") = "CF A", "CF A\CF A.vcxproj", "{55526DB2-7629-4FCC-B3F5-D207EE1AB7CC}"
EndProject
Project("{8BC9CEB8-8B4A-11D0-8D11-00A0C91BC942}") = "CF B", "CF B\CF B.vcxproj", "{C2C0DB53-1843-4BC6-8350-EF73533F0089}"
EndProject
Project("{8BC9CEB8-8B4A-11D0-8D11-00A0C91BC942}") = "CF C", "CF C\CF C.vcxproj", "{E4BCE1CF-E2E7-48DC-A5F8-1AC8FF950F05}"
EndProject
Project("{8BC9CEB8-8B4A-11D0-8D11-00A0C91BC942}") = "CF D", "CF D\CF D.vcxproj", "{505A86F0-995E-44ED-9735-B520C7F4ADF6}"
EndProject
Global
	GlobalSection(SolutionConfigurationPlatforms) = preSolution
		Debug|x64 = Debug|x64
		Debug|x86 = Debug|x86
		Release|x64 = Release|x64
		Release|x86 = Release|x86
	EndGlobalSection
	GlobalSection(ProjectConfigurationPlatforms) = postSolution
		{B843C909-B334-4DF3-9281-544EF1069FF3}.Debug|x64.ActiveCfg = Debug|x64
		{B843C909-B334-4DF3-9281-544EF1069FF3}.Debug|x64.Build.0 = Debug|x64
		{B843C909-B334-4DF3-9281-544EF1069FF3}.Debug|x86.ActiveCfg = Debug|Win32
		{B843C909-B334-4DF3-9281-544EF1069FF3}.Debug|x86.Build.0 = Debug|Win32
		{B843C909-B334-4DF3-9281-544EF1069FF3}.Release|x64.ActiveCfg = Release|x64
		{B843C909-B334-4DF3-9281-544EF1069FF3}.Release|x64.Build.0 = Release|x64
		{B843C909-B334-4DF3-9281-544EF1069FF3}.Release|x86.ActiveCfg = Release|Win32
		{B843C909-B334-4DF3-9281-544EF1069FF3}.Release|x86.Build.0 = Release|Win32
		{39231A45-03BD-417C-873C-0EA873EB1902}.Debug|x64.ActiveCfg = Debug|x64
		{39231A45-03BD-417C-873C-0EA873EB1902}.Debug|x64.Build.0 = Debug|x64
		{39231A45-03BD-417C-873C-0EA873EB1902}.Debug|x86.ActiveCfg = Debug|Win32
		{39231A45-03BD-417C-873C-0EA873EB1902}.Debug|x86.Build.0 = Debug|Win32
		{39231A45-03BD-417C-873C-0EA873EB1902}.Release|x64.ActiveCfg = Release|x64
		{39231A45-03BD-417C-873C-0EA873EB1902}.Release|x64.Build.0 = Release|x64
		{39231A45-03BD-417C-873C-0EA873EB1902}.Release|x86.ActiveCfg = Release|Win32
		{39231A45-03BD-417C-873C-0EA873EB1902}.Release|x86.Build.0 = Release|Win32
		{26EC882C-A832-4171-B243-93EFD68CDDC4}.Debug|x64.ActiveCfg = Debug|x64
		{26EC882C-A832-4171-B243-93EFD68CDDC4}.Debug|x64.Build.0 = Debug|x64
		{26EC882C-A832-4171-B243-93EFD68CDDC4}.Debug|x86.ActiveCfg = Debug|Win32
		{26EC882C-A832-4171-B243-93EFD68CDDC4}.Debug|x86.Build.0 = Debug|Win32
		{26EC882C-A832-4171-B243-93EFD68CDDC4}.Release|x64.ActiveCfg = Release|x64
		{26EC882C-A832-4171-B243-93EFD68CDDC4}.Release|x64.Build.0 = Release|x64
		{26EC882C-A832-4171-B243-93EFD68CDDC4}.Release|x86.ActiveCfg = Release|Win32
		{26EC882C-A832-4171-B243-93EFD68CDDC4}.Release|x86.Build.0 = Release|Win32
		{89111D37-36CA-4C71-AB50-4B40034C5710}.Debug|x64.ActiveCfg = Debug|x64
		{89111D37-36CA-4C71-AB50-4B40034C5710}.Debug|x64.Build.0 = Debug|x64
		{89111D37-36CA-4C71-AB50-4B40034C5710}.Debug|x86.ActiveCfg = Debug|Win32
		{89111D37-36CA-4C71-AB50-4B40034C5710}.Debug|x86.Build.0 = Debug|Win32
		{89111D37-36CA-4C71-AB50-4B40034C5710}.Release|x64.ActiveCfg = Release|x64
		{89111D37-36CA-4C71-AB50-4B40034C5710}.Release|x64.Build.0 = Release|x64
		{89111D37-36CA-4C71-AB50-4B40034C5710}.Release|x86.ActiveCfg = Release|Win32
		{89111D37-36CA-4C71-AB50-4B40034C5710}.Release|x86.Build.0 = Release|Win32
		{64357143-F230-48DB-A0D8-D928D460921C}.Debug|x64.ActiveCfg = Debug|x64
		{64357143-F230-48DB-A0D8-D928D460921C}.Debug|x64.Build.0 = Debug|x64
		{64357143-F230-48DB-A0D8-D928D460921C}.Debug|x86.ActiveCfg = Debug|Win32
		{64357143-F230-48DB-A0D8-D928D460921C}.Debug|x86.Build.0 = Debug|Win32
		{64357143-F230-48DB-A0D8-D928D460921C}.Release|x64.ActiveCfg = Release|x64
		{64357143-F230-48DB-A0D8-D928D460921C}.Release|x64.Build.0 = Release|x64
		{64357143-F230-48DB-A0D8-D928D460921C}.Release|x86.ActiveCfg = Release|Win32
		{64357143-F230-48DB-A0D8-D928D460921C}.Release|x86.Build.0 = Release|Win32
		{4661670C-95DE-48CE-AB4D-BF3CDE676307}.Debug|x64.ActiveCfg = Debug|x64
		{4661670C-95DE-48CE-AB4D-BF3CDE676307}.Debug|x64.Build.0 = Debug|x64
		{4661670C-95DE-48CE-AB4D-BF3CDE676307}.Debug|x86.ActiveCfg = Debug|Win32
		{4661670C-95DE-48CE-AB4D-BF3CDE676307}.Debug|x86.Build.0 = Debug|Win32
		{4661670C-95DE-48CE-AB4D-BF3CDE676307}.Release|x64.ActiveCfg = Release|x64
		{4661670C-95DE-48CE-AB4D-BF3CDE676307}.Release|x64.Build.0 = Release|x64
		{4661670C-95DE-48CE-AB4D-BF3CDE676307}.Release|x86.ActiveCfg = Release|Win32
		{4661670C-95DE-48CE-AB4D-BF3CDE676307}.Release|x86.Build.0 = Release|Win32
		{66E47C0C-CB2D-49A0-A4E0-A6C3134C4433}.Debug|x64.ActiveCfg = Debug|x64
		{66E47C0C-CB2D-49A0-A4E0-A6C3134C4433}.Debug|x64.Build.0 = Debug|x64
		{66E47C0C-CB2D-49A0-A4E0-A6C3134C4433}.Debug|x86.ActiveCfg = Debug|Win32
		{66E47C0C-CB2D-49A0-A4E0-A6C3134C4433}.Debug|x86.Build.0 = Debug|Win32
		{66E47C0C-CB2D-49A0-A4E0-A6C3134C4433}.Release|x64.ActiveCfg = Release|x64
		{66E47C0C-CB2D-49A0-A4E0-A6C3134C4433}.Release|x64.Build.0 = Release|x64
		{66E47C0C-CB2D-49A0-A4E0-A6C3134C4433}.Release|x86.ActiveCfg = Release|Win32
		{66E47C0C-CB2D-49A0-A4E0-A6C3134C4433}.Release|x86.Build.0 = Release|Win32
		{EB043A9D-602D-46E0-92D2-1E3B886D90F1}.Debug|x64.ActiveCfg = Debug|x64
		{EB043A9D-602D-46E0-92D2-1E3B886D90F1}.Debug|x64.Build.0 = Debug|x64
		{EB043A9D-602D-46E0-92D2-1E3B886D90F1}.Debug|x86.ActiveCfg = Debug|Win32
		{EB043A9D-602D-46E0-92D2-1E3B886D90F1}.Debug|x86.Build.0 = Debug|Win32
		{EB043A9D-602D-46E0-92D2-1E3B886D90F1}.Release|x64.ActiveCfg = Release|x64
		{EB043A9D-602D-46E0-92D2-1E3B886D90F1}.Release|x64.Build.0 = Release|x64
		{EB043A9D-602D-46E0-92D2-1E3B886D90F1}.Release|x86.ActiveCfg = Release|Win32
		{EB043A9D-602D-46E0-92D2-1E3B886D90F1}.Release|x86.Build.0 = Release|Win32
		{39C18C0A-53D4-4AB0-93A7-E41AA1F09F1F}.Debug|x64.ActiveCfg = Debug|x64
		{39C18C0A-53D4-4AB0-93A7-E41AA1F09F1F}.Debug|x64.Build.0 = Debug|x64
		{39C18C0A-53D4-4AB0-93A7-E41AA1F09F1F}.Debug|x86.ActiveCfg = Debug|Win32
		{39C18C0A-53D4-4AB0-93A7-E41AA1F09F1F}.Debug|x86.Build.0 = Debug|Win32
		{39C18C0A-53D4-4AB0-93A7-E41AA1F09F1F}.Release|x64.ActiveCfg = Release|x64
		{39C18C0A-53D4-4AB0-93A7-E41AA1F09F1F}.Release|x64.Build.0 = Release|x64
		{39C18C0A-53D4-4AB0-93A7-E41AA1F09F1F}.Release|x86.ActiveCfg = Release|Win32
		{39C18C0A-53D4-4AB0-93A7-E41AA1F09F1F}.Release|x86.Build.0 = Release|Win32
		{9642EF1A-7631-4430-8EA5-2BB24F223385}.Debug|x64.ActiveCfg = Debug|x64
		{9642EF1A-7631-4430-8EA5-2BB24F223385}.Debug|x64.Build.0 = Debug|x64
		{9642EF1A-7631-4430-8EA5-2BB24F223385}.Debug|x86.ActiveCfg = Debug|Win32
		{9642EF1A-7631-4430-8EA5-2BB24F223385}.Debug|x86.Build.0 = Debug|Win32
		{9642EF1A-7631-4430-8EA5-2BB24F223385}.Release|x64.ActiveCfg = Release|x64
		{9642EF1A-7631-4430-8EA5-2BB24F223385}.Release|x64.Build.0 = Release|x64
		{9642EF1A-7631-4430-8EA5-2BB24F223385}.Release|x86.ActiveCfg = Release|Win32
		{9642EF1A-7631-4430-8EA5-2BB24F223385}.Release|x86.Build.0 = Release|Win32
		{255312FD-746A-4085-B4EB-4B15276B23B4}.Debug|x64.ActiveCfg = Debug|x64
		{255312FD-746A-4085-B4EB-4B15276B23B4}.Debug|x64.Build.0 = Debug|x64
		{255312FD-746A-4085-B4EB-4B15276B23B4}.Debug|x86.ActiveCfg = Debug|Win32
		{255312FD-746A-4085-B4EB-4B15276B23B4}.Debug|x86.Build.0 = Debug|Win32
		{255312FD-746A-4085-B4EB-4B15276B23B4}.Release|x64.ActiveCfg = Release|x64
		{255312FD-746A-4085-B4EB-4B15276B23B4}.Release|x64.Build.0 = Release|x64
		{255312FD-746A-4085-B4EB-4B15276B23B4}.Release|x86.ActiveCfg = Release|Win32
		{255312FD-746A-4085-B4EB-4B15276B23B4}.Release|x86.Build.0 = Release|Win32
		{7DC650E8-3CC9-46EA-90F5-1E733E29819C}.Debug|x64.ActiveCfg = Debug|x64
		{7DC650E8-3CC9-46EA-90F5-1E733E29819C}.Debug|x64.Build.0 = Debug|x64
		{7DC650E8-3CC9-46EA-90F5-1E733E29819C}.Debug|x86.ActiveCfg = Debug|Win32
		{7DC650E8-3CC9-46EA-90F5-1E733E29819C}.Debug|x86.Build.0 = Debug|Win32
		{7DC650E8-3CC9-46EA-90F5-1E733E29819C}.Release|x64.ActiveCfg = Release|x64
		{7DC650E8-3CC9-46EA-90F5-1E733E29819C}.Release|x64.Build.0 = Release|x64
		{7DC650E8-3CC9-46EA-90F5-1E733E29819C}.Release|x86.ActiveCfg = Release|Win32
		{7DC650E8-3CC9-46EA-90F5-1E733E29819C}.Release|x86.Build.0 = Release|Win32
		{8CB8BB87-9207-406B-9183-64462DCDD8C0}.Debug|x64.ActiveCfg = Debug|x64
		{8CB8BB87-9207-406B-9183-64462DCDD8C0}.Debug|x64.Build.0 = Debug|x64
		{8CB8BB87-9207-406B-9183-64462DCDD8C0}.Debug|x86.ActiveCfg = Debug|Win32
		{8CB8BB87-9207-406B-9183-64462DCDD8C0}.Debug|x86.Build.0 = Debug|Win32
		{8CB8BB87-9207-406B-9183-64462DCDD8C0}.Release|x64.ActiveCfg = Release|x64
		{8CB8BB87-9207-406B-9183-64462DCDD8C0}.Release|x64.Build.0 = Release|x64
		{8CB8BB87-9207-406B-9183-64462DCDD8C0}.Release|x86.ActiveCfg = Release|Win32
		{8CB8BB87-9207-406B-9183-64462DCDD8C0}.Release|x86.Build.0 = Release|Win32
		{F0E04A7A-2A9A-41F4-96CE-6CF310D772CA}.Debug|x64.ActiveCfg = Debug|x64
		{F0E04A7A-2A9A-41F4-96CE-6CF310D772CA}.Debug|x64.Build.0 = Debug|x64
		{F0E04A7A-2A9A-41F4-96CE-6CF310D772CA}.Debug|x86.ActiveCfg = Debug|Win32
		{F0E04A7A-2A9A-41F4-96CE-6CF310D772CA}.Debug|x86.Build.0 = Debug|Win32
		{F0E04A7A-2A9A-41F4-96CE-6CF310D772CA}.Release|x64.ActiveCfg = Release|x64
		{F0E04A7A-2A9A-41F4-96CE-6CF310D772CA}.Release|x64.Build.0 = Release|x64
		{F0E04A7A-2A9A-41F4-96CE-6CF310D772CA}.Release|x86.ActiveCfg = Release|Win32
		{F0E04A7A-2A9A-41F4-96CE-6CF310D772CA}.Release|x86.Build.0 = Release|Win32
		{8D89C042-1B07-438C-B26A-9B58FE95147A}.Debug|x64.ActiveCfg = Debug|x64
		{8D89C042-1B07-438C-B26A-9B58FE95147A}.Debug|x64.Build.0 = Debug|x64
		{8D89C042-1B07-438C-B26A-9B58FE95147A}.Debug|x86.ActiveCfg = Debug|Win32
		{8D89C042-1B07-438C-B26A-9B58FE95147A}.Debug|x86.Build.0 = Debug|Win32
		{8D89C042-1B07-438C-B26A-9B58FE95147A}.Release|x64.ActiveCfg = Release|x64
		{8D89C042-1B07-438C-B26A-9B58FE95147A}.Release|x64.Build.0 = Release|x64
		{8D89C042-1B07-438C-B26A-9B58FE95147A}.Release|x86.ActiveCfg = Release|Win32
		{8D89C042-1B07-438C-B26A-9B58FE95147A}.Release|x86.Build.0 = Release|Win32
		{51AEACA5-1165-4312-85A0-FBAC04383458}.Debug|x64.ActiveCfg = Debug|x64
		{51AEACA5-1165-4312-85A0-FBAC04383458}.Debug|x64.Build.0 = Debug|x64
		{51AEACA5-1165-4312-85A0-FBAC04383458}.Debug|x86.ActiveCfg = Debug|Win32
		{51AEACA5-1165-4312-85A0-FBAC04383458}.Debug|x86.Build.0 = Debug|Win32
		{51AEACA5-1165-4312-85A0-FBAC04383458}.Release|x64.ActiveCfg = Release|x64
		{51AEACA5-1165-4312-85A0-FBAC04383458}.Release|x64.Build.0 = Release|x64
		{51AEACA5-1165-4312-85A0-FBAC04383458}.Release|x86.ActiveCfg = Release|Win32
		{51AEACA5-1165-4312-85A0-FBAC04383458}.Release|x86.Build.0 = Release|Win32
		{2490AD3D-4444-4C0D-B52C-E13E8001C656}.Debug|x64.ActiveCfg = Debug|x64
		{2490AD3D-4444-4C0D-B52C-E13E8001C656}.Debug|x64.Build.0 = Debug|x64
		{2490AD3D-4444-4C0D-B52C-E13E8001C656}.Debug|x86.ActiveCfg = Debug|Win32
		{2490AD3D-4444-4C0D-B52C-E13E8001C656}.Debug|x86.Build.0 = Debug|Win32
		{2490AD3D-4444-4C0D-B52C-E13E8001C656}.Release|x64.ActiveCfg = Release|x64
		{2490AD3D-4444-4C0D-B52C-E13E8001C656}.Release|x64.Build.0 = Release|x64
		{2490AD3D-4444-4C0D-B52C-E13E8001C656}.Release|x86.ActiveCfg = Release|Win32
		{2490AD3D-4444-4C0D-B52C-E13E8001C656}.Release|x86.Build.0 = Release|Win32
		{AFF66C1D-CA78-4412-A4C9-8DE1D9E35369}.Debug|x64.ActiveCfg = Debug|x64
		{AFF66C1D-CA78-4412-A4C9-8DE1D9E35369}.Debug|x64.Build.0 = Debug|x64
		{AFF66C1D-CA78-4412-A4C9-8DE1D9E35369}.Debug|x86.ActiveCfg = Debug|Win32
		{AFF66C1D-CA78-4412-A4C9-8DE1D9E35369}.Debug|x86.Build.0 = Debug|Win32
		{AFF66C1D-CA78-4412-A4C9-8DE1D9E35369}.Release|x64.ActiveCfg = Release|x64
		{AFF66C1D-CA78-4412-A4C9-8DE1D9E35369}.Release|x64.Build.0 = Release|x64
		{AFF66C1D-CA78-4412-A4C9-8DE1D9E35369}.Release|x86.ActiveCfg = Release|Win32
		{AFF66C1D-CA78-4412-A4C9-8DE1D9E35369}.Release|x86.Build.0 = Release|Win32
		{97DC442B-8A91-4DA9-9D1D-2E7052F53256}.Debug|x64.ActiveCfg = Debug|x64
		{97DC442B-8A91-4DA9-9D1D-2E7052F53256}.Debug|x64.Build.0 = Debug|x64
		{97DC442B-8A91-4DA9-9D1D-2E7052F53256}.Debug|x86.ActiveCfg = Debug|Win32
		{97DC442B-8A91-4DA9-9D1D-2E7052F53256}.Debug|x86.Build.0 = Debug|Win32
		{97DC442B-8A91-4DA9-9D1D-2E7052F53256}.Release|x64.ActiveCfg = Release|x64
		{97DC442B-8A91-4DA9-9D1D-2E7052F53256}.Release|x64.Build.0 = Release|x64
		{97DC442B-8A91-4DA9-9D1D-2E7052F53256}.Release|x86.ActiveCfg = Release|Win32
		{97DC442B-8A91-4DA9-9D1D-2E7052F53256}.Release|x86.Build.0 = Release|Win32
		{0E91589B-1E3D-4817-9C91-A67710CCA3F1}.Debug|x64.ActiveCfg = Debug|x64
		{0E91589B-1E3D-4817-9C91-A67710CCA3F1}.Debug|x64.Build.0 = Debug|x64
		{0E91589B-1E3D-4817-9C91-A67710CCA3F1}.Debug|x86.ActiveCfg = Debug|Win32
		{0E91589B-1E3D-4817-9C91-A67710CCA3F1}.Debug|x86.Build.0 = Debug|Win32
		{0E91589B-1E3D-4817-9C91-A67710CCA3F1}.Release|x64.ActiveCfg = Release|x64
		{0E91589B-1E3D-4817-9C91-A67710CCA3F1}.Release|x64.Build.0 = Release|x64
		{0E91589B-1E3D-4817-9C91-A67710CCA3F1}.Release|x86.ActiveCfg = Release|Win32
		{0E91589B-1E3D-4817-9C91-A67710CCA3F1}.Release|x86.Build.0 = Release|Win32
		{F4409133-106A-4ACB-9125-754E068A92FD}.Debug|x64.ActiveCfg = Debug|x64
		{F4409133-106A-4ACB-9125-754E068A92FD}.Debug|x64.Build.0 = Debug|x64
		{F4409133-106A-4ACB-9125-754E068A92FD}.Debug|x86.ActiveCfg = Debug|Win32
		{F4409133-106A-4ACB-9125-754E068A92FD}.Debug|x86.Build.0 = Debug|Win32
		{F4409133-106A-4ACB-9125-754E068A92FD}.Release|x64.ActiveCfg = Release|x64
		{F4409133-106A-4ACB-9125-754E068A92FD}.Release|x64.Build.0 = Release|x64
		{F4409133-106A-4ACB-9125-754E068A92FD}.Release|x86.ActiveCfg = Release|Win32
		{F4409133-106A-4ACB-9125-754E068A92FD}.Release|x86.Build.0 = Release|Win32
		{AC854CAA-2391-4B98-AFE4-4C04A1BCD8C9}.Debug|x64.ActiveCfg = Debug|x64
		{AC854CAA-2391-4B98-AFE4-4C04A1BCD8C9}.Debug|x64.Build.0 = Debug|x64
		{AC854CAA-2391-4B98-AFE4-4C04A1BCD8C9}.Debug|x86.ActiveCfg = Debug|Win32
		{AC854CAA-2391-4B98-AFE4-4C04A1BCD8C9}.Debug|x86.Build.0 = Debug|Win32
		{AC854CAA-2391-4B98-AFE4-4C04A1BCD8C9}.Release|x64.ActiveCfg = Release|x64
		{AC854CAA-2391-4B98-AFE4-4C04A1BCD8C9}.Release|x64.Build.0 = Release|x64
		{AC854CAA-2391-4B98-AFE4-4C04A1BCD8C9}.Release|x86.ActiveCfg = Release|Win32
		{AC854CAA-2391-4B98-AFE4-4C04A1BCD8C9}.Release|x86.Build.0 = Release|Win32
		{B24AB36E-D62D-43E5-AA17-4F7065C64DD1}.Debug|x64.ActiveCfg = Debug|x64
		{B24AB36E-D62D-43E5-AA17-4F7065C64DD1}.Debug|x64.Build.0 = Debug|x64
		{B24AB36E-D62D-43E5-AA17-4F7065C64DD1}.Debug|x86.ActiveCfg = Debug|Win32
		{B24AB36E-D62D-43E5-AA17-4F7065C64DD1}.Debug|x86.Build.0 = Debug|Win32
		{B24AB36E-D62D-43E5-AA17-4F7065C64DD1}.Release|x64.ActiveCfg = Release|x64
		{B24AB36E-D62D-43E5-AA17-4F7065C64DD1}.Release|x64.Build.0 = Release|x64
		{B24AB36E-D62D-43E5-AA17-4F7065C64DD1}.Release|x86.ActiveCfg = Release|Win32
		{B24AB36E-D62D-43E5-AA17-4F7065C64DD1}.Release|x86.Build.0 = Release|Win32
		{E920D7F2-890B-41B6-98CC-C391449B1E32}.Debug|x64.ActiveCfg = Debug|x64
		{E920D7F2-890B-41B6-98CC-C391449B1E32}.Debug|x64.Build.0 = Debug|x64
		{E920D7F2-890B-41B6-98CC-C391449B1E32}.Debug|x86.ActiveCfg = Debug|Win32
		{E920D7F2-890B-41B6-98CC-C391449B1E32}.Debug|x86.Build.0 = Debug|Win32
		{E920D7F2-890B-41B6-98CC-C391449B1E32}.Release|x64.ActiveCfg = Release|x64
		{E920D7F2-890B-41B6-98CC-C391449B1E32}.Release|x64.Build.0 = Release|x64
		{E920D7F2-890B-41B6-98CC-C391449B1E32}.Release|x86.ActiveCfg = Release|Win32
		{E920D7F2-890B-41B6-98CC-C391449B1E32}.Release|x86.Build.0 = Release|Win32
		{661C2B1A-1BC1-426E-B00F-526F847EF2D3}.Debug|x64.ActiveCfg = Debug|x64
		{661C2B1A-1BC1-426E-B00F-526F847EF2D3}.Debug|x64.Build.0 = Debug|x64
		{661C2B1A-1BC1-426E-B00F-526F847EF2D3}.Debug|x86.ActiveCfg = Debug|Win32
		{661C2B1A-1BC1-426E-B00F-526F847EF2D3}.Debug|x86.Build.0 = Debug|Win32
		{661C2B1A-1BC1-426E-B00F-526F847EF2D3}.Release|x64.ActiveCfg = Release|x64
		{661C2B1A-1BC1-426E-B00F-526F847EF2D3}.Release|x64.Build.0 = Release|x64
		{661C2B1A-1BC1-426E-B00F-526F847EF2D3}.Release|x86.ActiveCfg = Release|Win32
		{661C2B1A-1BC1-426E-B00F-526F847EF2D3}.Release|x86.Build.0 = Release|Win32
		{E8045C5D-BCC9-44D0-8DE2-357011416B02}.Debug|x64.ActiveCfg = Debug|x64
		{E8045C5D-BCC9-44D0-8DE2-357011416B02}.Debug|x64.Build.0 = Debug|x64
		{E8045C5D-BCC9-44D0-8DE2-357011416B02}.Debug|x86.ActiveCfg = Debug|Win32
		{E8045C5D-BCC9-44D0-8DE2-357011416B02}.Debug|x86.Build.0 = Debug|Win32
		{E8045C5D-BCC9-44D0-8DE2-357011416B02}.Release|x64.ActiveCfg = Release|x64
		{E8045C5D-BCC9-44D0-8DE2-357011416B02}.Release|x64.Build.0 = Release|x64
		{E8045C5D-BCC9-44D0-8DE2-357011416B02}.Release|x86.ActiveCfg = Release|Win32
		{E8045C5D-BCC9-44D0-8DE2-357011416B02}.Release|x86.Build.0 = Release|Win32
		{7739E58E-AEC0-437E-9081-2F05A8DAD6B1}.Debug|x64.ActiveCfg = Debug|x64
		{7739E58E-AEC0-437E-9081-2F05A8DAD6B1}.Debug|x64.Build.0 = Debug|x64
		{7739E58E-AEC0-437E-9081-2F05A8DAD6B1}.Debug|x86.ActiveCfg = Debug|Win32
		{7739E58E-AEC0-437E-9081-2F05A8DAD6B1}.Debug|x86.Build.0 = Debug|Win32
		{7739E58E-AEC0-437E-9081-2F05A8DAD6B1}.Release|x64.ActiveCfg = Release|x64
		{7739E58E-AEC0-437E-9081-2F05A8DAD6B1}.Release|x64.Build.0 = Release|x64
		{7739E58E-AEC0-437E-9081-2F05A8DAD6B1}.Release|x86.ActiveCfg = Release|Win32
		{7739E58E-AEC0-437E-9081-2F05A8DAD6B1}.Release|x86.Build.0 = Release|Win32
		{3DCB0C9B-4739-4EA8-BABE-0B35C27E0933}.Debug|x64.ActiveCfg = Debug|x64
		{3DCB0C9B-4739-4EA8-BABE-0B35C27E0933}.Debug|x64.Build.0 = Debug|x64
		{3DCB0C9B-4739-4EA8-BABE-0B35C27E0933}.Debug|x86.ActiveCfg = Debug|Win32
		{3DCB0C9B-4739-4EA8-BABE-0B35C27E0933}.Debug|x86.Build.0 = Debug|Win32
		{3DCB0C9B-4739-4EA8-BABE-0B35C27E0933}.Release|x64.ActiveCfg = Release|x64
		{3DCB0C9B-4739-4EA8-BABE-0B35C27E0933}.Release|x64.Build.0 = Release|x64
		{3DCB0C9B-4739-4EA8-BABE-0B35C27E0933}.Release|x86.ActiveCfg = Release|Win32
		{3DCB0C9B-4739-4EA8-BABE-0B35C27E0933}.Release|x86.Build.0 = Release|Win32
		{064A8431-8D7D-4A82-A25F-B34E8376EA27}.Debug|x64.ActiveCfg = Debug|x64
		{064A8431-8D7D-4A82-A25F-B34E8376EA27}.Debug|x64.Build.0 = Debug|x64
		{064A8431-8D7D-4A82-A25F-B34E8376EA27}.Debug|x86.ActiveCfg = Debug|Win32
		{064A8431-8D7D-4A82-A25F-B34E8376EA27}.Debug|x86.Build.0 = Debug|Win32
		{064A8431-8D7D-4A82-A25F-B34E8376EA27}.Release|x64.ActiveCfg = Release|x64
		{064A8431-8D7D-4A82-A25F-B34E8376EA27}.Release|x64.Build.0 = Release|x64
		{064A8431-8D7D-4A82-A25F-B34E8376EA27}.Release|x86.ActiveCfg = Release|Win32
		{064A8431-8D7D-4A82-A25F-B34E8376EA27}.Release|x86.Build.0 = Release|Win32
		{F935A850-8C15-416B-AFA2-7DDD9729224E}.Debug|x64.ActiveCfg = Debug|x64
		{F935A850-8C15-416B-AFA2-7DDD9729224E}.Debug|x64.Build.0 = Debug|x64
		{F935A850-8C15-416B-AFA2-7DDD9729224E}.Debug|x86.ActiveCfg = Debug|Win32
		{F935A850-8C15-416B-AFA2-7DDD9729224E}.Debug|x86.Build.0 = Debug|Win32
		{F935A850-8C15-416B-AFA2-7DDD9729224E}.Release|x64.ActiveCfg = Release|x64
		{F935A850-8C15-416B-AFA2-7DDD9729224E}.Release|x64.Build.0 = Release|x64
		{F935A850-8C15-416B-AFA2-7DDD9729224E}.Release|x86.ActiveCfg = Release|Win32
		{F935A850-8C15-416B-AFA2-7DDD9729224E}.Release|x86.Build.0 = Release|Win32
		{0013F5F3-CC25-4220-8C1A-330B87AF4AF1}.Debug|x64.ActiveCfg = Debug|x64
		{0013F5F3-CC25-4220-8C1A-330B87AF4AF1}.Debug|x64.Build.0 = Debug|x64
		{0013F5F3-CC25-4220-8C1A-330B87AF4AF1}.Debug|x86.ActiveCfg = Debug|Win32
		{0013F5F3-CC25-4220-8C1A-330B87AF4AF1}.Debug|x86.Build.0 = Debug|Win32
		{0013F5F3-CC25-4220-8C1A-330B87AF4AF1}.Release|x64.ActiveCfg = Release|x64
		{0013F5F3-CC25-4220-8C1A-330B87AF4AF1}.Release|x64.Build.0 = Release|x64
		{0013F5F3-CC25-4220-8C1A-330B87AF4AF1}.Release|x86.ActiveCfg = Release|Win32
		{0013F5F3-CC25-4220-8C1A-330B87AF4AF1}.Release|x86.Build.0 = Release|Win32
		{6433E167-2369-4CC8-B952-A098B894073B}.Debug|x64.ActiveCfg = Debug|x64
		{6433E167-2369-4CC8-B952-A098B894073B}.Debug|x64.Build.0 = Debug|x64
		{6433E167-2369-4CC8-B952-A098B894073B}.Debug|x86.ActiveCfg = Debug|Win32
		{6433E167-2369-4CC8-B952-A098B894073B}.Debug|x86.Build.0 = Debug|Win32
		{6433E167-2369-4CC8-B952-A098B894073B}.Release|x64.ActiveCfg = Release|x64
		{6433E167-2369-4CC8-B952-A098B894073B}.Release|x64.Build.0 = Release|x64
		{6433E167-2369-4CC8-B952-A098B894073B}.Release|x86.ActiveCfg = Release|Win32
		{6433E167-2369-4CC8-B952-A098B894073B}.Release|x86.Build.0 = Release|Win32
		{55526DB2-7629-4FCC-B3F5-D207EE1AB7CC}.Debug|x64.ActiveCfg = Debug|x64
		{55526DB2-7629-4FCC-B3F5-D207EE1AB7CC}.Debug|x64.Build.0 = Debug|x64
		{55526DB2-7629-4FCC-B3F5-D207EE1AB7CC}.Debug|x86.ActiveCfg = Debug|Win32
		{55526DB2-7629-4FCC-B3F5-D207EE1AB7CC}.Debug|x86.Build.0 = Debug|Win32
		{55526DB2-7629-4FCC-B3F5-D207EE1AB7CC}.Release|x64.ActiveCfg = Release|x64
		{55526DB2-7629-4FCC-B3F5-D207EE1AB7CC}.Release|x64.Build.0 = Release|x64
		{55526DB2-7629-4FCC-B3F5-D207EE1AB7CC}.Release|x86.ActiveCfg = Release|Win32
		{55526DB2-7629-4FCC-B3F5-D207EE1AB7CC}.Release|x86.Build.0 = Release|Win32
		{C2C0DB53-1843-4BC6-8350-EF73533F0089}.Debug|x64.ActiveCfg = Debug|x64
		{C2C0DB53-1843-4BC6-8350-EF73533F0089}.Debug|x64.Build.0 = Debug|x64
		{C2C0DB53-1843-4BC6-8350-EF73533F0089}.Debug|x86.ActiveCfg = Debug|Win32
		{C2C0DB53-1843-4BC6-8350-EF73533F0089}.Debug|x86.Build.0 = Debug|Win32
		{C2C0DB53-1843-4BC6-8350-EF73533F0089}.Release|x64.ActiveCfg = Release|x64
		{C2C0DB53-1843-4BC6-8350-EF73533F0089}.Release|x64.Build.0 = Release|x64
		{C2C0DB53-1843-4BC6-8350-EF73533F0089}.Release|x86.ActiveCfg = Release|Win32
		{C2C0DB53-1843-4BC6-8350-EF73533F0089}.Release|x86.Build.0 = Release|Win32
		{E4BCE1CF-E2E7-48DC-A5F8-1AC8FF950F05}.Debug|x64.ActiveCfg = Debug|x64
		{E4BCE1CF-E2E7-48DC-A5F8-1AC8FF950F05}.Debug|x64.Build.0 = Debug|x64
		{E4BCE1CF-E2E7-48DC-A5F8-1AC8FF950F05}.Debug|x86.ActiveCfg = Debug|Win32
		{E4BCE1CF-E2E7-48DC-A5F8-1AC8FF950F05}.Debug|x86.Build.0 = Debug|Win32
		{E4BCE1CF-E2E7-48DC-A5F8-1AC8FF950F05}.Release|x64.ActiveCfg = Release|x64
		{E4BCE1CF-E2E7-48DC-A5F8-1AC8FF950F05}.Release|x64.Build.0 = Release|x64
		{E4BCE1CF-E2E7-48DC-A5F8-1AC8FF950F05}.Release|x86.ActiveCfg = Release|Win32
		{E4BCE1CF-E2E7-48DC-A5F8-1AC8FF950F05}.Release|x86.Build.0 = Release|Win32
		{505A86F0-995E-44ED-9735-B520C7F4ADF6}.Debug|x64.ActiveCfg = Debug|x64
		{505A86F0-995E-44ED-9735-B520C7F4ADF6}.Debug|x64.Build.0 = Debug|x64
		{505A86F0-995E-44ED-9735-B520C7F4ADF6}.Debug|x86.ActiveCfg = Debug|Win32
		{505A86F0-995E-44ED-9735-B520C7F4ADF6}.Debug|x86.Build.0 = Debug|Win32
		{505A86F0-995E-44ED-9735-B520C7F4ADF6}.Release|x64.ActiveCfg = Release|x64
		{505A86F0-995E-44ED-9735-B520C7F4ADF6}.Release|x64.Build.0 = Release|x64
		{505A86F0-995E-44ED-9735-B520C7F4ADF6}.Release|x86.ActiveCfg = Release|Win32
		{505A86F0-995E-44ED-9735-B520C7F4ADF6}.Release|x86.Build.0 = Release|Win32
	EndGlobalSection
	GlobalSection(SolutionProperties) = preSolution
		HideSolutionNode = FALSE
	EndGlobalSection
EndGlobal
