
Microsoft Visual Studio Solution File, Format Version 12.00
# Visual Studio 14
VisualStudioVersion = 14.0.24720.0
MinimumVisualStudioVersion = 10.0.40219.1
Project("{8BC9CEB8-8B4A-11D0-8D11-00A0C91BC942}") = "P1516 게임 개발", "P1516 게임 개발\P1516 게임 개발.vcxproj", "{C7F55A30-1A25-4DB8-BEB9-CC7A172BD7C0}"
EndProject
Project("{8BC9CEB8-8B4A-11D0-8D11-00A0C91BC942}") = "P1922 네트워크 연결", "P1922 네트워크 연결\P1922 네트워크 연결.vcxproj", "{C0D37585-92D8-4872-A1A1-DC962E64BA65}"
EndProject
Project("{8BC9CEB8-8B4A-11D0-8D11-00A0C91BC942}") = "P11779 최소비용 구하기 2", "P11779 최소비용 구하기 2\P11779 최소비용 구하기 2.vcxproj", "{1ECA2213-EA31-4C53-B57D-E27A75201DF9}"
EndProject
Project("{8BC9CEB8-8B4A-11D0-8D11-00A0C91BC942}") = "P1753 최단경로", "P1753 최단경로\P1753 최단경로.vcxproj", "{D653E655-BE4F-4030-8359-26CA4931DD34}"
EndProject
Project("{8BC9CEB8-8B4A-11D0-8D11-00A0C91BC942}") = "P11404 플로이드", "P11404 플로이드\P11404 플로이드.vcxproj", "{00D1B699-F05B-454C-9CBF-AE3F5AF0D1CE}"
EndProject
Project("{8BC9CEB8-8B4A-11D0-8D11-00A0C91BC942}") = "P11780 플로이드 2", "P11780 플로이드 2\P11780 플로이드 2.vcxproj", "{DA4E0B1C-7C06-4A89-8214-F6D222AD01D9}"
EndProject
Project("{8BC9CEB8-8B4A-11D0-8D11-00A0C91BC942}") = "P1389 케빈 베이컨의 6단계 법칙", "P1389 케빈 베이컨의 6단계 법칙\P1389 케빈 베이컨의 6단계 법칙.vcxproj", "{D37AEF9B-BE4C-4A75-8CCD-8BDA3AAFF42F}"
EndProject
Project("{8BC9CEB8-8B4A-11D0-8D11-00A0C91BC942}") = "P1507 궁금한 민호", "P1507 궁금한 민호\P1507 궁금한 민호.vcxproj", "{A064A71A-EEDF-4EA8-9929-29C154D8886A}"
EndProject
Project("{8BC9CEB8-8B4A-11D0-8D11-00A0C91BC942}") = "P1956 운동", "P1956 운동\P1956 운동.vcxproj", "{19B5FC82-D74F-4CB2-80EF-DB4035586746}"
EndProject
Project("{8BC9CEB8-8B4A-11D0-8D11-00A0C91BC942}") = "P11003 최소값 찾기", "P11003 최소값 찾기\P11003 최소값 찾기.vcxproj", "{0A2863A6-CAEC-434E-B397-CB4D357ADC3E}"
EndProject
Project("{8BC9CEB8-8B4A-11D0-8D11-00A0C91BC942}") = "P11003 최소값 찾기 deque", "P11003 최소값 찾기 deque\P11003 최소값 찾기 deque.vcxproj", "{41DA1346-4911-4670-92C0-8BFA848AA247}"
EndProject
Project("{8BC9CEB8-8B4A-11D0-8D11-00A0C91BC942}") = "P10000 원 영역", "P10000 원 영역\P10000 원 영역.vcxproj", "{7A6E30D3-F4DA-4B93-BB61-8DF6ACE413FA}"
EndProject
Project("{8BC9CEB8-8B4A-11D0-8D11-00A0C91BC942}") = "P1062 가르침", "P1062 가르침\P1062 가르침.vcxproj", "{EC79CDE7-C5D3-4A54-B22A-1C2D186920B6}"
EndProject
Project("{8BC9CEB8-8B4A-11D0-8D11-00A0C91BC942}") = "P1226 국회", "P1226 국회\P1226 국회.vcxproj", "{E1911552-E455-4F8B-A9E1-75120A5FDA6E}"
EndProject
Project("{8BC9CEB8-8B4A-11D0-8D11-00A0C91BC942}") = "P1781 컵라면 시간순", "P1781 컵라면\P1781 컵라면.vcxproj", "{1F877C39-A6CE-40AD-B1A6-3CD42AAAC094}"
EndProject
Project("{8BC9CEB8-8B4A-11D0-8D11-00A0C91BC942}") = "P1781 컵라면 가중치순", "P1781 컵라면 가중치순\P1781 컵라면 가중치순.vcxproj", "{C9F70D4B-3A9F-4C4E-B5D2-E889375B62DA}"
EndProject
Project("{8BC9CEB8-8B4A-11D0-8D11-00A0C91BC942}") = "P3052 나머지", "P3052 나머지\P3052 나머지.vcxproj", "{ED3E0A66-9BA3-4B05-8FF6-CD26E7F4D0B2}"
EndProject
Project("{8BC9CEB8-8B4A-11D0-8D11-00A0C91BC942}") = "P3053 택시 기하학", "P3053 택시 기하학\P3053 택시 기하학.vcxproj", "{3C106C90-440C-483A-BFB2-87737BA4D25B}"
EndProject
Project("{8BC9CEB8-8B4A-11D0-8D11-00A0C91BC942}") = "P3054 피터팬 프레임", "P3054 피터팬 프레임\P3054 피터팬 프레임.vcxproj", "{00734CC1-4094-44CA-8533-CA0A8456FC0B}"
EndProject
Project("{8BC9CEB8-8B4A-11D0-8D11-00A0C91BC942}") = "P3056 007", "P3056 007\P3056 007.vcxproj", "{D801A387-6A44-4FA5-B395-7AEED7BCC6D2}"
EndProject
Project("{8BC9CEB8-8B4A-11D0-8D11-00A0C91BC942}") = "P3046 R2", "P3046 R2\P3046 R2.vcxproj", "{8F04616E-1F6D-49DC-B07A-93B6BE372585}"
EndProject
Project("{8BC9CEB8-8B4A-11D0-8D11-00A0C91BC942}") = "P3048 개미", "P3048 개미\P3048 개미.vcxproj", "{78EF0F96-48F3-4CF9-A791-F3A5EE3CD6D3}"
EndProject
Project("{8BC9CEB8-8B4A-11D0-8D11-00A0C91BC942}") = "P3049 다각형의 대각선", "P3049 다각형의 대각선\P3049 다각형의 대각선.vcxproj", "{6854CDDE-5C77-4399-845F-44B1F98163B8}"
EndProject
Project("{8BC9CEB8-8B4A-11D0-8D11-00A0C91BC942}") = "P3050 집들이", "P3050 집들이\P3050 집들이.vcxproj", "{F30A76D1-E92F-4835-BDBE-EE237C4AEAE0}"
EndProject
Global
	GlobalSection(SolutionConfigurationPlatforms) = preSolution
		Debug|x64 = Debug|x64
		Debug|x86 = Debug|x86
		Release|x64 = Release|x64
		Release|x86 = Release|x86
	EndGlobalSection
	GlobalSection(ProjectConfigurationPlatforms) = postSolution
		{C7F55A30-1A25-4DB8-BEB9-CC7A172BD7C0}.Debug|x64.ActiveCfg = Debug|x64
		{C7F55A30-1A25-4DB8-BEB9-CC7A172BD7C0}.Debug|x64.Build.0 = Debug|x64
		{C7F55A30-1A25-4DB8-BEB9-CC7A172BD7C0}.Debug|x86.ActiveCfg = Debug|Win32
		{C7F55A30-1A25-4DB8-BEB9-CC7A172BD7C0}.Debug|x86.Build.0 = Debug|Win32
		{C7F55A30-1A25-4DB8-BEB9-CC7A172BD7C0}.Release|x64.ActiveCfg = Release|x64
		{C7F55A30-1A25-4DB8-BEB9-CC7A172BD7C0}.Release|x64.Build.0 = Release|x64
		{C7F55A30-1A25-4DB8-BEB9-CC7A172BD7C0}.Release|x86.ActiveCfg = Release|Win32
		{C7F55A30-1A25-4DB8-BEB9-CC7A172BD7C0}.Release|x86.Build.0 = Release|Win32
		{C0D37585-92D8-4872-A1A1-DC962E64BA65}.Debug|x64.ActiveCfg = Debug|x64
		{C0D37585-92D8-4872-A1A1-DC962E64BA65}.Debug|x64.Build.0 = Debug|x64
		{C0D37585-92D8-4872-A1A1-DC962E64BA65}.Debug|x86.ActiveCfg = Debug|Win32
		{C0D37585-92D8-4872-A1A1-DC962E64BA65}.Debug|x86.Build.0 = Debug|Win32
		{C0D37585-92D8-4872-A1A1-DC962E64BA65}.Release|x64.ActiveCfg = Release|x64
		{C0D37585-92D8-4872-A1A1-DC962E64BA65}.Release|x64.Build.0 = Release|x64
		{C0D37585-92D8-4872-A1A1-DC962E64BA65}.Release|x86.ActiveCfg = Release|Win32
		{C0D37585-92D8-4872-A1A1-DC962E64BA65}.Release|x86.Build.0 = Release|Win32
		{1ECA2213-EA31-4C53-B57D-E27A75201DF9}.Debug|x64.ActiveCfg = Debug|x64
		{1ECA2213-EA31-4C53-B57D-E27A75201DF9}.Debug|x64.Build.0 = Debug|x64
		{1ECA2213-EA31-4C53-B57D-E27A75201DF9}.Debug|x86.ActiveCfg = Debug|Win32
		{1ECA2213-EA31-4C53-B57D-E27A75201DF9}.Debug|x86.Build.0 = Debug|Win32
		{1ECA2213-EA31-4C53-B57D-E27A75201DF9}.Release|x64.ActiveCfg = Release|x64
		{1ECA2213-EA31-4C53-B57D-E27A75201DF9}.Release|x64.Build.0 = Release|x64
		{1ECA2213-EA31-4C53-B57D-E27A75201DF9}.Release|x86.ActiveCfg = Release|Win32
		{1ECA2213-EA31-4C53-B57D-E27A75201DF9}.Release|x86.Build.0 = Release|Win32
		{D653E655-BE4F-4030-8359-26CA4931DD34}.Debug|x64.ActiveCfg = Debug|x64
		{D653E655-BE4F-4030-8359-26CA4931DD34}.Debug|x64.Build.0 = Debug|x64
		{D653E655-BE4F-4030-8359-26CA4931DD34}.Debug|x86.ActiveCfg = Debug|Win32
		{D653E655-BE4F-4030-8359-26CA4931DD34}.Debug|x86.Build.0 = Debug|Win32
		{D653E655-BE4F-4030-8359-26CA4931DD34}.Release|x64.ActiveCfg = Release|x64
		{D653E655-BE4F-4030-8359-26CA4931DD34}.Release|x64.Build.0 = Release|x64
		{D653E655-BE4F-4030-8359-26CA4931DD34}.Release|x86.ActiveCfg = Release|Win32
		{D653E655-BE4F-4030-8359-26CA4931DD34}.Release|x86.Build.0 = Release|Win32
		{00D1B699-F05B-454C-9CBF-AE3F5AF0D1CE}.Debug|x64.ActiveCfg = Debug|x64
		{00D1B699-F05B-454C-9CBF-AE3F5AF0D1CE}.Debug|x64.Build.0 = Debug|x64
		{00D1B699-F05B-454C-9CBF-AE3F5AF0D1CE}.Debug|x86.ActiveCfg = Debug|Win32
		{00D1B699-F05B-454C-9CBF-AE3F5AF0D1CE}.Debug|x86.Build.0 = Debug|Win32
		{00D1B699-F05B-454C-9CBF-AE3F5AF0D1CE}.Release|x64.ActiveCfg = Release|x64
		{00D1B699-F05B-454C-9CBF-AE3F5AF0D1CE}.Release|x64.Build.0 = Release|x64
		{00D1B699-F05B-454C-9CBF-AE3F5AF0D1CE}.Release|x86.ActiveCfg = Release|Win32
		{00D1B699-F05B-454C-9CBF-AE3F5AF0D1CE}.Release|x86.Build.0 = Release|Win32
		{DA4E0B1C-7C06-4A89-8214-F6D222AD01D9}.Debug|x64.ActiveCfg = Debug|x64
		{DA4E0B1C-7C06-4A89-8214-F6D222AD01D9}.Debug|x64.Build.0 = Debug|x64
		{DA4E0B1C-7C06-4A89-8214-F6D222AD01D9}.Debug|x86.ActiveCfg = Debug|Win32
		{DA4E0B1C-7C06-4A89-8214-F6D222AD01D9}.Debug|x86.Build.0 = Debug|Win32
		{DA4E0B1C-7C06-4A89-8214-F6D222AD01D9}.Release|x64.ActiveCfg = Release|x64
		{DA4E0B1C-7C06-4A89-8214-F6D222AD01D9}.Release|x64.Build.0 = Release|x64
		{DA4E0B1C-7C06-4A89-8214-F6D222AD01D9}.Release|x86.ActiveCfg = Release|Win32
		{DA4E0B1C-7C06-4A89-8214-F6D222AD01D9}.Release|x86.Build.0 = Release|Win32
		{D37AEF9B-BE4C-4A75-8CCD-8BDA3AAFF42F}.Debug|x64.ActiveCfg = Debug|x64
		{D37AEF9B-BE4C-4A75-8CCD-8BDA3AAFF42F}.Debug|x64.Build.0 = Debug|x64
		{D37AEF9B-BE4C-4A75-8CCD-8BDA3AAFF42F}.Debug|x86.ActiveCfg = Debug|Win32
		{D37AEF9B-BE4C-4A75-8CCD-8BDA3AAFF42F}.Debug|x86.Build.0 = Debug|Win32
		{D37AEF9B-BE4C-4A75-8CCD-8BDA3AAFF42F}.Release|x64.ActiveCfg = Release|x64
		{D37AEF9B-BE4C-4A75-8CCD-8BDA3AAFF42F}.Release|x64.Build.0 = Release|x64
		{D37AEF9B-BE4C-4A75-8CCD-8BDA3AAFF42F}.Release|x86.ActiveCfg = Release|Win32
		{D37AEF9B-BE4C-4A75-8CCD-8BDA3AAFF42F}.Release|x86.Build.0 = Release|Win32
		{A064A71A-EEDF-4EA8-9929-29C154D8886A}.Debug|x64.ActiveCfg = Debug|x64
		{A064A71A-EEDF-4EA8-9929-29C154D8886A}.Debug|x64.Build.0 = Debug|x64
		{A064A71A-EEDF-4EA8-9929-29C154D8886A}.Debug|x86.ActiveCfg = Debug|Win32
		{A064A71A-EEDF-4EA8-9929-29C154D8886A}.Debug|x86.Build.0 = Debug|Win32
		{A064A71A-EEDF-4EA8-9929-29C154D8886A}.Release|x64.ActiveCfg = Release|x64
		{A064A71A-EEDF-4EA8-9929-29C154D8886A}.Release|x64.Build.0 = Release|x64
		{A064A71A-EEDF-4EA8-9929-29C154D8886A}.Release|x86.ActiveCfg = Release|Win32
		{A064A71A-EEDF-4EA8-9929-29C154D8886A}.Release|x86.Build.0 = Release|Win32
		{19B5FC82-D74F-4CB2-80EF-DB4035586746}.Debug|x64.ActiveCfg = Debug|x64
		{19B5FC82-D74F-4CB2-80EF-DB4035586746}.Debug|x64.Build.0 = Debug|x64
		{19B5FC82-D74F-4CB2-80EF-DB4035586746}.Debug|x86.ActiveCfg = Debug|Win32
		{19B5FC82-D74F-4CB2-80EF-DB4035586746}.Debug|x86.Build.0 = Debug|Win32
		{19B5FC82-D74F-4CB2-80EF-DB4035586746}.Release|x64.ActiveCfg = Release|x64
		{19B5FC82-D74F-4CB2-80EF-DB4035586746}.Release|x64.Build.0 = Release|x64
		{19B5FC82-D74F-4CB2-80EF-DB4035586746}.Release|x86.ActiveCfg = Release|Win32
		{19B5FC82-D74F-4CB2-80EF-DB4035586746}.Release|x86.Build.0 = Release|Win32
		{0A2863A6-CAEC-434E-B397-CB4D357ADC3E}.Debug|x64.ActiveCfg = Debug|x64
		{0A2863A6-CAEC-434E-B397-CB4D357ADC3E}.Debug|x64.Build.0 = Debug|x64
		{0A2863A6-CAEC-434E-B397-CB4D357ADC3E}.Debug|x86.ActiveCfg = Debug|Win32
		{0A2863A6-CAEC-434E-B397-CB4D357ADC3E}.Debug|x86.Build.0 = Debug|Win32
		{0A2863A6-CAEC-434E-B397-CB4D357ADC3E}.Release|x64.ActiveCfg = Release|x64
		{0A2863A6-CAEC-434E-B397-CB4D357ADC3E}.Release|x64.Build.0 = Release|x64
		{0A2863A6-CAEC-434E-B397-CB4D357ADC3E}.Release|x86.ActiveCfg = Release|Win32
		{0A2863A6-CAEC-434E-B397-CB4D357ADC3E}.Release|x86.Build.0 = Release|Win32
		{41DA1346-4911-4670-92C0-8BFA848AA247}.Debug|x64.ActiveCfg = Debug|x64
		{41DA1346-4911-4670-92C0-8BFA848AA247}.Debug|x64.Build.0 = Debug|x64
		{41DA1346-4911-4670-92C0-8BFA848AA247}.Debug|x86.ActiveCfg = Debug|Win32
		{41DA1346-4911-4670-92C0-8BFA848AA247}.Debug|x86.Build.0 = Debug|Win32
		{41DA1346-4911-4670-92C0-8BFA848AA247}.Release|x64.ActiveCfg = Release|x64
		{41DA1346-4911-4670-92C0-8BFA848AA247}.Release|x64.Build.0 = Release|x64
		{41DA1346-4911-4670-92C0-8BFA848AA247}.Release|x86.ActiveCfg = Release|Win32
		{41DA1346-4911-4670-92C0-8BFA848AA247}.Release|x86.Build.0 = Release|Win32
		{7A6E30D3-F4DA-4B93-BB61-8DF6ACE413FA}.Debug|x64.ActiveCfg = Debug|x64
		{7A6E30D3-F4DA-4B93-BB61-8DF6ACE413FA}.Debug|x64.Build.0 = Debug|x64
		{7A6E30D3-F4DA-4B93-BB61-8DF6ACE413FA}.Debug|x86.ActiveCfg = Debug|Win32
		{7A6E30D3-F4DA-4B93-BB61-8DF6ACE413FA}.Debug|x86.Build.0 = Debug|Win32
		{7A6E30D3-F4DA-4B93-BB61-8DF6ACE413FA}.Release|x64.ActiveCfg = Release|x64
		{7A6E30D3-F4DA-4B93-BB61-8DF6ACE413FA}.Release|x64.Build.0 = Release|x64
		{7A6E30D3-F4DA-4B93-BB61-8DF6ACE413FA}.Release|x86.ActiveCfg = Release|Win32
		{7A6E30D3-F4DA-4B93-BB61-8DF6ACE413FA}.Release|x86.Build.0 = Release|Win32
		{EC79CDE7-C5D3-4A54-B22A-1C2D186920B6}.Debug|x64.ActiveCfg = Debug|x64
		{EC79CDE7-C5D3-4A54-B22A-1C2D186920B6}.Debug|x64.Build.0 = Debug|x64
		{EC79CDE7-C5D3-4A54-B22A-1C2D186920B6}.Debug|x86.ActiveCfg = Debug|Win32
		{EC79CDE7-C5D3-4A54-B22A-1C2D186920B6}.Debug|x86.Build.0 = Debug|Win32
		{EC79CDE7-C5D3-4A54-B22A-1C2D186920B6}.Release|x64.ActiveCfg = Release|x64
		{EC79CDE7-C5D3-4A54-B22A-1C2D186920B6}.Release|x64.Build.0 = Release|x64
		{EC79CDE7-C5D3-4A54-B22A-1C2D186920B6}.Release|x86.ActiveCfg = Release|Win32
		{EC79CDE7-C5D3-4A54-B22A-1C2D186920B6}.Release|x86.Build.0 = Release|Win32
		{E1911552-E455-4F8B-A9E1-75120A5FDA6E}.Debug|x64.ActiveCfg = Debug|x64
		{E1911552-E455-4F8B-A9E1-75120A5FDA6E}.Debug|x64.Build.0 = Debug|x64
		{E1911552-E455-4F8B-A9E1-75120A5FDA6E}.Debug|x86.ActiveCfg = Debug|Win32
		{E1911552-E455-4F8B-A9E1-75120A5FDA6E}.Debug|x86.Build.0 = Debug|Win32
		{E1911552-E455-4F8B-A9E1-75120A5FDA6E}.Release|x64.ActiveCfg = Release|x64
		{E1911552-E455-4F8B-A9E1-75120A5FDA6E}.Release|x64.Build.0 = Release|x64
		{E1911552-E455-4F8B-A9E1-75120A5FDA6E}.Release|x86.ActiveCfg = Release|Win32
		{E1911552-E455-4F8B-A9E1-75120A5FDA6E}.Release|x86.Build.0 = Release|Win32
		{1F877C39-A6CE-40AD-B1A6-3CD42AAAC094}.Debug|x64.ActiveCfg = Debug|x64
		{1F877C39-A6CE-40AD-B1A6-3CD42AAAC094}.Debug|x64.Build.0 = Debug|x64
		{1F877C39-A6CE-40AD-B1A6-3CD42AAAC094}.Debug|x86.ActiveCfg = Debug|Win32
		{1F877C39-A6CE-40AD-B1A6-3CD42AAAC094}.Debug|x86.Build.0 = Debug|Win32
		{1F877C39-A6CE-40AD-B1A6-3CD42AAAC094}.Release|x64.ActiveCfg = Release|x64
		{1F877C39-A6CE-40AD-B1A6-3CD42AAAC094}.Release|x64.Build.0 = Release|x64
		{1F877C39-A6CE-40AD-B1A6-3CD42AAAC094}.Release|x86.ActiveCfg = Release|Win32
		{1F877C39-A6CE-40AD-B1A6-3CD42AAAC094}.Release|x86.Build.0 = Release|Win32
		{C9F70D4B-3A9F-4C4E-B5D2-E889375B62DA}.Debug|x64.ActiveCfg = Debug|x64
		{C9F70D4B-3A9F-4C4E-B5D2-E889375B62DA}.Debug|x64.Build.0 = Debug|x64
		{C9F70D4B-3A9F-4C4E-B5D2-E889375B62DA}.Debug|x86.ActiveCfg = Debug|Win32
		{C9F70D4B-3A9F-4C4E-B5D2-E889375B62DA}.Debug|x86.Build.0 = Debug|Win32
		{C9F70D4B-3A9F-4C4E-B5D2-E889375B62DA}.Release|x64.ActiveCfg = Release|x64
		{C9F70D4B-3A9F-4C4E-B5D2-E889375B62DA}.Release|x64.Build.0 = Release|x64
		{C9F70D4B-3A9F-4C4E-B5D2-E889375B62DA}.Release|x86.ActiveCfg = Release|Win32
		{C9F70D4B-3A9F-4C4E-B5D2-E889375B62DA}.Release|x86.Build.0 = Release|Win32
		{ED3E0A66-9BA3-4B05-8FF6-CD26E7F4D0B2}.Debug|x64.ActiveCfg = Debug|x64
		{ED3E0A66-9BA3-4B05-8FF6-CD26E7F4D0B2}.Debug|x64.Build.0 = Debug|x64
		{ED3E0A66-9BA3-4B05-8FF6-CD26E7F4D0B2}.Debug|x86.ActiveCfg = Debug|Win32
		{ED3E0A66-9BA3-4B05-8FF6-CD26E7F4D0B2}.Debug|x86.Build.0 = Debug|Win32
		{ED3E0A66-9BA3-4B05-8FF6-CD26E7F4D0B2}.Release|x64.ActiveCfg = Release|x64
		{ED3E0A66-9BA3-4B05-8FF6-CD26E7F4D0B2}.Release|x64.Build.0 = Release|x64
		{ED3E0A66-9BA3-4B05-8FF6-CD26E7F4D0B2}.Release|x86.ActiveCfg = Release|Win32
		{ED3E0A66-9BA3-4B05-8FF6-CD26E7F4D0B2}.Release|x86.Build.0 = Release|Win32
		{3C106C90-440C-483A-BFB2-87737BA4D25B}.Debug|x64.ActiveCfg = Debug|x64
		{3C106C90-440C-483A-BFB2-87737BA4D25B}.Debug|x64.Build.0 = Debug|x64
		{3C106C90-440C-483A-BFB2-87737BA4D25B}.Debug|x86.ActiveCfg = Debug|Win32
		{3C106C90-440C-483A-BFB2-87737BA4D25B}.Debug|x86.Build.0 = Debug|Win32
		{3C106C90-440C-483A-BFB2-87737BA4D25B}.Release|x64.ActiveCfg = Release|x64
		{3C106C90-440C-483A-BFB2-87737BA4D25B}.Release|x64.Build.0 = Release|x64
		{3C106C90-440C-483A-BFB2-87737BA4D25B}.Release|x86.ActiveCfg = Release|Win32
		{3C106C90-440C-483A-BFB2-87737BA4D25B}.Release|x86.Build.0 = Release|Win32
		{00734CC1-4094-44CA-8533-CA0A8456FC0B}.Debug|x64.ActiveCfg = Debug|x64
		{00734CC1-4094-44CA-8533-CA0A8456FC0B}.Debug|x64.Build.0 = Debug|x64
		{00734CC1-4094-44CA-8533-CA0A8456FC0B}.Debug|x86.ActiveCfg = Debug|Win32
		{00734CC1-4094-44CA-8533-CA0A8456FC0B}.Debug|x86.Build.0 = Debug|Win32
		{00734CC1-4094-44CA-8533-CA0A8456FC0B}.Release|x64.ActiveCfg = Release|x64
		{00734CC1-4094-44CA-8533-CA0A8456FC0B}.Release|x64.Build.0 = Release|x64
		{00734CC1-4094-44CA-8533-CA0A8456FC0B}.Release|x86.ActiveCfg = Release|Win32
		{00734CC1-4094-44CA-8533-CA0A8456FC0B}.Release|x86.Build.0 = Release|Win32
		{D801A387-6A44-4FA5-B395-7AEED7BCC6D2}.Debug|x64.ActiveCfg = Debug|x64
		{D801A387-6A44-4FA5-B395-7AEED7BCC6D2}.Debug|x64.Build.0 = Debug|x64
		{D801A387-6A44-4FA5-B395-7AEED7BCC6D2}.Debug|x86.ActiveCfg = Debug|Win32
		{D801A387-6A44-4FA5-B395-7AEED7BCC6D2}.Debug|x86.Build.0 = Debug|Win32
		{D801A387-6A44-4FA5-B395-7AEED7BCC6D2}.Release|x64.ActiveCfg = Release|x64
		{D801A387-6A44-4FA5-B395-7AEED7BCC6D2}.Release|x64.Build.0 = Release|x64
		{D801A387-6A44-4FA5-B395-7AEED7BCC6D2}.Release|x86.ActiveCfg = Release|Win32
		{D801A387-6A44-4FA5-B395-7AEED7BCC6D2}.Release|x86.Build.0 = Release|Win32
		{8F04616E-1F6D-49DC-B07A-93B6BE372585}.Debug|x64.ActiveCfg = Debug|x64
		{8F04616E-1F6D-49DC-B07A-93B6BE372585}.Debug|x64.Build.0 = Debug|x64
		{8F04616E-1F6D-49DC-B07A-93B6BE372585}.Debug|x86.ActiveCfg = Debug|Win32
		{8F04616E-1F6D-49DC-B07A-93B6BE372585}.Debug|x86.Build.0 = Debug|Win32
		{8F04616E-1F6D-49DC-B07A-93B6BE372585}.Release|x64.ActiveCfg = Release|x64
		{8F04616E-1F6D-49DC-B07A-93B6BE372585}.Release|x64.Build.0 = Release|x64
		{8F04616E-1F6D-49DC-B07A-93B6BE372585}.Release|x86.ActiveCfg = Release|Win32
		{8F04616E-1F6D-49DC-B07A-93B6BE372585}.Release|x86.Build.0 = Release|Win32
		{78EF0F96-48F3-4CF9-A791-F3A5EE3CD6D3}.Debug|x64.ActiveCfg = Debug|x64
		{78EF0F96-48F3-4CF9-A791-F3A5EE3CD6D3}.Debug|x64.Build.0 = Debug|x64
		{78EF0F96-48F3-4CF9-A791-F3A5EE3CD6D3}.Debug|x86.ActiveCfg = Debug|Win32
		{78EF0F96-48F3-4CF9-A791-F3A5EE3CD6D3}.Debug|x86.Build.0 = Debug|Win32
		{78EF0F96-48F3-4CF9-A791-F3A5EE3CD6D3}.Release|x64.ActiveCfg = Release|x64
		{78EF0F96-48F3-4CF9-A791-F3A5EE3CD6D3}.Release|x64.Build.0 = Release|x64
		{78EF0F96-48F3-4CF9-A791-F3A5EE3CD6D3}.Release|x86.ActiveCfg = Release|Win32
		{78EF0F96-48F3-4CF9-A791-F3A5EE3CD6D3}.Release|x86.Build.0 = Release|Win32
		{6854CDDE-5C77-4399-845F-44B1F98163B8}.Debug|x64.ActiveCfg = Debug|x64
		{6854CDDE-5C77-4399-845F-44B1F98163B8}.Debug|x64.Build.0 = Debug|x64
		{6854CDDE-5C77-4399-845F-44B1F98163B8}.Debug|x86.ActiveCfg = Debug|Win32
		{6854CDDE-5C77-4399-845F-44B1F98163B8}.Debug|x86.Build.0 = Debug|Win32
		{6854CDDE-5C77-4399-845F-44B1F98163B8}.Release|x64.ActiveCfg = Release|x64
		{6854CDDE-5C77-4399-845F-44B1F98163B8}.Release|x64.Build.0 = Release|x64
		{6854CDDE-5C77-4399-845F-44B1F98163B8}.Release|x86.ActiveCfg = Release|Win32
		{6854CDDE-5C77-4399-845F-44B1F98163B8}.Release|x86.Build.0 = Release|Win32
		{F30A76D1-E92F-4835-BDBE-EE237C4AEAE0}.Debug|x64.ActiveCfg = Debug|x64
		{F30A76D1-E92F-4835-BDBE-EE237C4AEAE0}.Debug|x64.Build.0 = Debug|x64
		{F30A76D1-E92F-4835-BDBE-EE237C4AEAE0}.Debug|x86.ActiveCfg = Debug|Win32
		{F30A76D1-E92F-4835-BDBE-EE237C4AEAE0}.Debug|x86.Build.0 = Debug|Win32
		{F30A76D1-E92F-4835-BDBE-EE237C4AEAE0}.Release|x64.ActiveCfg = Release|x64
		{F30A76D1-E92F-4835-BDBE-EE237C4AEAE0}.Release|x64.Build.0 = Release|x64
		{F30A76D1-E92F-4835-BDBE-EE237C4AEAE0}.Release|x86.ActiveCfg = Release|Win32
		{F30A76D1-E92F-4835-BDBE-EE237C4AEAE0}.Release|x86.Build.0 = Release|Win32
	EndGlobalSection
	GlobalSection(SolutionProperties) = preSolution
		HideSolutionNode = FALSE
	EndGlobalSection
EndGlobal
