
Microsoft Visual Studio Solution File, Format Version 12.00
# Visual Studio 14
VisualStudioVersion = 14.0.24720.0
MinimumVisualStudioVersion = 10.0.40219.1
Project("{8BC9CEB8-8B4A-11D0-8D11-00A0C91BC942}") = "P9019 DSLR", "P9019 DSLR\P9019 DSLR.vcxproj", "{83E05910-F4BF-485C-8D75-3B464CD31640}"
EndProject
Project("{8BC9CEB8-8B4A-11D0-8D11-00A0C91BC942}") = "P11922 BELA", "P11922 BELA\P11922 BELA.vcxproj", "{3DB62006-B0E1-44B4-81E8-3B0E5106A735}"
EndProject
Project("{8BC9CEB8-8B4A-11D0-8D11-00A0C91BC942}") = "P11923 PUTOVANJE", "P11923 PUTOVANJE\P11923 PUTOVANJE.vcxproj", "{D30A5AFB-4BF0-4D95-94AD-8FFD68EAABD2}"
EndProject
Project("{8BC9CEB8-8B4A-11D0-8D11-00A0C91BC942}") = "P11924 PIANINO", "P11924 PIANINO\P11924 PIANINO.vcxproj", "{C1E9582A-7796-4E3F-8578-96873FD2CDEA}"
EndProject
Project("{8BC9CEB8-8B4A-11D0-8D11-00A0C91BC942}") = "P1525 퍼즐", "P1525 퍼즐\P1525 퍼즐.vcxproj", "{C4EDB14F-CC0C-4194-96D4-AA166AC039A4}"
EndProject
Project("{8BC9CEB8-8B4A-11D0-8D11-00A0C91BC942}") = "P2251 물통", "P2251 물통\P2251 물통.vcxproj", "{19B1107F-1E01-4FE7-B1FA-044E232405C9}"
EndProject
Project("{8BC9CEB8-8B4A-11D0-8D11-00A0C91BC942}") = "P2186 문자판", "P2186 문자판\P2186 문자판.vcxproj", "{363C7BD4-DBA8-4005-99BE-D08DCB9847FE}"
EndProject
Project("{8BC9CEB8-8B4A-11D0-8D11-00A0C91BC942}") = "P1759 암호 만들기", "P1759 암호 만들기\P1759 암호 만들기.vcxproj", "{A05E26F0-19C5-4DF0-998C-90201702351C}"
EndProject
Project("{8BC9CEB8-8B4A-11D0-8D11-00A0C91BC942}") = "P1987 알파벳", "P1987 알파벳\P1987 알파벳.vcxproj", "{8697C006-5E08-4FBC-B318-44D863FF5396}"
EndProject
Project("{8BC9CEB8-8B4A-11D0-8D11-00A0C91BC942}") = "P6603 로또", "P6603 로또\P6603 로또.vcxproj", "{FB4C9D52-640F-4BC0-971D-1D99E1DCCF7F}"
EndProject
Project("{8BC9CEB8-8B4A-11D0-8D11-00A0C91BC942}") = "P1182 부분집합의 합", "P1182 부분집합의 합\P1182 부분집합의 합.vcxproj", "{1BF3ECF8-B36A-4DD0-A053-442011269042}"
EndProject
Project("{8BC9CEB8-8B4A-11D0-8D11-00A0C91BC942}") = "P6549 히스토그램에서 가장 큰 직사각형", "P6549 히스토그램에서 가장 큰 직사각형\P6549 히스토그램에서 가장 큰 직사각형.vcxproj", "{9643C6A2-F87D-4D61-8E3E-3D96337991AF}"
EndProject
Project("{8BC9CEB8-8B4A-11D0-8D11-00A0C91BC942}") = "P6549 히스토그램 분할정복법", "P6549 히스토그램 분할정복법\P6549 히스토그램 분할정복법.vcxproj", "{99365C35-80E4-4651-9FCF-A14E51EB8228}"
EndProject
Project("{8BC9CEB8-8B4A-11D0-8D11-00A0C91BC942}") = "P3015 오아시스 재결합", "P3015 오아시스 재결합\P3015 오아시스 재결합.vcxproj", "{743CA39C-7992-4E98-BB00-139150174517}"
EndProject
Project("{8BC9CEB8-8B4A-11D0-8D11-00A0C91BC942}") = "P1717 집합의 표현", "P1717 집합의 표현\P1717 집합의 표현.vcxproj", "{B32B69A8-B0EE-4A3F-B9CA-24CD1769E894}"
EndProject
Project("{8BC9CEB8-8B4A-11D0-8D11-00A0C91BC942}") = "P4195 친구 네트워크", "P4195 친구 네트워크\P4195 친구 네트워크.vcxproj", "{F7B06623-D628-4D10-AD10-19BEE287994B}"
EndProject
Project("{8BC9CEB8-8B4A-11D0-8D11-00A0C91BC942}") = "P11279 최대 힙", "P11279 최대 힙\P11279 최대 힙.vcxproj", "{FC73CFD4-756A-48E7-A81C-90DBA8AC9675}"
EndProject
Project("{8BC9CEB8-8B4A-11D0-8D11-00A0C91BC942}") = "P7785 회사에 있는 사람", "P7785 회사에 있는 사람\P7785 회사에 있는 사람.vcxproj", "{83B7798F-D01A-4059-9DEF-B4EF55AD8515}"
EndProject
Project("{8BC9CEB8-8B4A-11D0-8D11-00A0C91BC942}") = "P1764 듣보잡", "P1764 듣보잡\P1764 듣보잡.vcxproj", "{5BAE4B75-26E1-43AB-B9F8-7A2C0A262D5D}"
EndProject
Project("{8BC9CEB8-8B4A-11D0-8D11-00A0C91BC942}") = "P2252 줄 세우기", "P2252 줄 세우기\P2252 줄 세우기.vcxproj", "{F91092C8-4137-4763-9C87-AE37C8364FFA}"
EndProject
Project("{8BC9CEB8-8B4A-11D0-8D11-00A0C91BC942}") = "P1766 문제집", "P1766 문제집\P1766 문제집.vcxproj", "{E0914D7B-582B-40A2-B352-589848C80A14}"
EndProject
Project("{8BC9CEB8-8B4A-11D0-8D11-00A0C91BC942}") = "P2056 작업", "P2056 작업\P2056 작업.vcxproj", "{D300CE64-BA3E-4087-82A5-E71137A79F9C}"
EndProject
Project("{8BC9CEB8-8B4A-11D0-8D11-00A0C91BC942}") = "P1916 최소비용 구하기", "P1916 최소비용 구하기\P1916 최소비용 구하기.vcxproj", "{CA9044D5-1F1B-4785-9231-75AA399CFAF2}"
EndProject
Global
	GlobalSection(SolutionConfigurationPlatforms) = preSolution
		Debug|x64 = Debug|x64
		Debug|x86 = Debug|x86
		Release|x64 = Release|x64
		Release|x86 = Release|x86
	EndGlobalSection
	GlobalSection(ProjectConfigurationPlatforms) = postSolution
		{83E05910-F4BF-485C-8D75-3B464CD31640}.Debug|x64.ActiveCfg = Debug|x64
		{83E05910-F4BF-485C-8D75-3B464CD31640}.Debug|x64.Build.0 = Debug|x64
		{83E05910-F4BF-485C-8D75-3B464CD31640}.Debug|x86.ActiveCfg = Debug|Win32
		{83E05910-F4BF-485C-8D75-3B464CD31640}.Debug|x86.Build.0 = Debug|Win32
		{83E05910-F4BF-485C-8D75-3B464CD31640}.Release|x64.ActiveCfg = Release|x64
		{83E05910-F4BF-485C-8D75-3B464CD31640}.Release|x64.Build.0 = Release|x64
		{83E05910-F4BF-485C-8D75-3B464CD31640}.Release|x86.ActiveCfg = Release|Win32
		{83E05910-F4BF-485C-8D75-3B464CD31640}.Release|x86.Build.0 = Release|Win32
		{3DB62006-B0E1-44B4-81E8-3B0E5106A735}.Debug|x64.ActiveCfg = Debug|x64
		{3DB62006-B0E1-44B4-81E8-3B0E5106A735}.Debug|x64.Build.0 = Debug|x64
		{3DB62006-B0E1-44B4-81E8-3B0E5106A735}.Debug|x86.ActiveCfg = Debug|Win32
		{3DB62006-B0E1-44B4-81E8-3B0E5106A735}.Debug|x86.Build.0 = Debug|Win32
		{3DB62006-B0E1-44B4-81E8-3B0E5106A735}.Release|x64.ActiveCfg = Release|x64
		{3DB62006-B0E1-44B4-81E8-3B0E5106A735}.Release|x64.Build.0 = Release|x64
		{3DB62006-B0E1-44B4-81E8-3B0E5106A735}.Release|x86.ActiveCfg = Release|Win32
		{3DB62006-B0E1-44B4-81E8-3B0E5106A735}.Release|x86.Build.0 = Release|Win32
		{D30A5AFB-4BF0-4D95-94AD-8FFD68EAABD2}.Debug|x64.ActiveCfg = Debug|x64
		{D30A5AFB-4BF0-4D95-94AD-8FFD68EAABD2}.Debug|x64.Build.0 = Debug|x64
		{D30A5AFB-4BF0-4D95-94AD-8FFD68EAABD2}.Debug|x86.ActiveCfg = Debug|Win32
		{D30A5AFB-4BF0-4D95-94AD-8FFD68EAABD2}.Debug|x86.Build.0 = Debug|Win32
		{D30A5AFB-4BF0-4D95-94AD-8FFD68EAABD2}.Release|x64.ActiveCfg = Release|x64
		{D30A5AFB-4BF0-4D95-94AD-8FFD68EAABD2}.Release|x64.Build.0 = Release|x64
		{D30A5AFB-4BF0-4D95-94AD-8FFD68EAABD2}.Release|x86.ActiveCfg = Release|Win32
		{D30A5AFB-4BF0-4D95-94AD-8FFD68EAABD2}.Release|x86.Build.0 = Release|Win32
		{C1E9582A-7796-4E3F-8578-96873FD2CDEA}.Debug|x64.ActiveCfg = Debug|x64
		{C1E9582A-7796-4E3F-8578-96873FD2CDEA}.Debug|x64.Build.0 = Debug|x64
		{C1E9582A-7796-4E3F-8578-96873FD2CDEA}.Debug|x86.ActiveCfg = Debug|Win32
		{C1E9582A-7796-4E3F-8578-96873FD2CDEA}.Debug|x86.Build.0 = Debug|Win32
		{C1E9582A-7796-4E3F-8578-96873FD2CDEA}.Release|x64.ActiveCfg = Release|x64
		{C1E9582A-7796-4E3F-8578-96873FD2CDEA}.Release|x64.Build.0 = Release|x64
		{C1E9582A-7796-4E3F-8578-96873FD2CDEA}.Release|x86.ActiveCfg = Release|Win32
		{C1E9582A-7796-4E3F-8578-96873FD2CDEA}.Release|x86.Build.0 = Release|Win32
		{C4EDB14F-CC0C-4194-96D4-AA166AC039A4}.Debug|x64.ActiveCfg = Debug|x64
		{C4EDB14F-CC0C-4194-96D4-AA166AC039A4}.Debug|x64.Build.0 = Debug|x64
		{C4EDB14F-CC0C-4194-96D4-AA166AC039A4}.Debug|x86.ActiveCfg = Debug|Win32
		{C4EDB14F-CC0C-4194-96D4-AA166AC039A4}.Debug|x86.Build.0 = Debug|Win32
		{C4EDB14F-CC0C-4194-96D4-AA166AC039A4}.Release|x64.ActiveCfg = Release|x64
		{C4EDB14F-CC0C-4194-96D4-AA166AC039A4}.Release|x64.Build.0 = Release|x64
		{C4EDB14F-CC0C-4194-96D4-AA166AC039A4}.Release|x86.ActiveCfg = Release|Win32
		{C4EDB14F-CC0C-4194-96D4-AA166AC039A4}.Release|x86.Build.0 = Release|Win32
		{19B1107F-1E01-4FE7-B1FA-044E232405C9}.Debug|x64.ActiveCfg = Debug|x64
		{19B1107F-1E01-4FE7-B1FA-044E232405C9}.Debug|x64.Build.0 = Debug|x64
		{19B1107F-1E01-4FE7-B1FA-044E232405C9}.Debug|x86.ActiveCfg = Debug|Win32
		{19B1107F-1E01-4FE7-B1FA-044E232405C9}.Debug|x86.Build.0 = Debug|Win32
		{19B1107F-1E01-4FE7-B1FA-044E232405C9}.Release|x64.ActiveCfg = Release|x64
		{19B1107F-1E01-4FE7-B1FA-044E232405C9}.Release|x64.Build.0 = Release|x64
		{19B1107F-1E01-4FE7-B1FA-044E232405C9}.Release|x86.ActiveCfg = Release|Win32
		{19B1107F-1E01-4FE7-B1FA-044E232405C9}.Release|x86.Build.0 = Release|Win32
		{363C7BD4-DBA8-4005-99BE-D08DCB9847FE}.Debug|x64.ActiveCfg = Debug|x64
		{363C7BD4-DBA8-4005-99BE-D08DCB9847FE}.Debug|x64.Build.0 = Debug|x64
		{363C7BD4-DBA8-4005-99BE-D08DCB9847FE}.Debug|x86.ActiveCfg = Debug|Win32
		{363C7BD4-DBA8-4005-99BE-D08DCB9847FE}.Debug|x86.Build.0 = Debug|Win32
		{363C7BD4-DBA8-4005-99BE-D08DCB9847FE}.Release|x64.ActiveCfg = Release|x64
		{363C7BD4-DBA8-4005-99BE-D08DCB9847FE}.Release|x64.Build.0 = Release|x64
		{363C7BD4-DBA8-4005-99BE-D08DCB9847FE}.Release|x86.ActiveCfg = Release|Win32
		{363C7BD4-DBA8-4005-99BE-D08DCB9847FE}.Release|x86.Build.0 = Release|Win32
		{A05E26F0-19C5-4DF0-998C-90201702351C}.Debug|x64.ActiveCfg = Debug|x64
		{A05E26F0-19C5-4DF0-998C-90201702351C}.Debug|x64.Build.0 = Debug|x64
		{A05E26F0-19C5-4DF0-998C-90201702351C}.Debug|x86.ActiveCfg = Debug|Win32
		{A05E26F0-19C5-4DF0-998C-90201702351C}.Debug|x86.Build.0 = Debug|Win32
		{A05E26F0-19C5-4DF0-998C-90201702351C}.Release|x64.ActiveCfg = Release|x64
		{A05E26F0-19C5-4DF0-998C-90201702351C}.Release|x64.Build.0 = Release|x64
		{A05E26F0-19C5-4DF0-998C-90201702351C}.Release|x86.ActiveCfg = Release|Win32
		{A05E26F0-19C5-4DF0-998C-90201702351C}.Release|x86.Build.0 = Release|Win32
		{8697C006-5E08-4FBC-B318-44D863FF5396}.Debug|x64.ActiveCfg = Debug|x64
		{8697C006-5E08-4FBC-B318-44D863FF5396}.Debug|x64.Build.0 = Debug|x64
		{8697C006-5E08-4FBC-B318-44D863FF5396}.Debug|x86.ActiveCfg = Debug|Win32
		{8697C006-5E08-4FBC-B318-44D863FF5396}.Debug|x86.Build.0 = Debug|Win32
		{8697C006-5E08-4FBC-B318-44D863FF5396}.Release|x64.ActiveCfg = Release|x64
		{8697C006-5E08-4FBC-B318-44D863FF5396}.Release|x64.Build.0 = Release|x64
		{8697C006-5E08-4FBC-B318-44D863FF5396}.Release|x86.ActiveCfg = Release|Win32
		{8697C006-5E08-4FBC-B318-44D863FF5396}.Release|x86.Build.0 = Release|Win32
		{FB4C9D52-640F-4BC0-971D-1D99E1DCCF7F}.Debug|x64.ActiveCfg = Debug|x64
		{FB4C9D52-640F-4BC0-971D-1D99E1DCCF7F}.Debug|x64.Build.0 = Debug|x64
		{FB4C9D52-640F-4BC0-971D-1D99E1DCCF7F}.Debug|x86.ActiveCfg = Debug|Win32
		{FB4C9D52-640F-4BC0-971D-1D99E1DCCF7F}.Debug|x86.Build.0 = Debug|Win32
		{FB4C9D52-640F-4BC0-971D-1D99E1DCCF7F}.Release|x64.ActiveCfg = Release|x64
		{FB4C9D52-640F-4BC0-971D-1D99E1DCCF7F}.Release|x64.Build.0 = Release|x64
		{FB4C9D52-640F-4BC0-971D-1D99E1DCCF7F}.Release|x86.ActiveCfg = Release|Win32
		{FB4C9D52-640F-4BC0-971D-1D99E1DCCF7F}.Release|x86.Build.0 = Release|Win32
		{1BF3ECF8-B36A-4DD0-A053-442011269042}.Debug|x64.ActiveCfg = Debug|x64
		{1BF3ECF8-B36A-4DD0-A053-442011269042}.Debug|x64.Build.0 = Debug|x64
		{1BF3ECF8-B36A-4DD0-A053-442011269042}.Debug|x86.ActiveCfg = Debug|Win32
		{1BF3ECF8-B36A-4DD0-A053-442011269042}.Debug|x86.Build.0 = Debug|Win32
		{1BF3ECF8-B36A-4DD0-A053-442011269042}.Release|x64.ActiveCfg = Release|x64
		{1BF3ECF8-B36A-4DD0-A053-442011269042}.Release|x64.Build.0 = Release|x64
		{1BF3ECF8-B36A-4DD0-A053-442011269042}.Release|x86.ActiveCfg = Release|Win32
		{1BF3ECF8-B36A-4DD0-A053-442011269042}.Release|x86.Build.0 = Release|Win32
		{9643C6A2-F87D-4D61-8E3E-3D96337991AF}.Debug|x64.ActiveCfg = Debug|x64
		{9643C6A2-F87D-4D61-8E3E-3D96337991AF}.Debug|x64.Build.0 = Debug|x64
		{9643C6A2-F87D-4D61-8E3E-3D96337991AF}.Debug|x86.ActiveCfg = Debug|Win32
		{9643C6A2-F87D-4D61-8E3E-3D96337991AF}.Debug|x86.Build.0 = Debug|Win32
		{9643C6A2-F87D-4D61-8E3E-3D96337991AF}.Release|x64.ActiveCfg = Release|x64
		{9643C6A2-F87D-4D61-8E3E-3D96337991AF}.Release|x64.Build.0 = Release|x64
		{9643C6A2-F87D-4D61-8E3E-3D96337991AF}.Release|x86.ActiveCfg = Release|Win32
		{9643C6A2-F87D-4D61-8E3E-3D96337991AF}.Release|x86.Build.0 = Release|Win32
		{99365C35-80E4-4651-9FCF-A14E51EB8228}.Debug|x64.ActiveCfg = Debug|x64
		{99365C35-80E4-4651-9FCF-A14E51EB8228}.Debug|x64.Build.0 = Debug|x64
		{99365C35-80E4-4651-9FCF-A14E51EB8228}.Debug|x86.ActiveCfg = Debug|Win32
		{99365C35-80E4-4651-9FCF-A14E51EB8228}.Debug|x86.Build.0 = Debug|Win32
		{99365C35-80E4-4651-9FCF-A14E51EB8228}.Release|x64.ActiveCfg = Release|x64
		{99365C35-80E4-4651-9FCF-A14E51EB8228}.Release|x64.Build.0 = Release|x64
		{99365C35-80E4-4651-9FCF-A14E51EB8228}.Release|x86.ActiveCfg = Release|Win32
		{99365C35-80E4-4651-9FCF-A14E51EB8228}.Release|x86.Build.0 = Release|Win32
		{743CA39C-7992-4E98-BB00-139150174517}.Debug|x64.ActiveCfg = Debug|x64
		{743CA39C-7992-4E98-BB00-139150174517}.Debug|x64.Build.0 = Debug|x64
		{743CA39C-7992-4E98-BB00-139150174517}.Debug|x86.ActiveCfg = Debug|Win32
		{743CA39C-7992-4E98-BB00-139150174517}.Debug|x86.Build.0 = Debug|Win32
		{743CA39C-7992-4E98-BB00-139150174517}.Release|x64.ActiveCfg = Release|x64
		{743CA39C-7992-4E98-BB00-139150174517}.Release|x64.Build.0 = Release|x64
		{743CA39C-7992-4E98-BB00-139150174517}.Release|x86.ActiveCfg = Release|Win32
		{743CA39C-7992-4E98-BB00-139150174517}.Release|x86.Build.0 = Release|Win32
		{B32B69A8-B0EE-4A3F-B9CA-24CD1769E894}.Debug|x64.ActiveCfg = Debug|x64
		{B32B69A8-B0EE-4A3F-B9CA-24CD1769E894}.Debug|x64.Build.0 = Debug|x64
		{B32B69A8-B0EE-4A3F-B9CA-24CD1769E894}.Debug|x86.ActiveCfg = Debug|Win32
		{B32B69A8-B0EE-4A3F-B9CA-24CD1769E894}.Debug|x86.Build.0 = Debug|Win32
		{B32B69A8-B0EE-4A3F-B9CA-24CD1769E894}.Release|x64.ActiveCfg = Release|x64
		{B32B69A8-B0EE-4A3F-B9CA-24CD1769E894}.Release|x64.Build.0 = Release|x64
		{B32B69A8-B0EE-4A3F-B9CA-24CD1769E894}.Release|x86.ActiveCfg = Release|Win32
		{B32B69A8-B0EE-4A3F-B9CA-24CD1769E894}.Release|x86.Build.0 = Release|Win32
		{F7B06623-D628-4D10-AD10-19BEE287994B}.Debug|x64.ActiveCfg = Debug|x64
		{F7B06623-D628-4D10-AD10-19BEE287994B}.Debug|x64.Build.0 = Debug|x64
		{F7B06623-D628-4D10-AD10-19BEE287994B}.Debug|x86.ActiveCfg = Debug|Win32
		{F7B06623-D628-4D10-AD10-19BEE287994B}.Debug|x86.Build.0 = Debug|Win32
		{F7B06623-D628-4D10-AD10-19BEE287994B}.Release|x64.ActiveCfg = Release|x64
		{F7B06623-D628-4D10-AD10-19BEE287994B}.Release|x64.Build.0 = Release|x64
		{F7B06623-D628-4D10-AD10-19BEE287994B}.Release|x86.ActiveCfg = Release|Win32
		{F7B06623-D628-4D10-AD10-19BEE287994B}.Release|x86.Build.0 = Release|Win32
		{FC73CFD4-756A-48E7-A81C-90DBA8AC9675}.Debug|x64.ActiveCfg = Debug|x64
		{FC73CFD4-756A-48E7-A81C-90DBA8AC9675}.Debug|x64.Build.0 = Debug|x64
		{FC73CFD4-756A-48E7-A81C-90DBA8AC9675}.Debug|x86.ActiveCfg = Debug|Win32
		{FC73CFD4-756A-48E7-A81C-90DBA8AC9675}.Debug|x86.Build.0 = Debug|Win32
		{FC73CFD4-756A-48E7-A81C-90DBA8AC9675}.Release|x64.ActiveCfg = Release|x64
		{FC73CFD4-756A-48E7-A81C-90DBA8AC9675}.Release|x64.Build.0 = Release|x64
		{FC73CFD4-756A-48E7-A81C-90DBA8AC9675}.Release|x86.ActiveCfg = Release|Win32
		{FC73CFD4-756A-48E7-A81C-90DBA8AC9675}.Release|x86.Build.0 = Release|Win32
		{83B7798F-D01A-4059-9DEF-B4EF55AD8515}.Debug|x64.ActiveCfg = Debug|x64
		{83B7798F-D01A-4059-9DEF-B4EF55AD8515}.Debug|x64.Build.0 = Debug|x64
		{83B7798F-D01A-4059-9DEF-B4EF55AD8515}.Debug|x86.ActiveCfg = Debug|Win32
		{83B7798F-D01A-4059-9DEF-B4EF55AD8515}.Debug|x86.Build.0 = Debug|Win32
		{83B7798F-D01A-4059-9DEF-B4EF55AD8515}.Release|x64.ActiveCfg = Release|x64
		{83B7798F-D01A-4059-9DEF-B4EF55AD8515}.Release|x64.Build.0 = Release|x64
		{83B7798F-D01A-4059-9DEF-B4EF55AD8515}.Release|x86.ActiveCfg = Release|Win32
		{83B7798F-D01A-4059-9DEF-B4EF55AD8515}.Release|x86.Build.0 = Release|Win32
		{5BAE4B75-26E1-43AB-B9F8-7A2C0A262D5D}.Debug|x64.ActiveCfg = Debug|x64
		{5BAE4B75-26E1-43AB-B9F8-7A2C0A262D5D}.Debug|x64.Build.0 = Debug|x64
		{5BAE4B75-26E1-43AB-B9F8-7A2C0A262D5D}.Debug|x86.ActiveCfg = Debug|Win32
		{5BAE4B75-26E1-43AB-B9F8-7A2C0A262D5D}.Debug|x86.Build.0 = Debug|Win32
		{5BAE4B75-26E1-43AB-B9F8-7A2C0A262D5D}.Release|x64.ActiveCfg = Release|x64
		{5BAE4B75-26E1-43AB-B9F8-7A2C0A262D5D}.Release|x64.Build.0 = Release|x64
		{5BAE4B75-26E1-43AB-B9F8-7A2C0A262D5D}.Release|x86.ActiveCfg = Release|Win32
		{5BAE4B75-26E1-43AB-B9F8-7A2C0A262D5D}.Release|x86.Build.0 = Release|Win32
		{F91092C8-4137-4763-9C87-AE37C8364FFA}.Debug|x64.ActiveCfg = Debug|x64
		{F91092C8-4137-4763-9C87-AE37C8364FFA}.Debug|x64.Build.0 = Debug|x64
		{F91092C8-4137-4763-9C87-AE37C8364FFA}.Debug|x86.ActiveCfg = Debug|Win32
		{F91092C8-4137-4763-9C87-AE37C8364FFA}.Debug|x86.Build.0 = Debug|Win32
		{F91092C8-4137-4763-9C87-AE37C8364FFA}.Release|x64.ActiveCfg = Release|x64
		{F91092C8-4137-4763-9C87-AE37C8364FFA}.Release|x64.Build.0 = Release|x64
		{F91092C8-4137-4763-9C87-AE37C8364FFA}.Release|x86.ActiveCfg = Release|Win32
		{F91092C8-4137-4763-9C87-AE37C8364FFA}.Release|x86.Build.0 = Release|Win32
		{E0914D7B-582B-40A2-B352-589848C80A14}.Debug|x64.ActiveCfg = Debug|x64
		{E0914D7B-582B-40A2-B352-589848C80A14}.Debug|x64.Build.0 = Debug|x64
		{E0914D7B-582B-40A2-B352-589848C80A14}.Debug|x86.ActiveCfg = Debug|Win32
		{E0914D7B-582B-40A2-B352-589848C80A14}.Debug|x86.Build.0 = Debug|Win32
		{E0914D7B-582B-40A2-B352-589848C80A14}.Release|x64.ActiveCfg = Release|x64
		{E0914D7B-582B-40A2-B352-589848C80A14}.Release|x64.Build.0 = Release|x64
		{E0914D7B-582B-40A2-B352-589848C80A14}.Release|x86.ActiveCfg = Release|Win32
		{E0914D7B-582B-40A2-B352-589848C80A14}.Release|x86.Build.0 = Release|Win32
		{D300CE64-BA3E-4087-82A5-E71137A79F9C}.Debug|x64.ActiveCfg = Debug|x64
		{D300CE64-BA3E-4087-82A5-E71137A79F9C}.Debug|x64.Build.0 = Debug|x64
		{D300CE64-BA3E-4087-82A5-E71137A79F9C}.Debug|x86.ActiveCfg = Debug|Win32
		{D300CE64-BA3E-4087-82A5-E71137A79F9C}.Debug|x86.Build.0 = Debug|Win32
		{D300CE64-BA3E-4087-82A5-E71137A79F9C}.Release|x64.ActiveCfg = Release|x64
		{D300CE64-BA3E-4087-82A5-E71137A79F9C}.Release|x64.Build.0 = Release|x64
		{D300CE64-BA3E-4087-82A5-E71137A79F9C}.Release|x86.ActiveCfg = Release|Win32
		{D300CE64-BA3E-4087-82A5-E71137A79F9C}.Release|x86.Build.0 = Release|Win32
		{CA9044D5-1F1B-4785-9231-75AA399CFAF2}.Debug|x64.ActiveCfg = Debug|x64
		{CA9044D5-1F1B-4785-9231-75AA399CFAF2}.Debug|x64.Build.0 = Debug|x64
		{CA9044D5-1F1B-4785-9231-75AA399CFAF2}.Debug|x86.ActiveCfg = Debug|Win32
		{CA9044D5-1F1B-4785-9231-75AA399CFAF2}.Debug|x86.Build.0 = Debug|Win32
		{CA9044D5-1F1B-4785-9231-75AA399CFAF2}.Release|x64.ActiveCfg = Release|x64
		{CA9044D5-1F1B-4785-9231-75AA399CFAF2}.Release|x64.Build.0 = Release|x64
		{CA9044D5-1F1B-4785-9231-75AA399CFAF2}.Release|x86.ActiveCfg = Release|Win32
		{CA9044D5-1F1B-4785-9231-75AA399CFAF2}.Release|x86.Build.0 = Release|Win32
	EndGlobalSection
	GlobalSection(SolutionProperties) = preSolution
		HideSolutionNode = FALSE
	EndGlobalSection
EndGlobal
