
Microsoft Visual Studio Solution File, Format Version 11.00
# Visual Studio 2010
Project("{8BC9CEB8-8B4A-11D0-8D11-00A0C91BC942}") = "2015예선 P1", "shake2015 예선\shake2015 예선.vcxproj", "{FE05FAB0-4EB7-4454-B466-FC7BE84C2EFB}"
EndProject
Project("{8BC9CEB8-8B4A-11D0-8D11-00A0C91BC942}") = "2015예선 P2", "2015예선 P2\2015예선 P2.vcxproj", "{A3CD4730-FEE6-404F-A439-2CB9ABFCF9D9}"
EndProject
Project("{8BC9CEB8-8B4A-11D0-8D11-00A0C91BC942}") = "2015예선 P3", "2015예선 P3\2015예선 P3.vcxproj", "{76EDC11E-B37E-4571-ADE2-ED8CA266B7F5}"
EndProject
Project("{8BC9CEB8-8B4A-11D0-8D11-00A0C91BC942}") = "2015예선 P6", "2015예선 P6\2015예선 P6.vcxproj", "{3D01010F-88A5-464A-8CE4-277B8626A1E6}"
EndProject
Project("{8BC9CEB8-8B4A-11D0-8D11-00A0C91BC942}") = "2015예선 P4", "2015예선 P4\2015예선 P4.vcxproj", "{D072897C-8355-4AF1-93CF-DE3B443619CD}"
EndProject
Project("{8BC9CEB8-8B4A-11D0-8D11-00A0C91BC942}") = "2015본선 P1", "2015본선 P1\2015본선 P1.vcxproj", "{AF8FCD75-1314-491C-952E-8735555398A4}"
EndProject
Project("{8BC9CEB8-8B4A-11D0-8D11-00A0C91BC942}") = "2015본선 P3", "2015본선 P3\2015본선 P3.vcxproj", "{26708AAD-5348-4F41-B032-3B62E1361FF2}"
EndProject
Project("{8BC9CEB8-8B4A-11D0-8D11-00A0C91BC942}") = "2015본선 P5", "2015본선 P5\2015본선 P5.vcxproj", "{9FD7A1B3-A465-4FC4-934C-A22BE2F59AB6}"
EndProject
Project("{8BC9CEB8-8B4A-11D0-8D11-00A0C91BC942}") = "2015본선 P6", "2015본선 P6\2015본선 P6.vcxproj", "{EEC1F42F-6777-4728-97E8-8F6266C324DB}"
EndProject
Project("{8BC9CEB8-8B4A-11D0-8D11-00A0C91BC942}") = "2016예선 P4", "2016예선 P4\2016예선 P4.vcxproj", "{25422B22-4C1E-446D-B4F8-DA984AB9D40C}"
EndProject
Project("{8BC9CEB8-8B4A-11D0-8D11-00A0C91BC942}") = "2016예선 P1", "2016예선 P1\2016예선 P1.vcxproj", "{C21D9CAD-BC70-43A7-AB57-DB412A6B0900}"
EndProject
Project("{8BC9CEB8-8B4A-11D0-8D11-00A0C91BC942}") = "2016예선 P5", "2016예선 P6\2016예선 P6.vcxproj", "{27D5F952-928E-4123-95BC-C55FAA935360}"
EndProject
Project("{8BC9CEB8-8B4A-11D0-8D11-00A0C91BC942}") = "2016예선 P7", "2016예선 P7\2016예선 P7.vcxproj", "{CA100647-0A19-49CB-915C-8C6EAABC0D81}"
EndProject
Global
	GlobalSection(SolutionConfigurationPlatforms) = preSolution
		Debug|Win32 = Debug|Win32
		Release|Win32 = Release|Win32
	EndGlobalSection
	GlobalSection(ProjectConfigurationPlatforms) = postSolution
		{FE05FAB0-4EB7-4454-B466-FC7BE84C2EFB}.Debug|Win32.ActiveCfg = Debug|Win32
		{FE05FAB0-4EB7-4454-B466-FC7BE84C2EFB}.Debug|Win32.Build.0 = Debug|Win32
		{FE05FAB0-4EB7-4454-B466-FC7BE84C2EFB}.Release|Win32.ActiveCfg = Release|Win32
		{FE05FAB0-4EB7-4454-B466-FC7BE84C2EFB}.Release|Win32.Build.0 = Release|Win32
		{A3CD4730-FEE6-404F-A439-2CB9ABFCF9D9}.Debug|Win32.ActiveCfg = Debug|Win32
		{A3CD4730-FEE6-404F-A439-2CB9ABFCF9D9}.Debug|Win32.Build.0 = Debug|Win32
		{A3CD4730-FEE6-404F-A439-2CB9ABFCF9D9}.Release|Win32.ActiveCfg = Release|Win32
		{A3CD4730-FEE6-404F-A439-2CB9ABFCF9D9}.Release|Win32.Build.0 = Release|Win32
		{76EDC11E-B37E-4571-ADE2-ED8CA266B7F5}.Debug|Win32.ActiveCfg = Debug|Win32
		{76EDC11E-B37E-4571-ADE2-ED8CA266B7F5}.Debug|Win32.Build.0 = Debug|Win32
		{76EDC11E-B37E-4571-ADE2-ED8CA266B7F5}.Release|Win32.ActiveCfg = Release|Win32
		{76EDC11E-B37E-4571-ADE2-ED8CA266B7F5}.Release|Win32.Build.0 = Release|Win32
		{3D01010F-88A5-464A-8CE4-277B8626A1E6}.Debug|Win32.ActiveCfg = Debug|Win32
		{3D01010F-88A5-464A-8CE4-277B8626A1E6}.Debug|Win32.Build.0 = Debug|Win32
		{3D01010F-88A5-464A-8CE4-277B8626A1E6}.Release|Win32.ActiveCfg = Release|Win32
		{3D01010F-88A5-464A-8CE4-277B8626A1E6}.Release|Win32.Build.0 = Release|Win32
		{D072897C-8355-4AF1-93CF-DE3B443619CD}.Debug|Win32.ActiveCfg = Debug|Win32
		{D072897C-8355-4AF1-93CF-DE3B443619CD}.Debug|Win32.Build.0 = Debug|Win32
		{D072897C-8355-4AF1-93CF-DE3B443619CD}.Release|Win32.ActiveCfg = Release|Win32
		{D072897C-8355-4AF1-93CF-DE3B443619CD}.Release|Win32.Build.0 = Release|Win32
		{AF8FCD75-1314-491C-952E-8735555398A4}.Debug|Win32.ActiveCfg = Debug|Win32
		{AF8FCD75-1314-491C-952E-8735555398A4}.Debug|Win32.Build.0 = Debug|Win32
		{AF8FCD75-1314-491C-952E-8735555398A4}.Release|Win32.ActiveCfg = Release|Win32
		{AF8FCD75-1314-491C-952E-8735555398A4}.Release|Win32.Build.0 = Release|Win32
		{26708AAD-5348-4F41-B032-3B62E1361FF2}.Debug|Win32.ActiveCfg = Debug|Win32
		{26708AAD-5348-4F41-B032-3B62E1361FF2}.Debug|Win32.Build.0 = Debug|Win32
		{26708AAD-5348-4F41-B032-3B62E1361FF2}.Release|Win32.ActiveCfg = Release|Win32
		{26708AAD-5348-4F41-B032-3B62E1361FF2}.Release|Win32.Build.0 = Release|Win32
		{9FD7A1B3-A465-4FC4-934C-A22BE2F59AB6}.Debug|Win32.ActiveCfg = Debug|Win32
		{9FD7A1B3-A465-4FC4-934C-A22BE2F59AB6}.Debug|Win32.Build.0 = Debug|Win32
		{9FD7A1B3-A465-4FC4-934C-A22BE2F59AB6}.Release|Win32.ActiveCfg = Release|Win32
		{9FD7A1B3-A465-4FC4-934C-A22BE2F59AB6}.Release|Win32.Build.0 = Release|Win32
		{EEC1F42F-6777-4728-97E8-8F6266C324DB}.Debug|Win32.ActiveCfg = Debug|Win32
		{EEC1F42F-6777-4728-97E8-8F6266C324DB}.Debug|Win32.Build.0 = Debug|Win32
		{EEC1F42F-6777-4728-97E8-8F6266C324DB}.Release|Win32.ActiveCfg = Release|Win32
		{EEC1F42F-6777-4728-97E8-8F6266C324DB}.Release|Win32.Build.0 = Release|Win32
		{25422B22-4C1E-446D-B4F8-DA984AB9D40C}.Debug|Win32.ActiveCfg = Debug|Win32
		{25422B22-4C1E-446D-B4F8-DA984AB9D40C}.Debug|Win32.Build.0 = Debug|Win32
		{25422B22-4C1E-446D-B4F8-DA984AB9D40C}.Release|Win32.ActiveCfg = Release|Win32
		{25422B22-4C1E-446D-B4F8-DA984AB9D40C}.Release|Win32.Build.0 = Release|Win32
		{C21D9CAD-BC70-43A7-AB57-DB412A6B0900}.Debug|Win32.ActiveCfg = Debug|Win32
		{C21D9CAD-BC70-43A7-AB57-DB412A6B0900}.Debug|Win32.Build.0 = Debug|Win32
		{C21D9CAD-BC70-43A7-AB57-DB412A6B0900}.Release|Win32.ActiveCfg = Release|Win32
		{C21D9CAD-BC70-43A7-AB57-DB412A6B0900}.Release|Win32.Build.0 = Release|Win32
		{27D5F952-928E-4123-95BC-C55FAA935360}.Debug|Win32.ActiveCfg = Debug|Win32
		{27D5F952-928E-4123-95BC-C55FAA935360}.Debug|Win32.Build.0 = Debug|Win32
		{27D5F952-928E-4123-95BC-C55FAA935360}.Release|Win32.ActiveCfg = Release|Win32
		{27D5F952-928E-4123-95BC-C55FAA935360}.Release|Win32.Build.0 = Release|Win32
		{CA100647-0A19-49CB-915C-8C6EAABC0D81}.Debug|Win32.ActiveCfg = Debug|Win32
		{CA100647-0A19-49CB-915C-8C6EAABC0D81}.Debug|Win32.Build.0 = Debug|Win32
		{CA100647-0A19-49CB-915C-8C6EAABC0D81}.Release|Win32.ActiveCfg = Release|Win32
		{CA100647-0A19-49CB-915C-8C6EAABC0D81}.Release|Win32.Build.0 = Release|Win32
	EndGlobalSection
	GlobalSection(SolutionProperties) = preSolution
		HideSolutionNode = FALSE
	EndGlobalSection
EndGlobal
