
Microsoft Visual Studio Solution File, Format Version 11.00
# Visual Studio 2010
Project("{8BC9CEB8-8B4A-11D0-8D11-00A0C91BC942}") = "PKU 2750 potted flower", "PKU 2750 potted flower\PKU 2750 potted flower.vcxproj", "{AA52D190-E8B6-4C60-BCBF-C93967045CA6}"
EndProject
Project("{8BC9CEB8-8B4A-11D0-8D11-00A0C91BC942}") = "PKU 3264 Balanced Lineup", "PKU 3264 Balanced Lineup\PKU 3264 Balanced Lineup.vcxproj", "{5DD2561E-D961-4D2C-A1B6-E16E08497623}"
EndProject
Project("{8BC9CEB8-8B4A-11D0-8D11-00A0C91BC942}") = "PKU 2479 Maximum sum", "PKU 2479 Maximum sum\PKU 2479 Maximum sum.vcxproj", "{B31751FF-D665-46B2-B6AC-D75F4513D543}"
EndProject
Project("{8BC9CEB8-8B4A-11D0-8D11-00A0C91BC942}") = "BOJ 2042 구간 합 구하기", "BOJ 2042 구간 합 구하기\BOJ 2042 구간 합 구하기.vcxproj", "{9F66E126-DEF7-4C01-95BD-F4EFF72BFEB5}"
EndProject
Project("{8BC9CEB8-8B4A-11D0-8D11-00A0C91BC942}") = "BOJ 10999 구간 합 구하기2", "BOJ 10999 구간 합 구하기2\BOJ 10999 구간 합 구하기2.vcxproj", "{F7541291-FD8E-4B01-9CB9-EA587712D8DE}"
EndProject
Global
	GlobalSection(SolutionConfigurationPlatforms) = preSolution
		Debug|Win32 = Debug|Win32
		Release|Win32 = Release|Win32
	EndGlobalSection
	GlobalSection(ProjectConfigurationPlatforms) = postSolution
		{AA52D190-E8B6-4C60-BCBF-C93967045CA6}.Debug|Win32.ActiveCfg = Debug|Win32
		{AA52D190-E8B6-4C60-BCBF-C93967045CA6}.Debug|Win32.Build.0 = Debug|Win32
		{AA52D190-E8B6-4C60-BCBF-C93967045CA6}.Release|Win32.ActiveCfg = Release|Win32
		{AA52D190-E8B6-4C60-BCBF-C93967045CA6}.Release|Win32.Build.0 = Release|Win32
		{5DD2561E-D961-4D2C-A1B6-E16E08497623}.Debug|Win32.ActiveCfg = Debug|Win32
		{5DD2561E-D961-4D2C-A1B6-E16E08497623}.Debug|Win32.Build.0 = Debug|Win32
		{5DD2561E-D961-4D2C-A1B6-E16E08497623}.Release|Win32.ActiveCfg = Release|Win32
		{5DD2561E-D961-4D2C-A1B6-E16E08497623}.Release|Win32.Build.0 = Release|Win32
		{B31751FF-D665-46B2-B6AC-D75F4513D543}.Debug|Win32.ActiveCfg = Debug|Win32
		{B31751FF-D665-46B2-B6AC-D75F4513D543}.Debug|Win32.Build.0 = Debug|Win32
		{B31751FF-D665-46B2-B6AC-D75F4513D543}.Release|Win32.ActiveCfg = Release|Win32
		{B31751FF-D665-46B2-B6AC-D75F4513D543}.Release|Win32.Build.0 = Release|Win32
		{9F66E126-DEF7-4C01-95BD-F4EFF72BFEB5}.Debug|Win32.ActiveCfg = Debug|Win32
		{9F66E126-DEF7-4C01-95BD-F4EFF72BFEB5}.Debug|Win32.Build.0 = Debug|Win32
		{9F66E126-DEF7-4C01-95BD-F4EFF72BFEB5}.Release|Win32.ActiveCfg = Release|Win32
		{9F66E126-DEF7-4C01-95BD-F4EFF72BFEB5}.Release|Win32.Build.0 = Release|Win32
		{F7541291-FD8E-4B01-9CB9-EA587712D8DE}.Debug|Win32.ActiveCfg = Debug|Win32
		{F7541291-FD8E-4B01-9CB9-EA587712D8DE}.Debug|Win32.Build.0 = Debug|Win32
		{F7541291-FD8E-4B01-9CB9-EA587712D8DE}.Release|Win32.ActiveCfg = Release|Win32
		{F7541291-FD8E-4B01-9CB9-EA587712D8DE}.Release|Win32.Build.0 = Release|Win32
	EndGlobalSection
	GlobalSection(SolutionProperties) = preSolution
		HideSolutionNode = FALSE
	EndGlobalSection
EndGlobal
