
Microsoft Visual Studio Solution File, Format Version 12.00
# Visual Studio 14
VisualStudioVersion = 14.0.25420.1
MinimumVisualStudioVersion = 10.0.40219.1
Project("{8BC9CEB8-8B4A-11D0-8D11-00A0C91BC942}") = "P2515 전시장", "BOJ 8\BOJ 8.vcxproj", "{6B85828D-6678-407B-B3A5-474706700977}"
EndProject
Project("{8BC9CEB8-8B4A-11D0-8D11-00A0C91BC942}") = "P10814 나이순 정렬", "P10814 나이순 정렬\P10814 나이순 정렬.vcxproj", "{302ACB3C-285A-4CA5-8AA9-E41C58CE646F}"
EndProject
Project("{8BC9CEB8-8B4A-11D0-8D11-00A0C91BC942}") = "P2612 카드게임", "P2612 카드게임\P2612 카드게임.vcxproj", "{9F2AAEC8-6147-4A10-B930-A246840AF4C7}"
EndProject
Project("{8BC9CEB8-8B4A-11D0-8D11-00A0C91BC942}") = "P2623 음악프로그램", "P2623 음악프로그램\P2623 음악프로그램.vcxproj", "{52B07113-B06A-44EE-BFCD-2A683D726B43}"
EndProject
Project("{8BC9CEB8-8B4A-11D0-8D11-00A0C91BC942}") = "P2624 동전 바꿔주기", "P2624 동전 바꿔주기\P2624 동전 바꿔주기.vcxproj", "{732EF4E5-83E6-4965-BE2A-CEECC7A3B328}"
EndProject
Project("{8BC9CEB8-8B4A-11D0-8D11-00A0C91BC942}") = "P3029 경고", "P3029 경고\P3029 경고.vcxproj", "{5648EDD5-D7F6-46DC-AA0B-1F2E73E7E989}"
EndProject
Project("{8BC9CEB8-8B4A-11D0-8D11-00A0C91BC942}") = "P3030 테니스", "P3030 테니스\P3030 테니스.vcxproj", "{985D7358-E56E-4456-8B02-90730C94B99F}"
EndProject
Project("{8BC9CEB8-8B4A-11D0-8D11-00A0C91BC942}") = "P2596 비밀편지", "P2596 비밀편지\P2596 비밀편지.vcxproj", "{EDC0C80B-72CD-42C4-B3F6-D81A72E17C14}"
EndProject
Project("{8BC9CEB8-8B4A-11D0-8D11-00A0C91BC942}") = "P2597 줄자접기", "P2597 줄자접기\P2597 줄자접기.vcxproj", "{1B84E020-D9A9-45A5-80A4-F6661304F689}"
EndProject
Project("{8BC9CEB8-8B4A-11D0-8D11-00A0C91BC942}") = "P11038 Entrance Exam", "P11038 Entrance Exam\P11038 Entrance Exam.vcxproj", "{E8D1BD76-5B37-4BAE-B629-E09A474B91CB}"
EndProject
Project("{8BC9CEB8-8B4A-11D0-8D11-00A0C91BC942}") = "P2089 -2진수", "-2진수\-2진수.vcxproj", "{C2AF4442-037B-49D0-BC9D-F07C291B1AC0}"
EndProject
Project("{8BC9CEB8-8B4A-11D0-8D11-00A0C91BC942}") = "P2109 순회강연", "P2109 순회강연\P2109 순회강연.vcxproj", "{D37F0750-2C80-468B-976A-5C6EAB39ED52}"
EndProject
Project("{8BC9CEB8-8B4A-11D0-8D11-00A0C91BC942}") = "P10982 행복쿠키 제작소", "P10982 행복쿠키 제작소\P10982 행복쿠키 제작소.vcxproj", "{C6E14564-0A44-493A-9FC8-F1CE3758DBCC}"
EndProject
Project("{8BC9CEB8-8B4A-11D0-8D11-00A0C91BC942}") = "P10250 ACM 호텔", "P10250 ACM 호텔\P10250 ACM 호텔.vcxproj", "{F916093C-4490-4482-9E8D-3CF6728CA4DD}"
EndProject
Project("{8BC9CEB8-8B4A-11D0-8D11-00A0C91BC942}") = "P10448 유레카 이론", "P10448 유레카 이론\P10448 유레카 이론.vcxproj", "{5BD1B60D-F26F-4A4F-83D8-F6413D94F3BF}"
EndProject
Project("{8BC9CEB8-8B4A-11D0-8D11-00A0C91BC942}") = "P10451 순열 사이클", "P10451 순열 사이클\P10451 순열 사이클.vcxproj", "{C72F3510-E13C-445D-B84C-01D0EB0B4587}"
EndProject
Project("{8BC9CEB8-8B4A-11D0-8D11-00A0C91BC942}") = "P10446 Algorist Club", "P10446 Algorist Club\P10446 Algorist Club.vcxproj", "{02AFE429-D5BE-4648-B657-3B32C3F8AF26}"
EndProject
Project("{8BC9CEB8-8B4A-11D0-8D11-00A0C91BC942}") = "P10456 Travel Card", "P10456 Travel Card\P10456 Travel Card.vcxproj", "{F9D066C3-F054-405B-8FF1-013A527D7E61}"
EndProject
Project("{8BC9CEB8-8B4A-11D0-8D11-00A0C91BC942}") = "P5480 전함", "P5480 전함\P5480 전함.vcxproj", "{CCA1E703-028D-4C4A-AB65-27292022487F}"
EndProject
Project("{8BC9CEB8-8B4A-11D0-8D11-00A0C91BC942}") = "P3758 KCPC", "P3758 KCPC\P3758 KCPC.vcxproj", "{E9CCE655-B502-41CB-8D78-B72AF772E398}"
EndProject
Project("{8BC9CEB8-8B4A-11D0-8D11-00A0C91BC942}") = "P4243 보안 업체", "P4243 보안 업체\P4243 보안 업체.vcxproj", "{2ED50E53-D192-43BC-A99E-F3D1C4D6DC6F}"
EndProject
Project("{8BC9CEB8-8B4A-11D0-8D11-00A0C91BC942}") = "P8992 집기 게임", "P8992 집기 게임\P8992 집기 게임.vcxproj", "{8EE88274-0EB6-4E46-95E8-3AA9F8DD45D6}"
EndProject
Project("{8BC9CEB8-8B4A-11D0-8D11-00A0C91BC942}") = "P3640 제독", "P3640 제독\P3640 제독.vcxproj", "{A80F2942-0DEE-42C8-8B3B-9431291EC7FE}"
EndProject
Project("{8BC9CEB8-8B4A-11D0-8D11-00A0C91BC942}") = "P9496 조 나누기", "P9496 조 나누기\P9496 조 나누기.vcxproj", "{146A2572-4309-41CA-BB96-0BBC90798190}"
EndProject
Project("{8BC9CEB8-8B4A-11D0-8D11-00A0C91BC942}") = "P3295 단방향 링크 네트워크", "P3295 단방향 링크 네트워크\P3295 단방향 링크 네트워크.vcxproj", "{4648FD0D-3978-4C8D-BFA6-8F0AE30EEDF0}"
EndProject
Project("{8BC9CEB8-8B4A-11D0-8D11-00A0C91BC942}") = "P2570 비숍2", "P2570 비숍2\P2570 비숍2.vcxproj", "{7EA42CD6-A23C-424F-BB3C-2B07D8F0F200}"
EndProject
Project("{8BC9CEB8-8B4A-11D0-8D11-00A0C91BC942}") = "P6086 Total Flow", "P6086 Total Flow\P6086 Total Flow.vcxproj", "{C9D3B015-C373-468E-BCCF-4196628EF3AD}"
EndProject
Project("{8BC9CEB8-8B4A-11D0-8D11-00A0C91BC942}") = "P3683 고양이와 개", "P3683 고양이와 개\P3683 고양이와 개.vcxproj", "{02D3367E-7D9A-4A22-A4D2-D9F89FFF2C6B}"
EndProject
Project("{8BC9CEB8-8B4A-11D0-8D11-00A0C91BC942}") = "P11502 세 개의 소수 문제", "P11502 세 개의 소수 문제\P11502 세 개의 소수 문제.vcxproj", "{2ADC6A06-A949-4D8A-91D6-09347866E657}"
EndProject
Project("{8BC9CEB8-8B4A-11D0-8D11-00A0C91BC942}") = "P7665 이중 우선순위 큐", "P7665 이중 우선순위 큐\P7665 이중 우선순위 큐.vcxproj", "{2353ECD9-4837-40A3-89CD-970CB579AA31}"
EndProject
Project("{8BC9CEB8-8B4A-11D0-8D11-00A0C91BC942}") = "P1535 안녕", "P1535 안녕\P1535 안녕.vcxproj", "{50C1616E-DC74-4402-B9FF-325838CE901F}"
EndProject
Global
	GlobalSection(SolutionConfigurationPlatforms) = preSolution
		Debug|x64 = Debug|x64
		Debug|x86 = Debug|x86
		Release|x64 = Release|x64
		Release|x86 = Release|x86
	EndGlobalSection
	GlobalSection(ProjectConfigurationPlatforms) = postSolution
		{6B85828D-6678-407B-B3A5-474706700977}.Debug|x64.ActiveCfg = Debug|x64
		{6B85828D-6678-407B-B3A5-474706700977}.Debug|x64.Build.0 = Debug|x64
		{6B85828D-6678-407B-B3A5-474706700977}.Debug|x86.ActiveCfg = Debug|Win32
		{6B85828D-6678-407B-B3A5-474706700977}.Debug|x86.Build.0 = Debug|Win32
		{6B85828D-6678-407B-B3A5-474706700977}.Release|x64.ActiveCfg = Release|x64
		{6B85828D-6678-407B-B3A5-474706700977}.Release|x64.Build.0 = Release|x64
		{6B85828D-6678-407B-B3A5-474706700977}.Release|x86.ActiveCfg = Release|Win32
		{6B85828D-6678-407B-B3A5-474706700977}.Release|x86.Build.0 = Release|Win32
		{302ACB3C-285A-4CA5-8AA9-E41C58CE646F}.Debug|x64.ActiveCfg = Debug|x64
		{302ACB3C-285A-4CA5-8AA9-E41C58CE646F}.Debug|x64.Build.0 = Debug|x64
		{302ACB3C-285A-4CA5-8AA9-E41C58CE646F}.Debug|x86.ActiveCfg = Debug|Win32
		{302ACB3C-285A-4CA5-8AA9-E41C58CE646F}.Debug|x86.Build.0 = Debug|Win32
		{302ACB3C-285A-4CA5-8AA9-E41C58CE646F}.Release|x64.ActiveCfg = Release|x64
		{302ACB3C-285A-4CA5-8AA9-E41C58CE646F}.Release|x64.Build.0 = Release|x64
		{302ACB3C-285A-4CA5-8AA9-E41C58CE646F}.Release|x86.ActiveCfg = Release|Win32
		{302ACB3C-285A-4CA5-8AA9-E41C58CE646F}.Release|x86.Build.0 = Release|Win32
		{9F2AAEC8-6147-4A10-B930-A246840AF4C7}.Debug|x64.ActiveCfg = Debug|x64
		{9F2AAEC8-6147-4A10-B930-A246840AF4C7}.Debug|x64.Build.0 = Debug|x64
		{9F2AAEC8-6147-4A10-B930-A246840AF4C7}.Debug|x86.ActiveCfg = Debug|Win32
		{9F2AAEC8-6147-4A10-B930-A246840AF4C7}.Debug|x86.Build.0 = Debug|Win32
		{9F2AAEC8-6147-4A10-B930-A246840AF4C7}.Release|x64.ActiveCfg = Release|x64
		{9F2AAEC8-6147-4A10-B930-A246840AF4C7}.Release|x64.Build.0 = Release|x64
		{9F2AAEC8-6147-4A10-B930-A246840AF4C7}.Release|x86.ActiveCfg = Release|Win32
		{9F2AAEC8-6147-4A10-B930-A246840AF4C7}.Release|x86.Build.0 = Release|Win32
		{52B07113-B06A-44EE-BFCD-2A683D726B43}.Debug|x64.ActiveCfg = Debug|x64
		{52B07113-B06A-44EE-BFCD-2A683D726B43}.Debug|x64.Build.0 = Debug|x64
		{52B07113-B06A-44EE-BFCD-2A683D726B43}.Debug|x86.ActiveCfg = Debug|Win32
		{52B07113-B06A-44EE-BFCD-2A683D726B43}.Debug|x86.Build.0 = Debug|Win32
		{52B07113-B06A-44EE-BFCD-2A683D726B43}.Release|x64.ActiveCfg = Release|x64
		{52B07113-B06A-44EE-BFCD-2A683D726B43}.Release|x64.Build.0 = Release|x64
		{52B07113-B06A-44EE-BFCD-2A683D726B43}.Release|x86.ActiveCfg = Release|Win32
		{52B07113-B06A-44EE-BFCD-2A683D726B43}.Release|x86.Build.0 = Release|Win32
		{732EF4E5-83E6-4965-BE2A-CEECC7A3B328}.Debug|x64.ActiveCfg = Debug|x64
		{732EF4E5-83E6-4965-BE2A-CEECC7A3B328}.Debug|x64.Build.0 = Debug|x64
		{732EF4E5-83E6-4965-BE2A-CEECC7A3B328}.Debug|x86.ActiveCfg = Debug|Win32
		{732EF4E5-83E6-4965-BE2A-CEECC7A3B328}.Debug|x86.Build.0 = Debug|Win32
		{732EF4E5-83E6-4965-BE2A-CEECC7A3B328}.Release|x64.ActiveCfg = Release|x64
		{732EF4E5-83E6-4965-BE2A-CEECC7A3B328}.Release|x64.Build.0 = Release|x64
		{732EF4E5-83E6-4965-BE2A-CEECC7A3B328}.Release|x86.ActiveCfg = Release|Win32
		{732EF4E5-83E6-4965-BE2A-CEECC7A3B328}.Release|x86.Build.0 = Release|Win32
		{5648EDD5-D7F6-46DC-AA0B-1F2E73E7E989}.Debug|x64.ActiveCfg = Debug|x64
		{5648EDD5-D7F6-46DC-AA0B-1F2E73E7E989}.Debug|x64.Build.0 = Debug|x64
		{5648EDD5-D7F6-46DC-AA0B-1F2E73E7E989}.Debug|x86.ActiveCfg = Debug|Win32
		{5648EDD5-D7F6-46DC-AA0B-1F2E73E7E989}.Debug|x86.Build.0 = Debug|Win32
		{5648EDD5-D7F6-46DC-AA0B-1F2E73E7E989}.Release|x64.ActiveCfg = Release|x64
		{5648EDD5-D7F6-46DC-AA0B-1F2E73E7E989}.Release|x64.Build.0 = Release|x64
		{5648EDD5-D7F6-46DC-AA0B-1F2E73E7E989}.Release|x86.ActiveCfg = Release|Win32
		{5648EDD5-D7F6-46DC-AA0B-1F2E73E7E989}.Release|x86.Build.0 = Release|Win32
		{985D7358-E56E-4456-8B02-90730C94B99F}.Debug|x64.ActiveCfg = Debug|x64
		{985D7358-E56E-4456-8B02-90730C94B99F}.Debug|x64.Build.0 = Debug|x64
		{985D7358-E56E-4456-8B02-90730C94B99F}.Debug|x86.ActiveCfg = Debug|Win32
		{985D7358-E56E-4456-8B02-90730C94B99F}.Debug|x86.Build.0 = Debug|Win32
		{985D7358-E56E-4456-8B02-90730C94B99F}.Release|x64.ActiveCfg = Release|x64
		{985D7358-E56E-4456-8B02-90730C94B99F}.Release|x64.Build.0 = Release|x64
		{985D7358-E56E-4456-8B02-90730C94B99F}.Release|x86.ActiveCfg = Release|Win32
		{985D7358-E56E-4456-8B02-90730C94B99F}.Release|x86.Build.0 = Release|Win32
		{EDC0C80B-72CD-42C4-B3F6-D81A72E17C14}.Debug|x64.ActiveCfg = Debug|x64
		{EDC0C80B-72CD-42C4-B3F6-D81A72E17C14}.Debug|x64.Build.0 = Debug|x64
		{EDC0C80B-72CD-42C4-B3F6-D81A72E17C14}.Debug|x86.ActiveCfg = Debug|Win32
		{EDC0C80B-72CD-42C4-B3F6-D81A72E17C14}.Debug|x86.Build.0 = Debug|Win32
		{EDC0C80B-72CD-42C4-B3F6-D81A72E17C14}.Release|x64.ActiveCfg = Release|x64
		{EDC0C80B-72CD-42C4-B3F6-D81A72E17C14}.Release|x64.Build.0 = Release|x64
		{EDC0C80B-72CD-42C4-B3F6-D81A72E17C14}.Release|x86.ActiveCfg = Release|Win32
		{EDC0C80B-72CD-42C4-B3F6-D81A72E17C14}.Release|x86.Build.0 = Release|Win32
		{1B84E020-D9A9-45A5-80A4-F6661304F689}.Debug|x64.ActiveCfg = Debug|x64
		{1B84E020-D9A9-45A5-80A4-F6661304F689}.Debug|x64.Build.0 = Debug|x64
		{1B84E020-D9A9-45A5-80A4-F6661304F689}.Debug|x86.ActiveCfg = Debug|Win32
		{1B84E020-D9A9-45A5-80A4-F6661304F689}.Debug|x86.Build.0 = Debug|Win32
		{1B84E020-D9A9-45A5-80A4-F6661304F689}.Release|x64.ActiveCfg = Release|x64
		{1B84E020-D9A9-45A5-80A4-F6661304F689}.Release|x64.Build.0 = Release|x64
		{1B84E020-D9A9-45A5-80A4-F6661304F689}.Release|x86.ActiveCfg = Release|Win32
		{1B84E020-D9A9-45A5-80A4-F6661304F689}.Release|x86.Build.0 = Release|Win32
		{E8D1BD76-5B37-4BAE-B629-E09A474B91CB}.Debug|x64.ActiveCfg = Debug|x64
		{E8D1BD76-5B37-4BAE-B629-E09A474B91CB}.Debug|x64.Build.0 = Debug|x64
		{E8D1BD76-5B37-4BAE-B629-E09A474B91CB}.Debug|x86.ActiveCfg = Debug|Win32
		{E8D1BD76-5B37-4BAE-B629-E09A474B91CB}.Debug|x86.Build.0 = Debug|Win32
		{E8D1BD76-5B37-4BAE-B629-E09A474B91CB}.Release|x64.ActiveCfg = Release|x64
		{E8D1BD76-5B37-4BAE-B629-E09A474B91CB}.Release|x64.Build.0 = Release|x64
		{E8D1BD76-5B37-4BAE-B629-E09A474B91CB}.Release|x86.ActiveCfg = Release|Win32
		{E8D1BD76-5B37-4BAE-B629-E09A474B91CB}.Release|x86.Build.0 = Release|Win32
		{C2AF4442-037B-49D0-BC9D-F07C291B1AC0}.Debug|x64.ActiveCfg = Debug|x64
		{C2AF4442-037B-49D0-BC9D-F07C291B1AC0}.Debug|x64.Build.0 = Debug|x64
		{C2AF4442-037B-49D0-BC9D-F07C291B1AC0}.Debug|x86.ActiveCfg = Debug|Win32
		{C2AF4442-037B-49D0-BC9D-F07C291B1AC0}.Debug|x86.Build.0 = Debug|Win32
		{C2AF4442-037B-49D0-BC9D-F07C291B1AC0}.Release|x64.ActiveCfg = Release|x64
		{C2AF4442-037B-49D0-BC9D-F07C291B1AC0}.Release|x64.Build.0 = Release|x64
		{C2AF4442-037B-49D0-BC9D-F07C291B1AC0}.Release|x86.ActiveCfg = Release|Win32
		{C2AF4442-037B-49D0-BC9D-F07C291B1AC0}.Release|x86.Build.0 = Release|Win32
		{D37F0750-2C80-468B-976A-5C6EAB39ED52}.Debug|x64.ActiveCfg = Debug|x64
		{D37F0750-2C80-468B-976A-5C6EAB39ED52}.Debug|x64.Build.0 = Debug|x64
		{D37F0750-2C80-468B-976A-5C6EAB39ED52}.Debug|x86.ActiveCfg = Debug|Win32
		{D37F0750-2C80-468B-976A-5C6EAB39ED52}.Debug|x86.Build.0 = Debug|Win32
		{D37F0750-2C80-468B-976A-5C6EAB39ED52}.Release|x64.ActiveCfg = Release|x64
		{D37F0750-2C80-468B-976A-5C6EAB39ED52}.Release|x64.Build.0 = Release|x64
		{D37F0750-2C80-468B-976A-5C6EAB39ED52}.Release|x86.ActiveCfg = Release|Win32
		{D37F0750-2C80-468B-976A-5C6EAB39ED52}.Release|x86.Build.0 = Release|Win32
		{C6E14564-0A44-493A-9FC8-F1CE3758DBCC}.Debug|x64.ActiveCfg = Debug|x64
		{C6E14564-0A44-493A-9FC8-F1CE3758DBCC}.Debug|x64.Build.0 = Debug|x64
		{C6E14564-0A44-493A-9FC8-F1CE3758DBCC}.Debug|x86.ActiveCfg = Debug|Win32
		{C6E14564-0A44-493A-9FC8-F1CE3758DBCC}.Debug|x86.Build.0 = Debug|Win32
		{C6E14564-0A44-493A-9FC8-F1CE3758DBCC}.Release|x64.ActiveCfg = Release|x64
		{C6E14564-0A44-493A-9FC8-F1CE3758DBCC}.Release|x64.Build.0 = Release|x64
		{C6E14564-0A44-493A-9FC8-F1CE3758DBCC}.Release|x86.ActiveCfg = Release|Win32
		{C6E14564-0A44-493A-9FC8-F1CE3758DBCC}.Release|x86.Build.0 = Release|Win32
		{F916093C-4490-4482-9E8D-3CF6728CA4DD}.Debug|x64.ActiveCfg = Debug|x64
		{F916093C-4490-4482-9E8D-3CF6728CA4DD}.Debug|x64.Build.0 = Debug|x64
		{F916093C-4490-4482-9E8D-3CF6728CA4DD}.Debug|x86.ActiveCfg = Debug|Win32
		{F916093C-4490-4482-9E8D-3CF6728CA4DD}.Debug|x86.Build.0 = Debug|Win32
		{F916093C-4490-4482-9E8D-3CF6728CA4DD}.Release|x64.ActiveCfg = Release|x64
		{F916093C-4490-4482-9E8D-3CF6728CA4DD}.Release|x64.Build.0 = Release|x64
		{F916093C-4490-4482-9E8D-3CF6728CA4DD}.Release|x86.ActiveCfg = Release|Win32
		{F916093C-4490-4482-9E8D-3CF6728CA4DD}.Release|x86.Build.0 = Release|Win32
		{5BD1B60D-F26F-4A4F-83D8-F6413D94F3BF}.Debug|x64.ActiveCfg = Debug|x64
		{5BD1B60D-F26F-4A4F-83D8-F6413D94F3BF}.Debug|x64.Build.0 = Debug|x64
		{5BD1B60D-F26F-4A4F-83D8-F6413D94F3BF}.Debug|x86.ActiveCfg = Debug|Win32
		{5BD1B60D-F26F-4A4F-83D8-F6413D94F3BF}.Debug|x86.Build.0 = Debug|Win32
		{5BD1B60D-F26F-4A4F-83D8-F6413D94F3BF}.Release|x64.ActiveCfg = Release|x64
		{5BD1B60D-F26F-4A4F-83D8-F6413D94F3BF}.Release|x64.Build.0 = Release|x64
		{5BD1B60D-F26F-4A4F-83D8-F6413D94F3BF}.Release|x86.ActiveCfg = Release|Win32
		{5BD1B60D-F26F-4A4F-83D8-F6413D94F3BF}.Release|x86.Build.0 = Release|Win32
		{C72F3510-E13C-445D-B84C-01D0EB0B4587}.Debug|x64.ActiveCfg = Debug|x64
		{C72F3510-E13C-445D-B84C-01D0EB0B4587}.Debug|x64.Build.0 = Debug|x64
		{C72F3510-E13C-445D-B84C-01D0EB0B4587}.Debug|x86.ActiveCfg = Debug|Win32
		{C72F3510-E13C-445D-B84C-01D0EB0B4587}.Debug|x86.Build.0 = Debug|Win32
		{C72F3510-E13C-445D-B84C-01D0EB0B4587}.Release|x64.ActiveCfg = Release|x64
		{C72F3510-E13C-445D-B84C-01D0EB0B4587}.Release|x64.Build.0 = Release|x64
		{C72F3510-E13C-445D-B84C-01D0EB0B4587}.Release|x86.ActiveCfg = Release|Win32
		{C72F3510-E13C-445D-B84C-01D0EB0B4587}.Release|x86.Build.0 = Release|Win32
		{02AFE429-D5BE-4648-B657-3B32C3F8AF26}.Debug|x64.ActiveCfg = Debug|x64
		{02AFE429-D5BE-4648-B657-3B32C3F8AF26}.Debug|x64.Build.0 = Debug|x64
		{02AFE429-D5BE-4648-B657-3B32C3F8AF26}.Debug|x86.ActiveCfg = Debug|Win32
		{02AFE429-D5BE-4648-B657-3B32C3F8AF26}.Debug|x86.Build.0 = Debug|Win32
		{02AFE429-D5BE-4648-B657-3B32C3F8AF26}.Release|x64.ActiveCfg = Release|x64
		{02AFE429-D5BE-4648-B657-3B32C3F8AF26}.Release|x64.Build.0 = Release|x64
		{02AFE429-D5BE-4648-B657-3B32C3F8AF26}.Release|x86.ActiveCfg = Release|Win32
		{02AFE429-D5BE-4648-B657-3B32C3F8AF26}.Release|x86.Build.0 = Release|Win32
		{F9D066C3-F054-405B-8FF1-013A527D7E61}.Debug|x64.ActiveCfg = Debug|x64
		{F9D066C3-F054-405B-8FF1-013A527D7E61}.Debug|x64.Build.0 = Debug|x64
		{F9D066C3-F054-405B-8FF1-013A527D7E61}.Debug|x86.ActiveCfg = Debug|Win32
		{F9D066C3-F054-405B-8FF1-013A527D7E61}.Debug|x86.Build.0 = Debug|Win32
		{F9D066C3-F054-405B-8FF1-013A527D7E61}.Release|x64.ActiveCfg = Release|x64
		{F9D066C3-F054-405B-8FF1-013A527D7E61}.Release|x64.Build.0 = Release|x64
		{F9D066C3-F054-405B-8FF1-013A527D7E61}.Release|x86.ActiveCfg = Release|Win32
		{F9D066C3-F054-405B-8FF1-013A527D7E61}.Release|x86.Build.0 = Release|Win32
		{CCA1E703-028D-4C4A-AB65-27292022487F}.Debug|x64.ActiveCfg = Debug|x64
		{CCA1E703-028D-4C4A-AB65-27292022487F}.Debug|x64.Build.0 = Debug|x64
		{CCA1E703-028D-4C4A-AB65-27292022487F}.Debug|x86.ActiveCfg = Debug|Win32
		{CCA1E703-028D-4C4A-AB65-27292022487F}.Debug|x86.Build.0 = Debug|Win32
		{CCA1E703-028D-4C4A-AB65-27292022487F}.Release|x64.ActiveCfg = Release|x64
		{CCA1E703-028D-4C4A-AB65-27292022487F}.Release|x64.Build.0 = Release|x64
		{CCA1E703-028D-4C4A-AB65-27292022487F}.Release|x86.ActiveCfg = Release|Win32
		{CCA1E703-028D-4C4A-AB65-27292022487F}.Release|x86.Build.0 = Release|Win32
		{E9CCE655-B502-41CB-8D78-B72AF772E398}.Debug|x64.ActiveCfg = Debug|x64
		{E9CCE655-B502-41CB-8D78-B72AF772E398}.Debug|x64.Build.0 = Debug|x64
		{E9CCE655-B502-41CB-8D78-B72AF772E398}.Debug|x86.ActiveCfg = Debug|Win32
		{E9CCE655-B502-41CB-8D78-B72AF772E398}.Debug|x86.Build.0 = Debug|Win32
		{E9CCE655-B502-41CB-8D78-B72AF772E398}.Release|x64.ActiveCfg = Release|x64
		{E9CCE655-B502-41CB-8D78-B72AF772E398}.Release|x64.Build.0 = Release|x64
		{E9CCE655-B502-41CB-8D78-B72AF772E398}.Release|x86.ActiveCfg = Release|Win32
		{E9CCE655-B502-41CB-8D78-B72AF772E398}.Release|x86.Build.0 = Release|Win32
		{2ED50E53-D192-43BC-A99E-F3D1C4D6DC6F}.Debug|x64.ActiveCfg = Debug|x64
		{2ED50E53-D192-43BC-A99E-F3D1C4D6DC6F}.Debug|x64.Build.0 = Debug|x64
		{2ED50E53-D192-43BC-A99E-F3D1C4D6DC6F}.Debug|x86.ActiveCfg = Debug|Win32
		{2ED50E53-D192-43BC-A99E-F3D1C4D6DC6F}.Debug|x86.Build.0 = Debug|Win32
		{2ED50E53-D192-43BC-A99E-F3D1C4D6DC6F}.Release|x64.ActiveCfg = Release|x64
		{2ED50E53-D192-43BC-A99E-F3D1C4D6DC6F}.Release|x64.Build.0 = Release|x64
		{2ED50E53-D192-43BC-A99E-F3D1C4D6DC6F}.Release|x86.ActiveCfg = Release|Win32
		{2ED50E53-D192-43BC-A99E-F3D1C4D6DC6F}.Release|x86.Build.0 = Release|Win32
		{8EE88274-0EB6-4E46-95E8-3AA9F8DD45D6}.Debug|x64.ActiveCfg = Debug|x64
		{8EE88274-0EB6-4E46-95E8-3AA9F8DD45D6}.Debug|x64.Build.0 = Debug|x64
		{8EE88274-0EB6-4E46-95E8-3AA9F8DD45D6}.Debug|x86.ActiveCfg = Debug|Win32
		{8EE88274-0EB6-4E46-95E8-3AA9F8DD45D6}.Debug|x86.Build.0 = Debug|Win32
		{8EE88274-0EB6-4E46-95E8-3AA9F8DD45D6}.Release|x64.ActiveCfg = Release|x64
		{8EE88274-0EB6-4E46-95E8-3AA9F8DD45D6}.Release|x64.Build.0 = Release|x64
		{8EE88274-0EB6-4E46-95E8-3AA9F8DD45D6}.Release|x86.ActiveCfg = Release|Win32
		{8EE88274-0EB6-4E46-95E8-3AA9F8DD45D6}.Release|x86.Build.0 = Release|Win32
		{A80F2942-0DEE-42C8-8B3B-9431291EC7FE}.Debug|x64.ActiveCfg = Debug|x64
		{A80F2942-0DEE-42C8-8B3B-9431291EC7FE}.Debug|x64.Build.0 = Debug|x64
		{A80F2942-0DEE-42C8-8B3B-9431291EC7FE}.Debug|x86.ActiveCfg = Debug|Win32
		{A80F2942-0DEE-42C8-8B3B-9431291EC7FE}.Debug|x86.Build.0 = Debug|Win32
		{A80F2942-0DEE-42C8-8B3B-9431291EC7FE}.Release|x64.ActiveCfg = Release|x64
		{A80F2942-0DEE-42C8-8B3B-9431291EC7FE}.Release|x64.Build.0 = Release|x64
		{A80F2942-0DEE-42C8-8B3B-9431291EC7FE}.Release|x86.ActiveCfg = Release|Win32
		{A80F2942-0DEE-42C8-8B3B-9431291EC7FE}.Release|x86.Build.0 = Release|Win32
		{146A2572-4309-41CA-BB96-0BBC90798190}.Debug|x64.ActiveCfg = Debug|x64
		{146A2572-4309-41CA-BB96-0BBC90798190}.Debug|x64.Build.0 = Debug|x64
		{146A2572-4309-41CA-BB96-0BBC90798190}.Debug|x86.ActiveCfg = Debug|Win32
		{146A2572-4309-41CA-BB96-0BBC90798190}.Debug|x86.Build.0 = Debug|Win32
		{146A2572-4309-41CA-BB96-0BBC90798190}.Release|x64.ActiveCfg = Release|x64
		{146A2572-4309-41CA-BB96-0BBC90798190}.Release|x64.Build.0 = Release|x64
		{146A2572-4309-41CA-BB96-0BBC90798190}.Release|x86.ActiveCfg = Release|Win32
		{146A2572-4309-41CA-BB96-0BBC90798190}.Release|x86.Build.0 = Release|Win32
		{4648FD0D-3978-4C8D-BFA6-8F0AE30EEDF0}.Debug|x64.ActiveCfg = Debug|x64
		{4648FD0D-3978-4C8D-BFA6-8F0AE30EEDF0}.Debug|x64.Build.0 = Debug|x64
		{4648FD0D-3978-4C8D-BFA6-8F0AE30EEDF0}.Debug|x86.ActiveCfg = Debug|Win32
		{4648FD0D-3978-4C8D-BFA6-8F0AE30EEDF0}.Debug|x86.Build.0 = Debug|Win32
		{4648FD0D-3978-4C8D-BFA6-8F0AE30EEDF0}.Release|x64.ActiveCfg = Release|x64
		{4648FD0D-3978-4C8D-BFA6-8F0AE30EEDF0}.Release|x64.Build.0 = Release|x64
		{4648FD0D-3978-4C8D-BFA6-8F0AE30EEDF0}.Release|x86.ActiveCfg = Release|Win32
		{4648FD0D-3978-4C8D-BFA6-8F0AE30EEDF0}.Release|x86.Build.0 = Release|Win32
		{7EA42CD6-A23C-424F-BB3C-2B07D8F0F200}.Debug|x64.ActiveCfg = Debug|x64
		{7EA42CD6-A23C-424F-BB3C-2B07D8F0F200}.Debug|x64.Build.0 = Debug|x64
		{7EA42CD6-A23C-424F-BB3C-2B07D8F0F200}.Debug|x86.ActiveCfg = Debug|Win32
		{7EA42CD6-A23C-424F-BB3C-2B07D8F0F200}.Debug|x86.Build.0 = Debug|Win32
		{7EA42CD6-A23C-424F-BB3C-2B07D8F0F200}.Release|x64.ActiveCfg = Release|x64
		{7EA42CD6-A23C-424F-BB3C-2B07D8F0F200}.Release|x64.Build.0 = Release|x64
		{7EA42CD6-A23C-424F-BB3C-2B07D8F0F200}.Release|x86.ActiveCfg = Release|Win32
		{7EA42CD6-A23C-424F-BB3C-2B07D8F0F200}.Release|x86.Build.0 = Release|Win32
		{C9D3B015-C373-468E-BCCF-4196628EF3AD}.Debug|x64.ActiveCfg = Debug|x64
		{C9D3B015-C373-468E-BCCF-4196628EF3AD}.Debug|x64.Build.0 = Debug|x64
		{C9D3B015-C373-468E-BCCF-4196628EF3AD}.Debug|x86.ActiveCfg = Debug|Win32
		{C9D3B015-C373-468E-BCCF-4196628EF3AD}.Debug|x86.Build.0 = Debug|Win32
		{C9D3B015-C373-468E-BCCF-4196628EF3AD}.Release|x64.ActiveCfg = Release|x64
		{C9D3B015-C373-468E-BCCF-4196628EF3AD}.Release|x64.Build.0 = Release|x64
		{C9D3B015-C373-468E-BCCF-4196628EF3AD}.Release|x86.ActiveCfg = Release|Win32
		{C9D3B015-C373-468E-BCCF-4196628EF3AD}.Release|x86.Build.0 = Release|Win32
		{02D3367E-7D9A-4A22-A4D2-D9F89FFF2C6B}.Debug|x64.ActiveCfg = Debug|x64
		{02D3367E-7D9A-4A22-A4D2-D9F89FFF2C6B}.Debug|x64.Build.0 = Debug|x64
		{02D3367E-7D9A-4A22-A4D2-D9F89FFF2C6B}.Debug|x86.ActiveCfg = Debug|Win32
		{02D3367E-7D9A-4A22-A4D2-D9F89FFF2C6B}.Debug|x86.Build.0 = Debug|Win32
		{02D3367E-7D9A-4A22-A4D2-D9F89FFF2C6B}.Release|x64.ActiveCfg = Release|x64
		{02D3367E-7D9A-4A22-A4D2-D9F89FFF2C6B}.Release|x64.Build.0 = Release|x64
		{02D3367E-7D9A-4A22-A4D2-D9F89FFF2C6B}.Release|x86.ActiveCfg = Release|Win32
		{02D3367E-7D9A-4A22-A4D2-D9F89FFF2C6B}.Release|x86.Build.0 = Release|Win32
		{2ADC6A06-A949-4D8A-91D6-09347866E657}.Debug|x64.ActiveCfg = Debug|x64
		{2ADC6A06-A949-4D8A-91D6-09347866E657}.Debug|x64.Build.0 = Debug|x64
		{2ADC6A06-A949-4D8A-91D6-09347866E657}.Debug|x86.ActiveCfg = Debug|Win32
		{2ADC6A06-A949-4D8A-91D6-09347866E657}.Debug|x86.Build.0 = Debug|Win32
		{2ADC6A06-A949-4D8A-91D6-09347866E657}.Release|x64.ActiveCfg = Release|x64
		{2ADC6A06-A949-4D8A-91D6-09347866E657}.Release|x64.Build.0 = Release|x64
		{2ADC6A06-A949-4D8A-91D6-09347866E657}.Release|x86.ActiveCfg = Release|Win32
		{2ADC6A06-A949-4D8A-91D6-09347866E657}.Release|x86.Build.0 = Release|Win32
		{2353ECD9-4837-40A3-89CD-970CB579AA31}.Debug|x64.ActiveCfg = Debug|x64
		{2353ECD9-4837-40A3-89CD-970CB579AA31}.Debug|x64.Build.0 = Debug|x64
		{2353ECD9-4837-40A3-89CD-970CB579AA31}.Debug|x86.ActiveCfg = Debug|Win32
		{2353ECD9-4837-40A3-89CD-970CB579AA31}.Debug|x86.Build.0 = Debug|Win32
		{2353ECD9-4837-40A3-89CD-970CB579AA31}.Release|x64.ActiveCfg = Release|x64
		{2353ECD9-4837-40A3-89CD-970CB579AA31}.Release|x64.Build.0 = Release|x64
		{2353ECD9-4837-40A3-89CD-970CB579AA31}.Release|x86.ActiveCfg = Release|Win32
		{2353ECD9-4837-40A3-89CD-970CB579AA31}.Release|x86.Build.0 = Release|Win32
		{50C1616E-DC74-4402-B9FF-325838CE901F}.Debug|x64.ActiveCfg = Debug|x64
		{50C1616E-DC74-4402-B9FF-325838CE901F}.Debug|x64.Build.0 = Debug|x64
		{50C1616E-DC74-4402-B9FF-325838CE901F}.Debug|x86.ActiveCfg = Debug|Win32
		{50C1616E-DC74-4402-B9FF-325838CE901F}.Debug|x86.Build.0 = Debug|Win32
		{50C1616E-DC74-4402-B9FF-325838CE901F}.Release|x64.ActiveCfg = Release|x64
		{50C1616E-DC74-4402-B9FF-325838CE901F}.Release|x64.Build.0 = Release|x64
		{50C1616E-DC74-4402-B9FF-325838CE901F}.Release|x86.ActiveCfg = Release|Win32
		{50C1616E-DC74-4402-B9FF-325838CE901F}.Release|x86.Build.0 = Release|Win32
	EndGlobalSection
	GlobalSection(SolutionProperties) = preSolution
		HideSolutionNode = FALSE
	EndGlobalSection
EndGlobal
