
Microsoft Visual Studio Solution File, Format Version 12.00
# Visual Studio 14
VisualStudioVersion = 14.0.24720.0
MinimumVisualStudioVersion = 10.0.40219.1
Project("{8BC9CEB8-8B4A-11D0-8D11-00A0C91BC942}") = "P11657 타임머신", "P11657 타임머신\P11657 타임머신.vcxproj", "{37D420E5-947F-4F03-98B9-0F0C1F5B93D5}"
EndProject
Project("{8BC9CEB8-8B4A-11D0-8D11-00A0C91BC942}") = "P1865 웜홀", "P1865 웜홀\P1865 웜홀.vcxproj", "{6CE03A19-5C50-4736-BA59-053E087CA65B}"
EndProject
Project("{8BC9CEB8-8B4A-11D0-8D11-00A0C91BC942}") = "P1398 동전 문제", "P1398 동전 문제\P1398 동전 문제.vcxproj", "{F612AA33-0456-4169-8CCE-A60B7B4BE99D}"
EndProject
Project("{8BC9CEB8-8B4A-11D0-8D11-00A0C91BC942}") = "P11662 민호와 강호", "P11662 민호와 강호\P11662 민호와 강호.vcxproj", "{8426ED84-EDFE-48E2-A994-1E5AC84A5DD4}"
EndProject
Project("{8BC9CEB8-8B4A-11D0-8D11-00A0C91BC942}") = "P11728 배열 합치기", "P11728 배열 합치기\P11728 배열 합치기.vcxproj", "{F4D4BC08-11C0-44EF-BF2D-9DD4CD77A6DD}"
EndProject
Project("{8BC9CEB8-8B4A-11D0-8D11-00A0C91BC942}") = "P1780 종이의 개수", "P1780 종이의 개수\P1780 종이의 개수.vcxproj", "{D412F99B-4A20-4B28-A10B-C0BDA48925E1}"
EndProject
Project("{8BC9CEB8-8B4A-11D0-8D11-00A0C91BC942}") = "P11729 하노이 탑 이동 순서", "P11729 하노이 탑 이동 순서\P11729 하노이 탑 이동 순서.vcxproj", "{AF131683-D4FB-4094-854A-905B6D715092}"
EndProject
Project("{8BC9CEB8-8B4A-11D0-8D11-00A0C91BC942}") = "P2447 별찍기 - 10", "P2447 별찍기 - 10\P2447 별찍기 - 10.vcxproj", "{F7FD8F9B-F77C-4AC1-93DF-AFC2A07D5E30}"
EndProject
Project("{8BC9CEB8-8B4A-11D0-8D11-00A0C91BC942}") = "P1992 쿼드트리", "P1992 쿼드트리\P1992 쿼드트리.vcxproj", "{D94AE981-DF27-46BB-996F-DD1C7FBF1150}"
EndProject
Project("{8BC9CEB8-8B4A-11D0-8D11-00A0C91BC942}") = "P2448 별찍기 - 11", "P2448 별찍기 - 11\P2448 별찍기 - 11.vcxproj", "{F60DBC16-2BF8-420A-B7F5-7713C241533C}"
EndProject
Project("{8BC9CEB8-8B4A-11D0-8D11-00A0C91BC942}") = "P1517 버블 소트", "P1517 버블 소트\P1517 버블 소트.vcxproj", "{FEB1FC16-FBC6-4BEE-B626-7B2D134B050B}"
EndProject
Project("{8BC9CEB8-8B4A-11D0-8D11-00A0C91BC942}") = "P2261 가장 가까운 두 점", "P2261 가장 가까운 두 점\P2261 가장 가까운 두 점.vcxproj", "{21959303-3B2D-401B-B18F-9DC94B2C2B53}"
EndProject
Project("{8BC9CEB8-8B4A-11D0-8D11-00A0C91BC942}") = "P11047 동전 0", "P11047 동전 0\P11047 동전 0.vcxproj", "{87302D6E-C3CA-4709-BF86-AAECC835A869}"
EndProject
Project("{8BC9CEB8-8B4A-11D0-8D11-00A0C91BC942}") = "P2875 대회 or 인턴", "P2875 대회 or 인턴\P2875 대회 or 인턴.vcxproj", "{22DDCB8B-FD5D-4C2C-BDFB-399FCECE486F}"
EndProject
Project("{8BC9CEB8-8B4A-11D0-8D11-00A0C91BC942}") = "P10610 30", "P10610 30\P10610 30.vcxproj", "{F409F08E-3D5E-44F1-BBA5-A608B044D1D6}"
EndProject
Project("{8BC9CEB8-8B4A-11D0-8D11-00A0C91BC942}") = "P1931 회의실배정", "P1931 회의실배정\P1931 회의실배정.vcxproj", "{AFFAFFE8-BF54-42E8-B109-E636FB0C125E}"
EndProject
Project("{8BC9CEB8-8B4A-11D0-8D11-00A0C91BC942}") = "P1517 버블소트 BIT", "P1517 버블소트 BIT\P1517 버블소트 BIT.vcxproj", "{268B8362-3475-494F-877F-D65DDB3591EE}"
EndProject
Project("{8BC9CEB8-8B4A-11D0-8D11-00A0C91BC942}") = "P2873 롤러코스터", "P2873 롤러코스터\P2873 롤러코스터.vcxproj", "{6F0EB4C4-EA38-4968-9ACF-4826B1867127}"
EndProject
Project("{8BC9CEB8-8B4A-11D0-8D11-00A0C91BC942}") = "P1744 수 묶기", "P1744 수 묶기\P1744 수 묶기.vcxproj", "{43A73E39-409B-4B6C-92A1-7FD5E536E0BF}"
EndProject
Project("{8BC9CEB8-8B4A-11D0-8D11-00A0C91BC942}") = "P1476 날짜 계산", "P1476 날짜 계산\P1476 날짜 계산.vcxproj", "{B87C46BB-3DBB-4605-867D-EC6765D91F4A}"
EndProject
Project("{8BC9CEB8-8B4A-11D0-8D11-00A0C91BC942}") = "P1451 직사각형으로 나누기", "P1451 직사각형으로 나누기\P1451 직사각형으로 나누기.vcxproj", "{65BCAA0F-81C6-491E-A9BE-BC9F8DF7BA00}"
EndProject
Project("{8BC9CEB8-8B4A-11D0-8D11-00A0C91BC942}") = "P1697 숨바꼭질", "P1697 숨바꼭질\P1697 숨바꼭질.vcxproj", "{C3063411-2EA7-4E2F-A077-7245B371D4DA}"
EndProject
Project("{8BC9CEB8-8B4A-11D0-8D11-00A0C91BC942}") = "P1963 소수 경로", "P1963 소수 경로\P1963 소수 경로.vcxproj", "{5CA37D0C-114F-462A-BDE3-9B5B5658F63B}"
EndProject
Global
	GlobalSection(SolutionConfigurationPlatforms) = preSolution
		Debug|x64 = Debug|x64
		Debug|x86 = Debug|x86
		Release|x64 = Release|x64
		Release|x86 = Release|x86
	EndGlobalSection
	GlobalSection(ProjectConfigurationPlatforms) = postSolution
		{37D420E5-947F-4F03-98B9-0F0C1F5B93D5}.Debug|x64.ActiveCfg = Debug|x64
		{37D420E5-947F-4F03-98B9-0F0C1F5B93D5}.Debug|x64.Build.0 = Debug|x64
		{37D420E5-947F-4F03-98B9-0F0C1F5B93D5}.Debug|x86.ActiveCfg = Debug|Win32
		{37D420E5-947F-4F03-98B9-0F0C1F5B93D5}.Debug|x86.Build.0 = Debug|Win32
		{37D420E5-947F-4F03-98B9-0F0C1F5B93D5}.Release|x64.ActiveCfg = Release|x64
		{37D420E5-947F-4F03-98B9-0F0C1F5B93D5}.Release|x64.Build.0 = Release|x64
		{37D420E5-947F-4F03-98B9-0F0C1F5B93D5}.Release|x86.ActiveCfg = Release|Win32
		{37D420E5-947F-4F03-98B9-0F0C1F5B93D5}.Release|x86.Build.0 = Release|Win32
		{6CE03A19-5C50-4736-BA59-053E087CA65B}.Debug|x64.ActiveCfg = Debug|x64
		{6CE03A19-5C50-4736-BA59-053E087CA65B}.Debug|x64.Build.0 = Debug|x64
		{6CE03A19-5C50-4736-BA59-053E087CA65B}.Debug|x86.ActiveCfg = Debug|Win32
		{6CE03A19-5C50-4736-BA59-053E087CA65B}.Debug|x86.Build.0 = Debug|Win32
		{6CE03A19-5C50-4736-BA59-053E087CA65B}.Release|x64.ActiveCfg = Release|x64
		{6CE03A19-5C50-4736-BA59-053E087CA65B}.Release|x64.Build.0 = Release|x64
		{6CE03A19-5C50-4736-BA59-053E087CA65B}.Release|x86.ActiveCfg = Release|Win32
		{6CE03A19-5C50-4736-BA59-053E087CA65B}.Release|x86.Build.0 = Release|Win32
		{F612AA33-0456-4169-8CCE-A60B7B4BE99D}.Debug|x64.ActiveCfg = Debug|x64
		{F612AA33-0456-4169-8CCE-A60B7B4BE99D}.Debug|x64.Build.0 = Debug|x64
		{F612AA33-0456-4169-8CCE-A60B7B4BE99D}.Debug|x86.ActiveCfg = Debug|Win32
		{F612AA33-0456-4169-8CCE-A60B7B4BE99D}.Debug|x86.Build.0 = Debug|Win32
		{F612AA33-0456-4169-8CCE-A60B7B4BE99D}.Release|x64.ActiveCfg = Release|x64
		{F612AA33-0456-4169-8CCE-A60B7B4BE99D}.Release|x64.Build.0 = Release|x64
		{F612AA33-0456-4169-8CCE-A60B7B4BE99D}.Release|x86.ActiveCfg = Release|Win32
		{F612AA33-0456-4169-8CCE-A60B7B4BE99D}.Release|x86.Build.0 = Release|Win32
		{8426ED84-EDFE-48E2-A994-1E5AC84A5DD4}.Debug|x64.ActiveCfg = Debug|x64
		{8426ED84-EDFE-48E2-A994-1E5AC84A5DD4}.Debug|x64.Build.0 = Debug|x64
		{8426ED84-EDFE-48E2-A994-1E5AC84A5DD4}.Debug|x86.ActiveCfg = Debug|Win32
		{8426ED84-EDFE-48E2-A994-1E5AC84A5DD4}.Debug|x86.Build.0 = Debug|Win32
		{8426ED84-EDFE-48E2-A994-1E5AC84A5DD4}.Release|x64.ActiveCfg = Release|x64
		{8426ED84-EDFE-48E2-A994-1E5AC84A5DD4}.Release|x64.Build.0 = Release|x64
		{8426ED84-EDFE-48E2-A994-1E5AC84A5DD4}.Release|x86.ActiveCfg = Release|Win32
		{8426ED84-EDFE-48E2-A994-1E5AC84A5DD4}.Release|x86.Build.0 = Release|Win32
		{F4D4BC08-11C0-44EF-BF2D-9DD4CD77A6DD}.Debug|x64.ActiveCfg = Debug|x64
		{F4D4BC08-11C0-44EF-BF2D-9DD4CD77A6DD}.Debug|x64.Build.0 = Debug|x64
		{F4D4BC08-11C0-44EF-BF2D-9DD4CD77A6DD}.Debug|x86.ActiveCfg = Debug|Win32
		{F4D4BC08-11C0-44EF-BF2D-9DD4CD77A6DD}.Debug|x86.Build.0 = Debug|Win32
		{F4D4BC08-11C0-44EF-BF2D-9DD4CD77A6DD}.Release|x64.ActiveCfg = Release|x64
		{F4D4BC08-11C0-44EF-BF2D-9DD4CD77A6DD}.Release|x64.Build.0 = Release|x64
		{F4D4BC08-11C0-44EF-BF2D-9DD4CD77A6DD}.Release|x86.ActiveCfg = Release|Win32
		{F4D4BC08-11C0-44EF-BF2D-9DD4CD77A6DD}.Release|x86.Build.0 = Release|Win32
		{D412F99B-4A20-4B28-A10B-C0BDA48925E1}.Debug|x64.ActiveCfg = Debug|x64
		{D412F99B-4A20-4B28-A10B-C0BDA48925E1}.Debug|x64.Build.0 = Debug|x64
		{D412F99B-4A20-4B28-A10B-C0BDA48925E1}.Debug|x86.ActiveCfg = Debug|Win32
		{D412F99B-4A20-4B28-A10B-C0BDA48925E1}.Debug|x86.Build.0 = Debug|Win32
		{D412F99B-4A20-4B28-A10B-C0BDA48925E1}.Release|x64.ActiveCfg = Release|x64
		{D412F99B-4A20-4B28-A10B-C0BDA48925E1}.Release|x64.Build.0 = Release|x64
		{D412F99B-4A20-4B28-A10B-C0BDA48925E1}.Release|x86.ActiveCfg = Release|Win32
		{D412F99B-4A20-4B28-A10B-C0BDA48925E1}.Release|x86.Build.0 = Release|Win32
		{AF131683-D4FB-4094-854A-905B6D715092}.Debug|x64.ActiveCfg = Debug|x64
		{AF131683-D4FB-4094-854A-905B6D715092}.Debug|x64.Build.0 = Debug|x64
		{AF131683-D4FB-4094-854A-905B6D715092}.Debug|x86.ActiveCfg = Debug|Win32
		{AF131683-D4FB-4094-854A-905B6D715092}.Debug|x86.Build.0 = Debug|Win32
		{AF131683-D4FB-4094-854A-905B6D715092}.Release|x64.ActiveCfg = Release|x64
		{AF131683-D4FB-4094-854A-905B6D715092}.Release|x64.Build.0 = Release|x64
		{AF131683-D4FB-4094-854A-905B6D715092}.Release|x86.ActiveCfg = Release|Win32
		{AF131683-D4FB-4094-854A-905B6D715092}.Release|x86.Build.0 = Release|Win32
		{F7FD8F9B-F77C-4AC1-93DF-AFC2A07D5E30}.Debug|x64.ActiveCfg = Debug|x64
		{F7FD8F9B-F77C-4AC1-93DF-AFC2A07D5E30}.Debug|x64.Build.0 = Debug|x64
		{F7FD8F9B-F77C-4AC1-93DF-AFC2A07D5E30}.Debug|x86.ActiveCfg = Debug|Win32
		{F7FD8F9B-F77C-4AC1-93DF-AFC2A07D5E30}.Debug|x86.Build.0 = Debug|Win32
		{F7FD8F9B-F77C-4AC1-93DF-AFC2A07D5E30}.Release|x64.ActiveCfg = Release|x64
		{F7FD8F9B-F77C-4AC1-93DF-AFC2A07D5E30}.Release|x64.Build.0 = Release|x64
		{F7FD8F9B-F77C-4AC1-93DF-AFC2A07D5E30}.Release|x86.ActiveCfg = Release|Win32
		{F7FD8F9B-F77C-4AC1-93DF-AFC2A07D5E30}.Release|x86.Build.0 = Release|Win32
		{D94AE981-DF27-46BB-996F-DD1C7FBF1150}.Debug|x64.ActiveCfg = Debug|x64
		{D94AE981-DF27-46BB-996F-DD1C7FBF1150}.Debug|x64.Build.0 = Debug|x64
		{D94AE981-DF27-46BB-996F-DD1C7FBF1150}.Debug|x86.ActiveCfg = Debug|Win32
		{D94AE981-DF27-46BB-996F-DD1C7FBF1150}.Debug|x86.Build.0 = Debug|Win32
		{D94AE981-DF27-46BB-996F-DD1C7FBF1150}.Release|x64.ActiveCfg = Release|x64
		{D94AE981-DF27-46BB-996F-DD1C7FBF1150}.Release|x64.Build.0 = Release|x64
		{D94AE981-DF27-46BB-996F-DD1C7FBF1150}.Release|x86.ActiveCfg = Release|Win32
		{D94AE981-DF27-46BB-996F-DD1C7FBF1150}.Release|x86.Build.0 = Release|Win32
		{F60DBC16-2BF8-420A-B7F5-7713C241533C}.Debug|x64.ActiveCfg = Debug|x64
		{F60DBC16-2BF8-420A-B7F5-7713C241533C}.Debug|x64.Build.0 = Debug|x64
		{F60DBC16-2BF8-420A-B7F5-7713C241533C}.Debug|x86.ActiveCfg = Debug|Win32
		{F60DBC16-2BF8-420A-B7F5-7713C241533C}.Debug|x86.Build.0 = Debug|Win32
		{F60DBC16-2BF8-420A-B7F5-7713C241533C}.Release|x64.ActiveCfg = Release|x64
		{F60DBC16-2BF8-420A-B7F5-7713C241533C}.Release|x64.Build.0 = Release|x64
		{F60DBC16-2BF8-420A-B7F5-7713C241533C}.Release|x86.ActiveCfg = Release|Win32
		{F60DBC16-2BF8-420A-B7F5-7713C241533C}.Release|x86.Build.0 = Release|Win32
		{FEB1FC16-FBC6-4BEE-B626-7B2D134B050B}.Debug|x64.ActiveCfg = Debug|x64
		{FEB1FC16-FBC6-4BEE-B626-7B2D134B050B}.Debug|x64.Build.0 = Debug|x64
		{FEB1FC16-FBC6-4BEE-B626-7B2D134B050B}.Debug|x86.ActiveCfg = Debug|Win32
		{FEB1FC16-FBC6-4BEE-B626-7B2D134B050B}.Debug|x86.Build.0 = Debug|Win32
		{FEB1FC16-FBC6-4BEE-B626-7B2D134B050B}.Release|x64.ActiveCfg = Release|x64
		{FEB1FC16-FBC6-4BEE-B626-7B2D134B050B}.Release|x64.Build.0 = Release|x64
		{FEB1FC16-FBC6-4BEE-B626-7B2D134B050B}.Release|x86.ActiveCfg = Release|Win32
		{FEB1FC16-FBC6-4BEE-B626-7B2D134B050B}.Release|x86.Build.0 = Release|Win32
		{21959303-3B2D-401B-B18F-9DC94B2C2B53}.Debug|x64.ActiveCfg = Debug|x64
		{21959303-3B2D-401B-B18F-9DC94B2C2B53}.Debug|x64.Build.0 = Debug|x64
		{21959303-3B2D-401B-B18F-9DC94B2C2B53}.Debug|x86.ActiveCfg = Debug|Win32
		{21959303-3B2D-401B-B18F-9DC94B2C2B53}.Debug|x86.Build.0 = Debug|Win32
		{21959303-3B2D-401B-B18F-9DC94B2C2B53}.Release|x64.ActiveCfg = Release|x64
		{21959303-3B2D-401B-B18F-9DC94B2C2B53}.Release|x64.Build.0 = Release|x64
		{21959303-3B2D-401B-B18F-9DC94B2C2B53}.Release|x86.ActiveCfg = Release|Win32
		{21959303-3B2D-401B-B18F-9DC94B2C2B53}.Release|x86.Build.0 = Release|Win32
		{87302D6E-C3CA-4709-BF86-AAECC835A869}.Debug|x64.ActiveCfg = Debug|x64
		{87302D6E-C3CA-4709-BF86-AAECC835A869}.Debug|x64.Build.0 = Debug|x64
		{87302D6E-C3CA-4709-BF86-AAECC835A869}.Debug|x86.ActiveCfg = Debug|Win32
		{87302D6E-C3CA-4709-BF86-AAECC835A869}.Debug|x86.Build.0 = Debug|Win32
		{87302D6E-C3CA-4709-BF86-AAECC835A869}.Release|x64.ActiveCfg = Release|x64
		{87302D6E-C3CA-4709-BF86-AAECC835A869}.Release|x64.Build.0 = Release|x64
		{87302D6E-C3CA-4709-BF86-AAECC835A869}.Release|x86.ActiveCfg = Release|Win32
		{87302D6E-C3CA-4709-BF86-AAECC835A869}.Release|x86.Build.0 = Release|Win32
		{22DDCB8B-FD5D-4C2C-BDFB-399FCECE486F}.Debug|x64.ActiveCfg = Debug|x64
		{22DDCB8B-FD5D-4C2C-BDFB-399FCECE486F}.Debug|x64.Build.0 = Debug|x64
		{22DDCB8B-FD5D-4C2C-BDFB-399FCECE486F}.Debug|x86.ActiveCfg = Debug|Win32
		{22DDCB8B-FD5D-4C2C-BDFB-399FCECE486F}.Debug|x86.Build.0 = Debug|Win32
		{22DDCB8B-FD5D-4C2C-BDFB-399FCECE486F}.Release|x64.ActiveCfg = Release|x64
		{22DDCB8B-FD5D-4C2C-BDFB-399FCECE486F}.Release|x64.Build.0 = Release|x64
		{22DDCB8B-FD5D-4C2C-BDFB-399FCECE486F}.Release|x86.ActiveCfg = Release|Win32
		{22DDCB8B-FD5D-4C2C-BDFB-399FCECE486F}.Release|x86.Build.0 = Release|Win32
		{F409F08E-3D5E-44F1-BBA5-A608B044D1D6}.Debug|x64.ActiveCfg = Debug|x64
		{F409F08E-3D5E-44F1-BBA5-A608B044D1D6}.Debug|x64.Build.0 = Debug|x64
		{F409F08E-3D5E-44F1-BBA5-A608B044D1D6}.Debug|x86.ActiveCfg = Debug|Win32
		{F409F08E-3D5E-44F1-BBA5-A608B044D1D6}.Debug|x86.Build.0 = Debug|Win32
		{F409F08E-3D5E-44F1-BBA5-A608B044D1D6}.Release|x64.ActiveCfg = Release|x64
		{F409F08E-3D5E-44F1-BBA5-A608B044D1D6}.Release|x64.Build.0 = Release|x64
		{F409F08E-3D5E-44F1-BBA5-A608B044D1D6}.Release|x86.ActiveCfg = Release|Win32
		{F409F08E-3D5E-44F1-BBA5-A608B044D1D6}.Release|x86.Build.0 = Release|Win32
		{AFFAFFE8-BF54-42E8-B109-E636FB0C125E}.Debug|x64.ActiveCfg = Debug|x64
		{AFFAFFE8-BF54-42E8-B109-E636FB0C125E}.Debug|x64.Build.0 = Debug|x64
		{AFFAFFE8-BF54-42E8-B109-E636FB0C125E}.Debug|x86.ActiveCfg = Debug|Win32
		{AFFAFFE8-BF54-42E8-B109-E636FB0C125E}.Debug|x86.Build.0 = Debug|Win32
		{AFFAFFE8-BF54-42E8-B109-E636FB0C125E}.Release|x64.ActiveCfg = Release|x64
		{AFFAFFE8-BF54-42E8-B109-E636FB0C125E}.Release|x64.Build.0 = Release|x64
		{AFFAFFE8-BF54-42E8-B109-E636FB0C125E}.Release|x86.ActiveCfg = Release|Win32
		{AFFAFFE8-BF54-42E8-B109-E636FB0C125E}.Release|x86.Build.0 = Release|Win32
		{268B8362-3475-494F-877F-D65DDB3591EE}.Debug|x64.ActiveCfg = Debug|x64
		{268B8362-3475-494F-877F-D65DDB3591EE}.Debug|x64.Build.0 = Debug|x64
		{268B8362-3475-494F-877F-D65DDB3591EE}.Debug|x86.ActiveCfg = Debug|Win32
		{268B8362-3475-494F-877F-D65DDB3591EE}.Debug|x86.Build.0 = Debug|Win32
		{268B8362-3475-494F-877F-D65DDB3591EE}.Release|x64.ActiveCfg = Release|x64
		{268B8362-3475-494F-877F-D65DDB3591EE}.Release|x64.Build.0 = Release|x64
		{268B8362-3475-494F-877F-D65DDB3591EE}.Release|x86.ActiveCfg = Release|Win32
		{268B8362-3475-494F-877F-D65DDB3591EE}.Release|x86.Build.0 = Release|Win32
		{6F0EB4C4-EA38-4968-9ACF-4826B1867127}.Debug|x64.ActiveCfg = Debug|x64
		{6F0EB4C4-EA38-4968-9ACF-4826B1867127}.Debug|x64.Build.0 = Debug|x64
		{6F0EB4C4-EA38-4968-9ACF-4826B1867127}.Debug|x86.ActiveCfg = Debug|Win32
		{6F0EB4C4-EA38-4968-9ACF-4826B1867127}.Debug|x86.Build.0 = Debug|Win32
		{6F0EB4C4-EA38-4968-9ACF-4826B1867127}.Release|x64.ActiveCfg = Release|x64
		{6F0EB4C4-EA38-4968-9ACF-4826B1867127}.Release|x64.Build.0 = Release|x64
		{6F0EB4C4-EA38-4968-9ACF-4826B1867127}.Release|x86.ActiveCfg = Release|Win32
		{6F0EB4C4-EA38-4968-9ACF-4826B1867127}.Release|x86.Build.0 = Release|Win32
		{43A73E39-409B-4B6C-92A1-7FD5E536E0BF}.Debug|x64.ActiveCfg = Debug|x64
		{43A73E39-409B-4B6C-92A1-7FD5E536E0BF}.Debug|x64.Build.0 = Debug|x64
		{43A73E39-409B-4B6C-92A1-7FD5E536E0BF}.Debug|x86.ActiveCfg = Debug|Win32
		{43A73E39-409B-4B6C-92A1-7FD5E536E0BF}.Debug|x86.Build.0 = Debug|Win32
		{43A73E39-409B-4B6C-92A1-7FD5E536E0BF}.Release|x64.ActiveCfg = Release|x64
		{43A73E39-409B-4B6C-92A1-7FD5E536E0BF}.Release|x64.Build.0 = Release|x64
		{43A73E39-409B-4B6C-92A1-7FD5E536E0BF}.Release|x86.ActiveCfg = Release|Win32
		{43A73E39-409B-4B6C-92A1-7FD5E536E0BF}.Release|x86.Build.0 = Release|Win32
		{B87C46BB-3DBB-4605-867D-EC6765D91F4A}.Debug|x64.ActiveCfg = Debug|x64
		{B87C46BB-3DBB-4605-867D-EC6765D91F4A}.Debug|x64.Build.0 = Debug|x64
		{B87C46BB-3DBB-4605-867D-EC6765D91F4A}.Debug|x86.ActiveCfg = Debug|Win32
		{B87C46BB-3DBB-4605-867D-EC6765D91F4A}.Debug|x86.Build.0 = Debug|Win32
		{B87C46BB-3DBB-4605-867D-EC6765D91F4A}.Release|x64.ActiveCfg = Release|x64
		{B87C46BB-3DBB-4605-867D-EC6765D91F4A}.Release|x64.Build.0 = Release|x64
		{B87C46BB-3DBB-4605-867D-EC6765D91F4A}.Release|x86.ActiveCfg = Release|Win32
		{B87C46BB-3DBB-4605-867D-EC6765D91F4A}.Release|x86.Build.0 = Release|Win32
		{65BCAA0F-81C6-491E-A9BE-BC9F8DF7BA00}.Debug|x64.ActiveCfg = Debug|x64
		{65BCAA0F-81C6-491E-A9BE-BC9F8DF7BA00}.Debug|x64.Build.0 = Debug|x64
		{65BCAA0F-81C6-491E-A9BE-BC9F8DF7BA00}.Debug|x86.ActiveCfg = Debug|Win32
		{65BCAA0F-81C6-491E-A9BE-BC9F8DF7BA00}.Debug|x86.Build.0 = Debug|Win32
		{65BCAA0F-81C6-491E-A9BE-BC9F8DF7BA00}.Release|x64.ActiveCfg = Release|x64
		{65BCAA0F-81C6-491E-A9BE-BC9F8DF7BA00}.Release|x64.Build.0 = Release|x64
		{65BCAA0F-81C6-491E-A9BE-BC9F8DF7BA00}.Release|x86.ActiveCfg = Release|Win32
		{65BCAA0F-81C6-491E-A9BE-BC9F8DF7BA00}.Release|x86.Build.0 = Release|Win32
		{C3063411-2EA7-4E2F-A077-7245B371D4DA}.Debug|x64.ActiveCfg = Debug|x64
		{C3063411-2EA7-4E2F-A077-7245B371D4DA}.Debug|x64.Build.0 = Debug|x64
		{C3063411-2EA7-4E2F-A077-7245B371D4DA}.Debug|x86.ActiveCfg = Debug|Win32
		{C3063411-2EA7-4E2F-A077-7245B371D4DA}.Debug|x86.Build.0 = Debug|Win32
		{C3063411-2EA7-4E2F-A077-7245B371D4DA}.Release|x64.ActiveCfg = Release|x64
		{C3063411-2EA7-4E2F-A077-7245B371D4DA}.Release|x64.Build.0 = Release|x64
		{C3063411-2EA7-4E2F-A077-7245B371D4DA}.Release|x86.ActiveCfg = Release|Win32
		{C3063411-2EA7-4E2F-A077-7245B371D4DA}.Release|x86.Build.0 = Release|Win32
		{5CA37D0C-114F-462A-BDE3-9B5B5658F63B}.Debug|x64.ActiveCfg = Debug|x64
		{5CA37D0C-114F-462A-BDE3-9B5B5658F63B}.Debug|x64.Build.0 = Debug|x64
		{5CA37D0C-114F-462A-BDE3-9B5B5658F63B}.Debug|x86.ActiveCfg = Debug|Win32
		{5CA37D0C-114F-462A-BDE3-9B5B5658F63B}.Debug|x86.Build.0 = Debug|Win32
		{5CA37D0C-114F-462A-BDE3-9B5B5658F63B}.Release|x64.ActiveCfg = Release|x64
		{5CA37D0C-114F-462A-BDE3-9B5B5658F63B}.Release|x64.Build.0 = Release|x64
		{5CA37D0C-114F-462A-BDE3-9B5B5658F63B}.Release|x86.ActiveCfg = Release|Win32
		{5CA37D0C-114F-462A-BDE3-9B5B5658F63B}.Release|x86.Build.0 = Release|Win32
	EndGlobalSection
	GlobalSection(SolutionProperties) = preSolution
		HideSolutionNode = FALSE
	EndGlobalSection
EndGlobal
