
Microsoft Visual Studio Solution File, Format Version 11.00
# Visual Studio 2010
Project("{8BC9CEB8-8B4A-11D0-8D11-00A0C91BC942}") = "p10189 - Minesweeper", "p10189 - Minesweeper\p10189 - Minesweeper.vcxproj", "{9AF735B2-9E56-44D0-B0CD-1AC45BBB7D55}"
EndProject
Global
	GlobalSection(SolutionConfigurationPlatforms) = preSolution
		Debug|Win32 = Debug|Win32
		Release|Win32 = Release|Win32
	EndGlobalSection
	GlobalSection(ProjectConfigurationPlatforms) = postSolution
		{9AF735B2-9E56-44D0-B0CD-1AC45BBB7D55}.Debug|Win32.ActiveCfg = Debug|Win32
		{9AF735B2-9E56-44D0-B0CD-1AC45BBB7D55}.Debug|Win32.Build.0 = Debug|Win32
		{9AF735B2-9E56-44D0-B0CD-1AC45BBB7D55}.Release|Win32.ActiveCfg = Release|Win32
		{9AF735B2-9E56-44D0-B0CD-1AC45BBB7D55}.Release|Win32.Build.0 = Release|Win32
	EndGlobalSection
	GlobalSection(SolutionProperties) = preSolution
		HideSolutionNode = FALSE
	EndGlobalSection
EndGlobal
