
Microsoft Visual Studio Solution File, Format Version 11.00
# Visual Studio 2010
Project("{8BC9CEB8-8B4A-11D0-8D11-00A0C91BC942}") = "A. ACM 호텔", "A. ACM 호텔\A. ACM 호텔.vcxproj", "{0F1CE12C-3D06-4E99-940D-BA7099887A62}"
EndProject
Project("{8BC9CEB8-8B4A-11D0-8D11-00A0C91BC942}") = "C. 그리드 그래프", "C. 그리드 그래프\C. 그리드 그래프.vcxproj", "{F3730478-4E95-4B1A-8828-6C652380F608}"
EndProject
Project("{8BC9CEB8-8B4A-11D0-8D11-00A0C91BC942}") = "D. 헨리", "D. 헨리\D. 헨리.vcxproj", "{997358CE-AB5C-4FB4-99EE-B7FAAF7AA6B9}"
EndProject
Project("{8BC9CEB8-8B4A-11D0-8D11-00A0C91BC942}") = "J. 스위치 배열", "J. 스위치 배열\J. 스위치 배열.vcxproj", "{1DB25052-C316-48CC-BD8D-E2F2765D79C5}"
EndProject
Global
	GlobalSection(SolutionConfigurationPlatforms) = preSolution
		Debug|Win32 = Debug|Win32
		Release|Win32 = Release|Win32
	EndGlobalSection
	GlobalSection(ProjectConfigurationPlatforms) = postSolution
		{0F1CE12C-3D06-4E99-940D-BA7099887A62}.Debug|Win32.ActiveCfg = Debug|Win32
		{0F1CE12C-3D06-4E99-940D-BA7099887A62}.Debug|Win32.Build.0 = Debug|Win32
		{0F1CE12C-3D06-4E99-940D-BA7099887A62}.Release|Win32.ActiveCfg = Release|Win32
		{0F1CE12C-3D06-4E99-940D-BA7099887A62}.Release|Win32.Build.0 = Release|Win32
		{F3730478-4E95-4B1A-8828-6C652380F608}.Debug|Win32.ActiveCfg = Debug|Win32
		{F3730478-4E95-4B1A-8828-6C652380F608}.Debug|Win32.Build.0 = Debug|Win32
		{F3730478-4E95-4B1A-8828-6C652380F608}.Release|Win32.ActiveCfg = Release|Win32
		{F3730478-4E95-4B1A-8828-6C652380F608}.Release|Win32.Build.0 = Release|Win32
		{997358CE-AB5C-4FB4-99EE-B7FAAF7AA6B9}.Debug|Win32.ActiveCfg = Debug|Win32
		{997358CE-AB5C-4FB4-99EE-B7FAAF7AA6B9}.Debug|Win32.Build.0 = Debug|Win32
		{997358CE-AB5C-4FB4-99EE-B7FAAF7AA6B9}.Release|Win32.ActiveCfg = Release|Win32
		{997358CE-AB5C-4FB4-99EE-B7FAAF7AA6B9}.Release|Win32.Build.0 = Release|Win32
		{1DB25052-C316-48CC-BD8D-E2F2765D79C5}.Debug|Win32.ActiveCfg = Debug|Win32
		{1DB25052-C316-48CC-BD8D-E2F2765D79C5}.Debug|Win32.Build.0 = Debug|Win32
		{1DB25052-C316-48CC-BD8D-E2F2765D79C5}.Release|Win32.ActiveCfg = Release|Win32
		{1DB25052-C316-48CC-BD8D-E2F2765D79C5}.Release|Win32.Build.0 = Release|Win32
	EndGlobalSection
	GlobalSection(SolutionProperties) = preSolution
		HideSolutionNode = FALSE
	EndGlobalSection
EndGlobal
