
Microsoft Visual Studio Solution File, Format Version 11.00
# Visual Studio 2010
Project("{8BC9CEB8-8B4A-11D0-8D11-00A0C91BC942}") = "P85 n-queen DFS", "P85 n-queen\P85 n-queen.vcxproj", "{5F97BA63-E10C-4214-8A09-E7A3A26289E5}"
EndProject
Project("{8BC9CEB8-8B4A-11D0-8D11-00A0C91BC942}") = "P77 두더지잡기 DFS", "P77 DFS 두더지잡기\P77 DFS 두더지잡기.vcxproj", "{625F5D9C-E62D-4464-8339-32F680AC63C7}"
EndProject
Project("{8BC9CEB8-8B4A-11D0-8D11-00A0C91BC942}") = "P97 두더지잡기 BFS", "P85 n-queens BFS\P85 n-queens BFS.vcxproj", "{1E9DAF24-DA4E-4617-A8D1-34A7AE8B3715}"
EndProject
Project("{8BC9CEB8-8B4A-11D0-8D11-00A0C91BC942}") = "P100 미로찾기", "P100 미로찾기\P100 미로찾기.vcxproj", "{CE2D71E7-3F3C-4AE9-92B4-0859F545A003}"
EndProject
Project("{8BC9CEB8-8B4A-11D0-8D11-00A0C91BC942}") = "P115 삼각화단 만들기 선형구조", "P115 삼각화단 만들기\P115 삼각화단 만들기.vcxproj", "{F1E03423-A25F-4DBD-9164-16214B9B1E55}"
EndProject
Project("{8BC9CEB8-8B4A-11D0-8D11-00A0C91BC942}") = "P118 삼각화단 만들기 비선형구조", "P118 삼각화단 만들기 비선형구조\P118 삼각화단 만들기 비선형구조.vcxproj", "{24E2813C-1A75-40C9-ACDA-371DDA8C11E0}"
EndProject
Project("{8BC9CEB8-8B4A-11D0-8D11-00A0C91BC942}") = "P128 오목", "P128 오목\P128 오목.vcxproj", "{B877B888-5058-465C-B35C-5D9812E20127}"
EndProject
Project("{8BC9CEB8-8B4A-11D0-8D11-00A0C91BC942}") = "P134 연구활동 가는길", "P134 연구활동 가는길\P134 연구활동 가는길.vcxproj", "{41395ECD-C8D4-45FE-B0AB-5C35C79A1E5C}"
EndProject
Project("{8BC9CEB8-8B4A-11D0-8D11-00A0C91BC942}") = "p140 리모컨", "p140 리모컨\p140 리모컨.vcxproj", "{B9D18D47-D64E-44E8-893E-4132AECB1CF3}"
EndProject
Project("{8BC9CEB8-8B4A-11D0-8D11-00A0C91BC942}") = "P146 오른편 절단 가능 소수", "P146 오른편 절단 가능 소수\P146 오른편 절단 가능 소수.vcxproj", "{E04DEC71-F5D5-423B-8530-1C072D9FA409}"
EndProject
Project("{8BC9CEB8-8B4A-11D0-8D11-00A0C91BC942}") = "P152 minimum sum", "P152 minimum sum\P152 minimum sum.vcxproj", "{76F26E3E-3B30-494C-8012-F9B93476F9DB}"
EndProject
Project("{8BC9CEB8-8B4A-11D0-8D11-00A0C91BC942}") = "P157 앱", "P157 앱\P157 앱.vcxproj", "{73056ACA-6D9D-4C95-9812-1DFE71D4C49F}"
EndProject
Project("{8BC9CEB8-8B4A-11D0-8D11-00A0C91BC942}") = "P162 치즈", "P162 치즈\P162 치즈.vcxproj", "{E900DCE8-C3D4-48D2-926F-7C735AB1CBF2}"
EndProject
Project("{8BC9CEB8-8B4A-11D0-8D11-00A0C91BC942}") = "P171 두 색 칠하기 인접행렬", "P171\P171.vcxproj", "{0117E9C7-1320-46D8-AFD6-B0201E929471}"
EndProject
Project("{8BC9CEB8-8B4A-11D0-8D11-00A0C91BC942}") = "P171 두 색 칠하기 인접리스트", "P171 두 색 칠하기 인접리스트\P171 두 색 칠하기 인접리스트.vcxproj", "{DC4D7396-E3A4-4632-A497-C42E5293DF99}"
EndProject
Project("{8BC9CEB8-8B4A-11D0-8D11-00A0C91BC942}") = "P178 maximum sum", "P178 maximum sum\P178 maximum sum.vcxproj", "{E2B55319-6790-4325-B349-B427520D855C}"
EndProject
Project("{8BC9CEB8-8B4A-11D0-8D11-00A0C91BC942}") = "P181 계단오르기", "P181 계단오르기\P181 계단오르기.vcxproj", "{FD85F8E2-1126-4292-A6A8-795B44793F4A}"
EndProject
Project("{8BC9CEB8-8B4A-11D0-8D11-00A0C91BC942}") = "P184 거스름돈", "P184 거스름돈\P184 거스름돈.vcxproj", "{380B9C78-60F3-4292-934F-FF2A0CAB1607}"
EndProject
Project("{8BC9CEB8-8B4A-11D0-8D11-00A0C91BC942}") = "P188 거스름돈2", "P188 거스름돈2\P188 거스름돈2.vcxproj", "{E3BA3E9A-E29C-4525-99BD-FC94000FE32E}"
EndProject
Project("{8BC9CEB8-8B4A-11D0-8D11-00A0C91BC942}") = "P190 예산 관리", "P190 예산 관리\P190 예산 관리.vcxproj", "{5251EE55-5CDD-4496-8189-87CC99166908}"
EndProject
Project("{8BC9CEB8-8B4A-11D0-8D11-00A0C91BC942}") = "P193 배낭문제", "P193 배낭문제\P193 배낭문제.vcxproj", "{E42F5393-84B0-4CD5-8715-CFAEA1BAFD1F}"
EndProject
Project("{8BC9CEB8-8B4A-11D0-8D11-00A0C91BC942}") = "P197 저울 추", "P197 저울 추\P197 저울 추.vcxproj", "{8778AC6D-D518-4FA7-A07A-DA7548C1D13C}"
EndProject
Project("{8BC9CEB8-8B4A-11D0-8D11-00A0C91BC942}") = "P200 격자 길", "P200 격자 길\P200 격자 길.vcxproj", "{9CCC87DE-15AF-4268-A851-B4AF7509BF2E}"
EndProject
Project("{8BC9CEB8-8B4A-11D0-8D11-00A0C91BC942}") = "P220 경찰차", "P220 경찰차\P220 경찰차.vcxproj", "{BFA03A6F-C4CC-43A0-9190-DD1D0FB1677D}"
EndProject
Project("{8BC9CEB8-8B4A-11D0-8D11-00A0C91BC942}") = "P238 돌다리 건너기", "P238 돌다리 건너기\P238 돌다리 건너기.vcxproj", "{45CBBA69-8A72-480D-A32B-C3DC5ED307E4}"
EndProject
Project("{8BC9CEB8-8B4A-11D0-8D11-00A0C91BC942}") = "P244 공주 구하기", "P244 공주 구하기\P244 공주 구하기.vcxproj", "{33DF377A-A682-492B-AE70-C5BAD42DCDAA}"
EndProject
Project("{8BC9CEB8-8B4A-11D0-8D11-00A0C91BC942}") = "P208 전깃줄", "P208 전깃줄\P208 전깃줄.vcxproj", "{04D6BB71-38E1-4E1F-A034-A953663C6875}"
EndProject
Project("{8BC9CEB8-8B4A-11D0-8D11-00A0C91BC942}") = "P226 좋은 수열", "P226 좋은 수열\P226 좋은 수열.vcxproj", "{8588F067-D407-48CD-BB78-49F4CDF3FA34}"
EndProject
Project("{8BC9CEB8-8B4A-11D0-8D11-00A0C91BC942}") = "P233 경비행기", "P233 경비행기\P233 경비행기.vcxproj", "{6DA2C37E-6608-47D3-904F-BEA70D0B7BDA}"
EndProject
Global
	GlobalSection(SolutionConfigurationPlatforms) = preSolution
		Debug|Win32 = Debug|Win32
		Release|Win32 = Release|Win32
	EndGlobalSection
	GlobalSection(ProjectConfigurationPlatforms) = postSolution
		{5F97BA63-E10C-4214-8A09-E7A3A26289E5}.Debug|Win32.ActiveCfg = Debug|Win32
		{5F97BA63-E10C-4214-8A09-E7A3A26289E5}.Debug|Win32.Build.0 = Debug|Win32
		{5F97BA63-E10C-4214-8A09-E7A3A26289E5}.Release|Win32.ActiveCfg = Release|Win32
		{5F97BA63-E10C-4214-8A09-E7A3A26289E5}.Release|Win32.Build.0 = Release|Win32
		{625F5D9C-E62D-4464-8339-32F680AC63C7}.Debug|Win32.ActiveCfg = Debug|Win32
		{625F5D9C-E62D-4464-8339-32F680AC63C7}.Debug|Win32.Build.0 = Debug|Win32
		{625F5D9C-E62D-4464-8339-32F680AC63C7}.Release|Win32.ActiveCfg = Release|Win32
		{625F5D9C-E62D-4464-8339-32F680AC63C7}.Release|Win32.Build.0 = Release|Win32
		{1E9DAF24-DA4E-4617-A8D1-34A7AE8B3715}.Debug|Win32.ActiveCfg = Debug|Win32
		{1E9DAF24-DA4E-4617-A8D1-34A7AE8B3715}.Debug|Win32.Build.0 = Debug|Win32
		{1E9DAF24-DA4E-4617-A8D1-34A7AE8B3715}.Release|Win32.ActiveCfg = Release|Win32
		{1E9DAF24-DA4E-4617-A8D1-34A7AE8B3715}.Release|Win32.Build.0 = Release|Win32
		{CE2D71E7-3F3C-4AE9-92B4-0859F545A003}.Debug|Win32.ActiveCfg = Debug|Win32
		{CE2D71E7-3F3C-4AE9-92B4-0859F545A003}.Debug|Win32.Build.0 = Debug|Win32
		{CE2D71E7-3F3C-4AE9-92B4-0859F545A003}.Release|Win32.ActiveCfg = Release|Win32
		{CE2D71E7-3F3C-4AE9-92B4-0859F545A003}.Release|Win32.Build.0 = Release|Win32
		{F1E03423-A25F-4DBD-9164-16214B9B1E55}.Debug|Win32.ActiveCfg = Debug|Win32
		{F1E03423-A25F-4DBD-9164-16214B9B1E55}.Debug|Win32.Build.0 = Debug|Win32
		{F1E03423-A25F-4DBD-9164-16214B9B1E55}.Release|Win32.ActiveCfg = Release|Win32
		{F1E03423-A25F-4DBD-9164-16214B9B1E55}.Release|Win32.Build.0 = Release|Win32
		{24E2813C-1A75-40C9-ACDA-371DDA8C11E0}.Debug|Win32.ActiveCfg = Debug|Win32
		{24E2813C-1A75-40C9-ACDA-371DDA8C11E0}.Debug|Win32.Build.0 = Debug|Win32
		{24E2813C-1A75-40C9-ACDA-371DDA8C11E0}.Release|Win32.ActiveCfg = Release|Win32
		{24E2813C-1A75-40C9-ACDA-371DDA8C11E0}.Release|Win32.Build.0 = Release|Win32
		{B877B888-5058-465C-B35C-5D9812E20127}.Debug|Win32.ActiveCfg = Debug|Win32
		{B877B888-5058-465C-B35C-5D9812E20127}.Debug|Win32.Build.0 = Debug|Win32
		{B877B888-5058-465C-B35C-5D9812E20127}.Release|Win32.ActiveCfg = Release|Win32
		{B877B888-5058-465C-B35C-5D9812E20127}.Release|Win32.Build.0 = Release|Win32
		{41395ECD-C8D4-45FE-B0AB-5C35C79A1E5C}.Debug|Win32.ActiveCfg = Debug|Win32
		{41395ECD-C8D4-45FE-B0AB-5C35C79A1E5C}.Debug|Win32.Build.0 = Debug|Win32
		{41395ECD-C8D4-45FE-B0AB-5C35C79A1E5C}.Release|Win32.ActiveCfg = Release|Win32
		{41395ECD-C8D4-45FE-B0AB-5C35C79A1E5C}.Release|Win32.Build.0 = Release|Win32
		{B9D18D47-D64E-44E8-893E-4132AECB1CF3}.Debug|Win32.ActiveCfg = Debug|Win32
		{B9D18D47-D64E-44E8-893E-4132AECB1CF3}.Debug|Win32.Build.0 = Debug|Win32
		{B9D18D47-D64E-44E8-893E-4132AECB1CF3}.Release|Win32.ActiveCfg = Release|Win32
		{B9D18D47-D64E-44E8-893E-4132AECB1CF3}.Release|Win32.Build.0 = Release|Win32
		{E04DEC71-F5D5-423B-8530-1C072D9FA409}.Debug|Win32.ActiveCfg = Debug|Win32
		{E04DEC71-F5D5-423B-8530-1C072D9FA409}.Debug|Win32.Build.0 = Debug|Win32
		{E04DEC71-F5D5-423B-8530-1C072D9FA409}.Release|Win32.ActiveCfg = Release|Win32
		{E04DEC71-F5D5-423B-8530-1C072D9FA409}.Release|Win32.Build.0 = Release|Win32
		{76F26E3E-3B30-494C-8012-F9B93476F9DB}.Debug|Win32.ActiveCfg = Debug|Win32
		{76F26E3E-3B30-494C-8012-F9B93476F9DB}.Debug|Win32.Build.0 = Debug|Win32
		{76F26E3E-3B30-494C-8012-F9B93476F9DB}.Release|Win32.ActiveCfg = Release|Win32
		{76F26E3E-3B30-494C-8012-F9B93476F9DB}.Release|Win32.Build.0 = Release|Win32
		{73056ACA-6D9D-4C95-9812-1DFE71D4C49F}.Debug|Win32.ActiveCfg = Debug|Win32
		{73056ACA-6D9D-4C95-9812-1DFE71D4C49F}.Debug|Win32.Build.0 = Debug|Win32
		{73056ACA-6D9D-4C95-9812-1DFE71D4C49F}.Release|Win32.ActiveCfg = Release|Win32
		{73056ACA-6D9D-4C95-9812-1DFE71D4C49F}.Release|Win32.Build.0 = Release|Win32
		{E900DCE8-C3D4-48D2-926F-7C735AB1CBF2}.Debug|Win32.ActiveCfg = Debug|Win32
		{E900DCE8-C3D4-48D2-926F-7C735AB1CBF2}.Debug|Win32.Build.0 = Debug|Win32
		{E900DCE8-C3D4-48D2-926F-7C735AB1CBF2}.Release|Win32.ActiveCfg = Release|Win32
		{E900DCE8-C3D4-48D2-926F-7C735AB1CBF2}.Release|Win32.Build.0 = Release|Win32
		{0117E9C7-1320-46D8-AFD6-B0201E929471}.Debug|Win32.ActiveCfg = Debug|Win32
		{0117E9C7-1320-46D8-AFD6-B0201E929471}.Debug|Win32.Build.0 = Debug|Win32
		{0117E9C7-1320-46D8-AFD6-B0201E929471}.Release|Win32.ActiveCfg = Release|Win32
		{0117E9C7-1320-46D8-AFD6-B0201E929471}.Release|Win32.Build.0 = Release|Win32
		{DC4D7396-E3A4-4632-A497-C42E5293DF99}.Debug|Win32.ActiveCfg = Debug|Win32
		{DC4D7396-E3A4-4632-A497-C42E5293DF99}.Debug|Win32.Build.0 = Debug|Win32
		{DC4D7396-E3A4-4632-A497-C42E5293DF99}.Release|Win32.ActiveCfg = Release|Win32
		{DC4D7396-E3A4-4632-A497-C42E5293DF99}.Release|Win32.Build.0 = Release|Win32
		{E2B55319-6790-4325-B349-B427520D855C}.Debug|Win32.ActiveCfg = Debug|Win32
		{E2B55319-6790-4325-B349-B427520D855C}.Debug|Win32.Build.0 = Debug|Win32
		{E2B55319-6790-4325-B349-B427520D855C}.Release|Win32.ActiveCfg = Release|Win32
		{E2B55319-6790-4325-B349-B427520D855C}.Release|Win32.Build.0 = Release|Win32
		{FD85F8E2-1126-4292-A6A8-795B44793F4A}.Debug|Win32.ActiveCfg = Debug|Win32
		{FD85F8E2-1126-4292-A6A8-795B44793F4A}.Debug|Win32.Build.0 = Debug|Win32
		{FD85F8E2-1126-4292-A6A8-795B44793F4A}.Release|Win32.ActiveCfg = Release|Win32
		{FD85F8E2-1126-4292-A6A8-795B44793F4A}.Release|Win32.Build.0 = Release|Win32
		{380B9C78-60F3-4292-934F-FF2A0CAB1607}.Debug|Win32.ActiveCfg = Debug|Win32
		{380B9C78-60F3-4292-934F-FF2A0CAB1607}.Debug|Win32.Build.0 = Debug|Win32
		{380B9C78-60F3-4292-934F-FF2A0CAB1607}.Release|Win32.ActiveCfg = Release|Win32
		{380B9C78-60F3-4292-934F-FF2A0CAB1607}.Release|Win32.Build.0 = Release|Win32
		{E3BA3E9A-E29C-4525-99BD-FC94000FE32E}.Debug|Win32.ActiveCfg = Debug|Win32
		{E3BA3E9A-E29C-4525-99BD-FC94000FE32E}.Debug|Win32.Build.0 = Debug|Win32
		{E3BA3E9A-E29C-4525-99BD-FC94000FE32E}.Release|Win32.ActiveCfg = Release|Win32
		{E3BA3E9A-E29C-4525-99BD-FC94000FE32E}.Release|Win32.Build.0 = Release|Win32
		{5251EE55-5CDD-4496-8189-87CC99166908}.Debug|Win32.ActiveCfg = Debug|Win32
		{5251EE55-5CDD-4496-8189-87CC99166908}.Debug|Win32.Build.0 = Debug|Win32
		{5251EE55-5CDD-4496-8189-87CC99166908}.Release|Win32.ActiveCfg = Release|Win32
		{5251EE55-5CDD-4496-8189-87CC99166908}.Release|Win32.Build.0 = Release|Win32
		{E42F5393-84B0-4CD5-8715-CFAEA1BAFD1F}.Debug|Win32.ActiveCfg = Debug|Win32
		{E42F5393-84B0-4CD5-8715-CFAEA1BAFD1F}.Debug|Win32.Build.0 = Debug|Win32
		{E42F5393-84B0-4CD5-8715-CFAEA1BAFD1F}.Release|Win32.ActiveCfg = Release|Win32
		{E42F5393-84B0-4CD5-8715-CFAEA1BAFD1F}.Release|Win32.Build.0 = Release|Win32
		{8778AC6D-D518-4FA7-A07A-DA7548C1D13C}.Debug|Win32.ActiveCfg = Debug|Win32
		{8778AC6D-D518-4FA7-A07A-DA7548C1D13C}.Debug|Win32.Build.0 = Debug|Win32
		{8778AC6D-D518-4FA7-A07A-DA7548C1D13C}.Release|Win32.ActiveCfg = Release|Win32
		{8778AC6D-D518-4FA7-A07A-DA7548C1D13C}.Release|Win32.Build.0 = Release|Win32
		{9CCC87DE-15AF-4268-A851-B4AF7509BF2E}.Debug|Win32.ActiveCfg = Debug|Win32
		{9CCC87DE-15AF-4268-A851-B4AF7509BF2E}.Debug|Win32.Build.0 = Debug|Win32
		{9CCC87DE-15AF-4268-A851-B4AF7509BF2E}.Release|Win32.ActiveCfg = Release|Win32
		{9CCC87DE-15AF-4268-A851-B4AF7509BF2E}.Release|Win32.Build.0 = Release|Win32
		{BFA03A6F-C4CC-43A0-9190-DD1D0FB1677D}.Debug|Win32.ActiveCfg = Debug|Win32
		{BFA03A6F-C4CC-43A0-9190-DD1D0FB1677D}.Debug|Win32.Build.0 = Debug|Win32
		{BFA03A6F-C4CC-43A0-9190-DD1D0FB1677D}.Release|Win32.ActiveCfg = Release|Win32
		{BFA03A6F-C4CC-43A0-9190-DD1D0FB1677D}.Release|Win32.Build.0 = Release|Win32
		{45CBBA69-8A72-480D-A32B-C3DC5ED307E4}.Debug|Win32.ActiveCfg = Debug|Win32
		{45CBBA69-8A72-480D-A32B-C3DC5ED307E4}.Debug|Win32.Build.0 = Debug|Win32
		{45CBBA69-8A72-480D-A32B-C3DC5ED307E4}.Release|Win32.ActiveCfg = Release|Win32
		{45CBBA69-8A72-480D-A32B-C3DC5ED307E4}.Release|Win32.Build.0 = Release|Win32
		{33DF377A-A682-492B-AE70-C5BAD42DCDAA}.Debug|Win32.ActiveCfg = Debug|Win32
		{33DF377A-A682-492B-AE70-C5BAD42DCDAA}.Debug|Win32.Build.0 = Debug|Win32
		{33DF377A-A682-492B-AE70-C5BAD42DCDAA}.Release|Win32.ActiveCfg = Release|Win32
		{33DF377A-A682-492B-AE70-C5BAD42DCDAA}.Release|Win32.Build.0 = Release|Win32
		{04D6BB71-38E1-4E1F-A034-A953663C6875}.Debug|Win32.ActiveCfg = Debug|Win32
		{04D6BB71-38E1-4E1F-A034-A953663C6875}.Debug|Win32.Build.0 = Debug|Win32
		{04D6BB71-38E1-4E1F-A034-A953663C6875}.Release|Win32.ActiveCfg = Release|Win32
		{04D6BB71-38E1-4E1F-A034-A953663C6875}.Release|Win32.Build.0 = Release|Win32
		{8588F067-D407-48CD-BB78-49F4CDF3FA34}.Debug|Win32.ActiveCfg = Debug|Win32
		{8588F067-D407-48CD-BB78-49F4CDF3FA34}.Debug|Win32.Build.0 = Debug|Win32
		{8588F067-D407-48CD-BB78-49F4CDF3FA34}.Release|Win32.ActiveCfg = Release|Win32
		{8588F067-D407-48CD-BB78-49F4CDF3FA34}.Release|Win32.Build.0 = Release|Win32
		{6DA2C37E-6608-47D3-904F-BEA70D0B7BDA}.Debug|Win32.ActiveCfg = Debug|Win32
		{6DA2C37E-6608-47D3-904F-BEA70D0B7BDA}.Debug|Win32.Build.0 = Debug|Win32
		{6DA2C37E-6608-47D3-904F-BEA70D0B7BDA}.Release|Win32.ActiveCfg = Release|Win32
		{6DA2C37E-6608-47D3-904F-BEA70D0B7BDA}.Release|Win32.Build.0 = Release|Win32
	EndGlobalSection
	GlobalSection(SolutionProperties) = preSolution
		HideSolutionNode = FALSE
	EndGlobalSection
EndGlobal
