
Microsoft Visual Studio Solution File, Format Version 11.00
# Visual Studio 2010
Project("{8BC9CEB8-8B4A-11D0-8D11-00A0C91BC942}") = "P1032 명령 프롬프트", "P1032 명령 프롬프트\P1032 명령 프롬프트.vcxproj", "{4DFB47A2-BC8C-42C1-A95B-FFA95E66462C}"
EndProject
Project("{8BC9CEB8-8B4A-11D0-8D11-00A0C91BC942}") = "P2902 KMP", "P2902 KMP\P2902 KMP.vcxproj", "{A42500D8-B1BE-4B21-AD14-8B515E7667D1}"
EndProject
Project("{8BC9CEB8-8B4A-11D0-8D11-00A0C91BC942}") = "P1475 방 번호", "P1475 방 번호\P1475 방 번호.vcxproj", "{E06009D5-97C3-410C-B188-BEFD7AB44422}"
EndProject
Project("{8BC9CEB8-8B4A-11D0-8D11-00A0C91BC942}") = "P5598번 카이사르 암호", "P5598번 카이사르 암호\P5598번 카이사르 암호.vcxproj", "{F9D48F9D-8926-48F7-B456-EADFBE4B22F7}"
EndProject
Project("{8BC9CEB8-8B4A-11D0-8D11-00A0C91BC942}") = "P9933번 민균이의 비밀번호", "P9933번 민균이의 비밀번호\P9933번 민균이의 비밀번호.vcxproj", "{E9B86409-6CB5-4411-9FE8-3C804F589D74}"
EndProject
Project("{8BC9CEB8-8B4A-11D0-8D11-00A0C91BC942}") = "P1720번 타일 코드", "P1720번 타일 코드\P1720번 타일 코드.vcxproj", "{2FA15593-0CD7-43A7-AED6-32DEFD536EB6}"
EndProject
Project("{8BC9CEB8-8B4A-11D0-8D11-00A0C91BC942}") = "P1670 정상 회담 2", "P1670 정상 회담 2\P1670 정상 회담 2.vcxproj", "{919E3FDB-D656-4F7C-B327-816215256ED0}"
EndProject
Project("{8BC9CEB8-8B4A-11D0-8D11-00A0C91BC942}") = "P1102 발전소", "P1102 발전소\P1102 발전소.vcxproj", "{4B4449E5-E3EA-4917-B3A7-82614FE31609}"
EndProject
Project("{8BC9CEB8-8B4A-11D0-8D11-00A0C91BC942}") = "P1234번 크리스마스 트리", "P1234번 크리스마스 트리\P1234번 크리스마스 트리.vcxproj", "{61189525-BEB5-416A-9E01-05FB3EE5B021}"
EndProject
Project("{8BC9CEB8-8B4A-11D0-8D11-00A0C91BC942}") = "P2655 가장 높은 탑 쌓기", "P2655 가장 높은 탑 쌓기\P2655 가장 높은 탑 쌓기.vcxproj", "{77845156-6BBB-4E25-AEFF-581F3C3A8E89}"
EndProject
Project("{8BC9CEB8-8B4A-11D0-8D11-00A0C91BC942}") = "P2228 구간 나누기", "P2228 구간 나누기\P2228 구간 나누기.vcxproj", "{DC3942DC-CB07-45D4-A5BC-4A61CCAC1808}"
EndProject
Project("{8BC9CEB8-8B4A-11D0-8D11-00A0C91BC942}") = "P2605 줄 세우기", "P2605 줄 세우기\P2605 줄 세우기.vcxproj", "{86CB65EF-73C0-4CB3-B3F2-1ACD934219AC}"
EndProject
Project("{8BC9CEB8-8B4A-11D0-8D11-00A0C91BC942}") = "P2606 바이러스", "P2606 바이러스\P2606 바이러스.vcxproj", "{583BB62F-DD65-4B17-938E-5FA3B97C6AE5}"
EndProject
Project("{8BC9CEB8-8B4A-11D0-8D11-00A0C91BC942}") = "P2607 비슷한 단어", "P2607 비슷한 단어\P2607 비슷한 단어.vcxproj", "{71F1F06C-3020-4E42-A982-BE181E7C984A}"
EndProject
Project("{8BC9CEB8-8B4A-11D0-8D11-00A0C91BC942}") = "P2608 로마 숫자", "P2608 로마 숫자\P2608 로마 숫자.vcxproj", "{10F769A8-6481-49D4-ADE6-A5782206CF29}"
EndProject
Project("{8BC9CEB8-8B4A-11D0-8D11-00A0C91BC942}") = "P2589 보물섬", "P2538 보물섬\P2538 보물섬.vcxproj", "{86F014AE-FA5F-438E-9A92-D7E22391188B}"
EndProject
Project("{8BC9CEB8-8B4A-11D0-8D11-00A0C91BC942}") = "P2589 보물섬 원형큐", "P2589 보물섬 원형큐\P2589 보물섬 원형큐.vcxproj", "{32170476-B5D7-40D7-8306-90CD37644E2A}"
EndProject
Project("{8BC9CEB8-8B4A-11D0-8D11-00A0C91BC942}") = "P1708 볼록 껍질 Convex hull", "P1708 볼록 껍질 Convex hull\P1708 볼록 껍질 Convex hull.vcxproj", "{C6C7B81C-DC83-4755-8F70-808479621D07}"
EndProject
Project("{8BC9CEB8-8B4A-11D0-8D11-00A0C91BC942}") = "P9240 로버트 후드 rotating calipers", "P9240 로버트 후드 rotating calipers\P9240 로버트 후드 rotating calipers.vcxproj", "{36649428-4631-4446-844B-F93B4E16FDE4}"
EndProject
Project("{8BC9CEB8-8B4A-11D0-8D11-00A0C91BC942}") = "P11563 연돌이와 고잠녀 선분과 선분의 거리", "P11563 연돌이와 고잠녀 선분과 선분의 거리\P11563 연돌이와 고잠녀 선분과 선분의 거리.vcxproj", "{845D2AE4-E93C-4B3F-826F-27BCACD5C2BB}"
EndProject
Project("{8BC9CEB8-8B4A-11D0-8D11-00A0C91BC942}") = "P11559 Puyo Puyo", "11559 Puyo Puyo\11559 Puyo Puyo.vcxproj", "{62D023D0-14ED-4941-AA8D-C4AE16D7E7DA}"
EndProject
Project("{8BC9CEB8-8B4A-11D0-8D11-00A0C91BC942}") = "P5060 무글 맵스", "P5060 무글 맵스\P5060 무글 맵스.vcxproj", "{77ADFAA4-8B11-4AD0-B783-01E1D8CDC05A}"
EndProject
Project("{8BC9CEB8-8B4A-11D0-8D11-00A0C91BC942}") = "P2315 가로등 끄기", "P2315 가로등 끄기\P2315 가로등 끄기.vcxproj", "{6B7C67CC-29F7-4C89-9951-4C220C2F6DC0}"
EndProject
Global
	GlobalSection(SolutionConfigurationPlatforms) = preSolution
		Debug|Win32 = Debug|Win32
		Release|Win32 = Release|Win32
	EndGlobalSection
	GlobalSection(ProjectConfigurationPlatforms) = postSolution
		{4DFB47A2-BC8C-42C1-A95B-FFA95E66462C}.Debug|Win32.ActiveCfg = Debug|Win32
		{4DFB47A2-BC8C-42C1-A95B-FFA95E66462C}.Debug|Win32.Build.0 = Debug|Win32
		{4DFB47A2-BC8C-42C1-A95B-FFA95E66462C}.Release|Win32.ActiveCfg = Release|Win32
		{4DFB47A2-BC8C-42C1-A95B-FFA95E66462C}.Release|Win32.Build.0 = Release|Win32
		{A42500D8-B1BE-4B21-AD14-8B515E7667D1}.Debug|Win32.ActiveCfg = Debug|Win32
		{A42500D8-B1BE-4B21-AD14-8B515E7667D1}.Debug|Win32.Build.0 = Debug|Win32
		{A42500D8-B1BE-4B21-AD14-8B515E7667D1}.Release|Win32.ActiveCfg = Release|Win32
		{A42500D8-B1BE-4B21-AD14-8B515E7667D1}.Release|Win32.Build.0 = Release|Win32
		{E06009D5-97C3-410C-B188-BEFD7AB44422}.Debug|Win32.ActiveCfg = Debug|Win32
		{E06009D5-97C3-410C-B188-BEFD7AB44422}.Debug|Win32.Build.0 = Debug|Win32
		{E06009D5-97C3-410C-B188-BEFD7AB44422}.Release|Win32.ActiveCfg = Release|Win32
		{E06009D5-97C3-410C-B188-BEFD7AB44422}.Release|Win32.Build.0 = Release|Win32
		{F9D48F9D-8926-48F7-B456-EADFBE4B22F7}.Debug|Win32.ActiveCfg = Debug|Win32
		{F9D48F9D-8926-48F7-B456-EADFBE4B22F7}.Debug|Win32.Build.0 = Debug|Win32
		{F9D48F9D-8926-48F7-B456-EADFBE4B22F7}.Release|Win32.ActiveCfg = Release|Win32
		{F9D48F9D-8926-48F7-B456-EADFBE4B22F7}.Release|Win32.Build.0 = Release|Win32
		{E9B86409-6CB5-4411-9FE8-3C804F589D74}.Debug|Win32.ActiveCfg = Debug|Win32
		{E9B86409-6CB5-4411-9FE8-3C804F589D74}.Debug|Win32.Build.0 = Debug|Win32
		{E9B86409-6CB5-4411-9FE8-3C804F589D74}.Release|Win32.ActiveCfg = Release|Win32
		{E9B86409-6CB5-4411-9FE8-3C804F589D74}.Release|Win32.Build.0 = Release|Win32
		{2FA15593-0CD7-43A7-AED6-32DEFD536EB6}.Debug|Win32.ActiveCfg = Debug|Win32
		{2FA15593-0CD7-43A7-AED6-32DEFD536EB6}.Debug|Win32.Build.0 = Debug|Win32
		{2FA15593-0CD7-43A7-AED6-32DEFD536EB6}.Release|Win32.ActiveCfg = Release|Win32
		{2FA15593-0CD7-43A7-AED6-32DEFD536EB6}.Release|Win32.Build.0 = Release|Win32
		{919E3FDB-D656-4F7C-B327-816215256ED0}.Debug|Win32.ActiveCfg = Debug|Win32
		{919E3FDB-D656-4F7C-B327-816215256ED0}.Debug|Win32.Build.0 = Debug|Win32
		{919E3FDB-D656-4F7C-B327-816215256ED0}.Release|Win32.ActiveCfg = Release|Win32
		{919E3FDB-D656-4F7C-B327-816215256ED0}.Release|Win32.Build.0 = Release|Win32
		{4B4449E5-E3EA-4917-B3A7-82614FE31609}.Debug|Win32.ActiveCfg = Debug|Win32
		{4B4449E5-E3EA-4917-B3A7-82614FE31609}.Debug|Win32.Build.0 = Debug|Win32
		{4B4449E5-E3EA-4917-B3A7-82614FE31609}.Release|Win32.ActiveCfg = Release|Win32
		{4B4449E5-E3EA-4917-B3A7-82614FE31609}.Release|Win32.Build.0 = Release|Win32
		{61189525-BEB5-416A-9E01-05FB3EE5B021}.Debug|Win32.ActiveCfg = Debug|Win32
		{61189525-BEB5-416A-9E01-05FB3EE5B021}.Debug|Win32.Build.0 = Debug|Win32
		{61189525-BEB5-416A-9E01-05FB3EE5B021}.Release|Win32.ActiveCfg = Release|Win32
		{61189525-BEB5-416A-9E01-05FB3EE5B021}.Release|Win32.Build.0 = Release|Win32
		{77845156-6BBB-4E25-AEFF-581F3C3A8E89}.Debug|Win32.ActiveCfg = Debug|Win32
		{77845156-6BBB-4E25-AEFF-581F3C3A8E89}.Debug|Win32.Build.0 = Debug|Win32
		{77845156-6BBB-4E25-AEFF-581F3C3A8E89}.Release|Win32.ActiveCfg = Release|Win32
		{77845156-6BBB-4E25-AEFF-581F3C3A8E89}.Release|Win32.Build.0 = Release|Win32
		{DC3942DC-CB07-45D4-A5BC-4A61CCAC1808}.Debug|Win32.ActiveCfg = Debug|Win32
		{DC3942DC-CB07-45D4-A5BC-4A61CCAC1808}.Debug|Win32.Build.0 = Debug|Win32
		{DC3942DC-CB07-45D4-A5BC-4A61CCAC1808}.Release|Win32.ActiveCfg = Release|Win32
		{DC3942DC-CB07-45D4-A5BC-4A61CCAC1808}.Release|Win32.Build.0 = Release|Win32
		{86CB65EF-73C0-4CB3-B3F2-1ACD934219AC}.Debug|Win32.ActiveCfg = Debug|Win32
		{86CB65EF-73C0-4CB3-B3F2-1ACD934219AC}.Debug|Win32.Build.0 = Debug|Win32
		{86CB65EF-73C0-4CB3-B3F2-1ACD934219AC}.Release|Win32.ActiveCfg = Release|Win32
		{86CB65EF-73C0-4CB3-B3F2-1ACD934219AC}.Release|Win32.Build.0 = Release|Win32
		{583BB62F-DD65-4B17-938E-5FA3B97C6AE5}.Debug|Win32.ActiveCfg = Debug|Win32
		{583BB62F-DD65-4B17-938E-5FA3B97C6AE5}.Debug|Win32.Build.0 = Debug|Win32
		{583BB62F-DD65-4B17-938E-5FA3B97C6AE5}.Release|Win32.ActiveCfg = Release|Win32
		{583BB62F-DD65-4B17-938E-5FA3B97C6AE5}.Release|Win32.Build.0 = Release|Win32
		{71F1F06C-3020-4E42-A982-BE181E7C984A}.Debug|Win32.ActiveCfg = Debug|Win32
		{71F1F06C-3020-4E42-A982-BE181E7C984A}.Debug|Win32.Build.0 = Debug|Win32
		{71F1F06C-3020-4E42-A982-BE181E7C984A}.Release|Win32.ActiveCfg = Release|Win32
		{71F1F06C-3020-4E42-A982-BE181E7C984A}.Release|Win32.Build.0 = Release|Win32
		{10F769A8-6481-49D4-ADE6-A5782206CF29}.Debug|Win32.ActiveCfg = Debug|Win32
		{10F769A8-6481-49D4-ADE6-A5782206CF29}.Debug|Win32.Build.0 = Debug|Win32
		{10F769A8-6481-49D4-ADE6-A5782206CF29}.Release|Win32.ActiveCfg = Release|Win32
		{10F769A8-6481-49D4-ADE6-A5782206CF29}.Release|Win32.Build.0 = Release|Win32
		{86F014AE-FA5F-438E-9A92-D7E22391188B}.Debug|Win32.ActiveCfg = Debug|Win32
		{86F014AE-FA5F-438E-9A92-D7E22391188B}.Debug|Win32.Build.0 = Debug|Win32
		{86F014AE-FA5F-438E-9A92-D7E22391188B}.Release|Win32.ActiveCfg = Release|Win32
		{86F014AE-FA5F-438E-9A92-D7E22391188B}.Release|Win32.Build.0 = Release|Win32
		{32170476-B5D7-40D7-8306-90CD37644E2A}.Debug|Win32.ActiveCfg = Debug|Win32
		{32170476-B5D7-40D7-8306-90CD37644E2A}.Debug|Win32.Build.0 = Debug|Win32
		{32170476-B5D7-40D7-8306-90CD37644E2A}.Release|Win32.ActiveCfg = Release|Win32
		{32170476-B5D7-40D7-8306-90CD37644E2A}.Release|Win32.Build.0 = Release|Win32
		{C6C7B81C-DC83-4755-8F70-808479621D07}.Debug|Win32.ActiveCfg = Debug|Win32
		{C6C7B81C-DC83-4755-8F70-808479621D07}.Debug|Win32.Build.0 = Debug|Win32
		{C6C7B81C-DC83-4755-8F70-808479621D07}.Release|Win32.ActiveCfg = Release|Win32
		{C6C7B81C-DC83-4755-8F70-808479621D07}.Release|Win32.Build.0 = Release|Win32
		{36649428-4631-4446-844B-F93B4E16FDE4}.Debug|Win32.ActiveCfg = Debug|Win32
		{36649428-4631-4446-844B-F93B4E16FDE4}.Debug|Win32.Build.0 = Debug|Win32
		{36649428-4631-4446-844B-F93B4E16FDE4}.Release|Win32.ActiveCfg = Release|Win32
		{36649428-4631-4446-844B-F93B4E16FDE4}.Release|Win32.Build.0 = Release|Win32
		{845D2AE4-E93C-4B3F-826F-27BCACD5C2BB}.Debug|Win32.ActiveCfg = Debug|Win32
		{845D2AE4-E93C-4B3F-826F-27BCACD5C2BB}.Debug|Win32.Build.0 = Debug|Win32
		{845D2AE4-E93C-4B3F-826F-27BCACD5C2BB}.Release|Win32.ActiveCfg = Release|Win32
		{845D2AE4-E93C-4B3F-826F-27BCACD5C2BB}.Release|Win32.Build.0 = Release|Win32
		{62D023D0-14ED-4941-AA8D-C4AE16D7E7DA}.Debug|Win32.ActiveCfg = Debug|Win32
		{62D023D0-14ED-4941-AA8D-C4AE16D7E7DA}.Debug|Win32.Build.0 = Debug|Win32
		{62D023D0-14ED-4941-AA8D-C4AE16D7E7DA}.Release|Win32.ActiveCfg = Release|Win32
		{62D023D0-14ED-4941-AA8D-C4AE16D7E7DA}.Release|Win32.Build.0 = Release|Win32
		{77ADFAA4-8B11-4AD0-B783-01E1D8CDC05A}.Debug|Win32.ActiveCfg = Debug|Win32
		{77ADFAA4-8B11-4AD0-B783-01E1D8CDC05A}.Debug|Win32.Build.0 = Debug|Win32
		{77ADFAA4-8B11-4AD0-B783-01E1D8CDC05A}.Release|Win32.ActiveCfg = Release|Win32
		{77ADFAA4-8B11-4AD0-B783-01E1D8CDC05A}.Release|Win32.Build.0 = Release|Win32
		{6B7C67CC-29F7-4C89-9951-4C220C2F6DC0}.Debug|Win32.ActiveCfg = Debug|Win32
		{6B7C67CC-29F7-4C89-9951-4C220C2F6DC0}.Debug|Win32.Build.0 = Debug|Win32
		{6B7C67CC-29F7-4C89-9951-4C220C2F6DC0}.Release|Win32.ActiveCfg = Release|Win32
		{6B7C67CC-29F7-4C89-9951-4C220C2F6DC0}.Release|Win32.Build.0 = Release|Win32
	EndGlobalSection
	GlobalSection(SolutionProperties) = preSolution
		HideSolutionNode = FALSE
	EndGlobalSection
EndGlobal
