
Microsoft Visual Studio Solution File, Format Version 11.00
# Visual Studio 2010
Project("{8BC9CEB8-8B4A-11D0-8D11-00A0C91BC942}") = "[ps_lab11]2010104092_하재권 - Problem5", "[ps_lab11]2010104092_하재권 - Problem5\[ps_lab11]2010104092_하재권 - Problem5.vcxproj", "{C854FA6C-60BE-4D0D-8A4B-598F0C37E8EB}"
EndProject
Global
	GlobalSection(SolutionConfigurationPlatforms) = preSolution
		Debug|Win32 = Debug|Win32
		Release|Win32 = Release|Win32
	EndGlobalSection
	GlobalSection(ProjectConfigurationPlatforms) = postSolution
		{C854FA6C-60BE-4D0D-8A4B-598F0C37E8EB}.Debug|Win32.ActiveCfg = Debug|Win32
		{C854FA6C-60BE-4D0D-8A4B-598F0C37E8EB}.Debug|Win32.Build.0 = Debug|Win32
		{C854FA6C-60BE-4D0D-8A4B-598F0C37E8EB}.Release|Win32.ActiveCfg = Release|Win32
		{C854FA6C-60BE-4D0D-8A4B-598F0C37E8EB}.Release|Win32.Build.0 = Release|Win32
	EndGlobalSection
	GlobalSection(SolutionProperties) = preSolution
		HideSolutionNode = FALSE
	EndGlobalSection
EndGlobal
