
Microsoft Visual Studio Solution File, Format Version 11.00
# Visual Studio 2010
Project("{8BC9CEB8-8B4A-11D0-8D11-00A0C91BC942}") = "P18 숫자 뒤집기", "P18 숫자 뒤집기\P18 숫자 뒤집기.vcxproj", "{79B5A12B-4F54-4D3F-9F59-AE5E6CCC43C8}"
EndProject
Project("{8BC9CEB8-8B4A-11D0-8D11-00A0C91BC942}") = "P24 별 그리기", "P24 별 그리기\P24 별 그리기.vcxproj", "{661792F3-1E2F-4D92-95B0-86C5AD3508AD}"
EndProject
Project("{8BC9CEB8-8B4A-11D0-8D11-00A0C91BC942}") = "P29 combination", "P29 combination\P29 combination.vcxproj", "{6AC4F07F-39FE-47AF-A232-EAF2F6586A4F}"
EndProject
Project("{8BC9CEB8-8B4A-11D0-8D11-00A0C91BC942}") = "P35 타일 채우기", "P35 타일 추익\P35 타일 추익.vcxproj", "{48A440D4-ECFE-4DDB-9A83-823E01B409A3}"
EndProject
Project("{8BC9CEB8-8B4A-11D0-8D11-00A0C91BC942}") = "P47 distance of nodes", "P47 distance of nodes\P47 distance of nodes.vcxproj", "{D69063F7-CBB3-4028-8772-1203E5322F6D}"
EndProject
Project("{8BC9CEB8-8B4A-11D0-8D11-00A0C91BC942}") = "P52 영역 구분", "P52 영역 구분\P52 영역 구분.vcxproj", "{9D96F293-1805-4BC3-8581-02F9269A57F6}"
EndProject
Project("{8BC9CEB8-8B4A-11D0-8D11-00A0C91BC942}") = "P58 이진 암호화", "P58 이진 암호화\P58 이진 암호화.vcxproj", "{659834F8-3EF2-4EE8-B562-77E13A5D9829}"
EndProject
Project("{8BC9CEB8-8B4A-11D0-8D11-00A0C91BC942}") = "P62 이진 복원", "P62 이진 복원\P62 이진 복원.vcxproj", "{754C6AD2-9891-4C85-A472-F12EFB2BC2C4}"
EndProject
Project("{8BC9CEB8-8B4A-11D0-8D11-00A0C91BC942}") = "P68 partitioned", "P68 partitioned\P68 partitioned.vcxproj", "{DBC3893A-406D-498F-AF2D-C2DDA7C093D1}"
EndProject
Project("{8BC9CEB8-8B4A-11D0-8D11-00A0C91BC942}") = "P97 숙직 선생님", "P97 숙직 선생님\P97 숙직 선생님.vcxproj", "{BA9ED964-AAD1-417B-B428-CEAEFE723188}"
EndProject
Project("{8BC9CEB8-8B4A-11D0-8D11-00A0C91BC942}") = "P103 광석수집", "P103 광석수집\P103 광석수집.vcxproj", "{2EC13F97-8A33-42F1-8FE1-BFA2C9E89BC1}"
EndProject
Project("{8BC9CEB8-8B4A-11D0-8D11-00A0C91BC942}") = "P107 01 배낭문제", "P107 01 배낭문제\P107 01 배낭문제.vcxproj", "{356A9576-55BC-4979-8425-198C4F906BA8}"
EndProject
Project("{8BC9CEB8-8B4A-11D0-8D11-00A0C91BC942}") = "P113 앱", "P113 앱\P113 앱.vcxproj", "{A617ABBD-4530-4971-B67E-8D38869ED5A4}"
EndProject
Project("{8BC9CEB8-8B4A-11D0-8D11-00A0C91BC942}") = "P184 선물", "P184 선물\P184 선물.vcxproj", "{97D79266-1E53-43DF-A908-DFD3249A9B61}"
EndProject
Project("{8BC9CEB8-8B4A-11D0-8D11-00A0C91BC942}") = "P191 공주 구하기", "P191 공주 구하기\P191 공주 구하기.vcxproj", "{104955AB-DAA7-4BC2-8647-DA160D282F00}"
EndProject
Project("{8BC9CEB8-8B4A-11D0-8D11-00A0C91BC942}") = "P200 minimum sum", "P200 minimum sum\P200 minimum sum.vcxproj", "{F5E5E206-8749-4C71-9698-8DFDC2127BBA}"
EndProject
Project("{8BC9CEB8-8B4A-11D0-8D11-00A0C91BC942}") = "P207 두부모판 자르기", "P207 두부모판 자르기\P207 두부모판 자르기.vcxproj", "{7193AE14-2387-431D-8412-377FFA37024F}"
EndProject
Project("{8BC9CEB8-8B4A-11D0-8D11-00A0C91BC942}") = "P220 제자리멀리뛰기", "P220 제자리멀리뛰기\P220 제자리멀리뛰기.vcxproj", "{25571B5A-1EDC-4F35-8A07-221AAA8838DC}"
EndProject
Project("{8BC9CEB8-8B4A-11D0-8D11-00A0C91BC942}") = "P225 암벽등반", "P225 암벽등반\P225 암벽등반.vcxproj", "{DEAC4AA6-1568-4378-86A5-B3092A28E01B}"
EndProject
Project("{8BC9CEB8-8B4A-11D0-8D11-00A0C91BC942}") = "P233 경비행기", "P233 경비행기\P233 경비행기.vcxproj", "{0D97BAE7-FAE7-40CA-AF17-9A14E1BF8624}"
EndProject
Project("{8BC9CEB8-8B4A-11D0-8D11-00A0C91BC942}") = "P243 IDT 트리", "P243 IDT 트리\P243 IDT 트리.vcxproj", "{A773F6CA-E7A7-4916-88D6-5279CDB95A92}"
EndProject
Project("{8BC9CEB8-8B4A-11D0-8D11-00A0C91BC942}") = "p249 전깃줄", "p249 전깃줄\p249 전깃줄.vcxproj", "{8C302A7B-4170-4B85-9E58-D0426B7B7A70}"
EndProject
Project("{8BC9CEB8-8B4A-11D0-8D11-00A0C91BC942}") = "P261 달리기", "P261 달리기\P261 달리기.vcxproj", "{AF29FBF4-907B-41A4-AB78-20A389E6FE4E}"
EndProject
Global
	GlobalSection(SolutionConfigurationPlatforms) = preSolution
		Debug|Win32 = Debug|Win32
		Release|Win32 = Release|Win32
	EndGlobalSection
	GlobalSection(ProjectConfigurationPlatforms) = postSolution
		{79B5A12B-4F54-4D3F-9F59-AE5E6CCC43C8}.Debug|Win32.ActiveCfg = Debug|Win32
		{79B5A12B-4F54-4D3F-9F59-AE5E6CCC43C8}.Debug|Win32.Build.0 = Debug|Win32
		{79B5A12B-4F54-4D3F-9F59-AE5E6CCC43C8}.Release|Win32.ActiveCfg = Release|Win32
		{79B5A12B-4F54-4D3F-9F59-AE5E6CCC43C8}.Release|Win32.Build.0 = Release|Win32
		{661792F3-1E2F-4D92-95B0-86C5AD3508AD}.Debug|Win32.ActiveCfg = Debug|Win32
		{661792F3-1E2F-4D92-95B0-86C5AD3508AD}.Debug|Win32.Build.0 = Debug|Win32
		{661792F3-1E2F-4D92-95B0-86C5AD3508AD}.Release|Win32.ActiveCfg = Release|Win32
		{661792F3-1E2F-4D92-95B0-86C5AD3508AD}.Release|Win32.Build.0 = Release|Win32
		{6AC4F07F-39FE-47AF-A232-EAF2F6586A4F}.Debug|Win32.ActiveCfg = Debug|Win32
		{6AC4F07F-39FE-47AF-A232-EAF2F6586A4F}.Debug|Win32.Build.0 = Debug|Win32
		{6AC4F07F-39FE-47AF-A232-EAF2F6586A4F}.Release|Win32.ActiveCfg = Release|Win32
		{6AC4F07F-39FE-47AF-A232-EAF2F6586A4F}.Release|Win32.Build.0 = Release|Win32
		{48A440D4-ECFE-4DDB-9A83-823E01B409A3}.Debug|Win32.ActiveCfg = Debug|Win32
		{48A440D4-ECFE-4DDB-9A83-823E01B409A3}.Debug|Win32.Build.0 = Debug|Win32
		{48A440D4-ECFE-4DDB-9A83-823E01B409A3}.Release|Win32.ActiveCfg = Release|Win32
		{48A440D4-ECFE-4DDB-9A83-823E01B409A3}.Release|Win32.Build.0 = Release|Win32
		{D69063F7-CBB3-4028-8772-1203E5322F6D}.Debug|Win32.ActiveCfg = Debug|Win32
		{D69063F7-CBB3-4028-8772-1203E5322F6D}.Debug|Win32.Build.0 = Debug|Win32
		{D69063F7-CBB3-4028-8772-1203E5322F6D}.Release|Win32.ActiveCfg = Release|Win32
		{D69063F7-CBB3-4028-8772-1203E5322F6D}.Release|Win32.Build.0 = Release|Win32
		{9D96F293-1805-4BC3-8581-02F9269A57F6}.Debug|Win32.ActiveCfg = Debug|Win32
		{9D96F293-1805-4BC3-8581-02F9269A57F6}.Debug|Win32.Build.0 = Debug|Win32
		{9D96F293-1805-4BC3-8581-02F9269A57F6}.Release|Win32.ActiveCfg = Release|Win32
		{9D96F293-1805-4BC3-8581-02F9269A57F6}.Release|Win32.Build.0 = Release|Win32
		{659834F8-3EF2-4EE8-B562-77E13A5D9829}.Debug|Win32.ActiveCfg = Debug|Win32
		{659834F8-3EF2-4EE8-B562-77E13A5D9829}.Debug|Win32.Build.0 = Debug|Win32
		{659834F8-3EF2-4EE8-B562-77E13A5D9829}.Release|Win32.ActiveCfg = Release|Win32
		{659834F8-3EF2-4EE8-B562-77E13A5D9829}.Release|Win32.Build.0 = Release|Win32
		{754C6AD2-9891-4C85-A472-F12EFB2BC2C4}.Debug|Win32.ActiveCfg = Debug|Win32
		{754C6AD2-9891-4C85-A472-F12EFB2BC2C4}.Debug|Win32.Build.0 = Debug|Win32
		{754C6AD2-9891-4C85-A472-F12EFB2BC2C4}.Release|Win32.ActiveCfg = Release|Win32
		{754C6AD2-9891-4C85-A472-F12EFB2BC2C4}.Release|Win32.Build.0 = Release|Win32
		{DBC3893A-406D-498F-AF2D-C2DDA7C093D1}.Debug|Win32.ActiveCfg = Debug|Win32
		{DBC3893A-406D-498F-AF2D-C2DDA7C093D1}.Debug|Win32.Build.0 = Debug|Win32
		{DBC3893A-406D-498F-AF2D-C2DDA7C093D1}.Release|Win32.ActiveCfg = Release|Win32
		{DBC3893A-406D-498F-AF2D-C2DDA7C093D1}.Release|Win32.Build.0 = Release|Win32
		{BA9ED964-AAD1-417B-B428-CEAEFE723188}.Debug|Win32.ActiveCfg = Debug|Win32
		{BA9ED964-AAD1-417B-B428-CEAEFE723188}.Debug|Win32.Build.0 = Debug|Win32
		{BA9ED964-AAD1-417B-B428-CEAEFE723188}.Release|Win32.ActiveCfg = Release|Win32
		{BA9ED964-AAD1-417B-B428-CEAEFE723188}.Release|Win32.Build.0 = Release|Win32
		{2EC13F97-8A33-42F1-8FE1-BFA2C9E89BC1}.Debug|Win32.ActiveCfg = Debug|Win32
		{2EC13F97-8A33-42F1-8FE1-BFA2C9E89BC1}.Debug|Win32.Build.0 = Debug|Win32
		{2EC13F97-8A33-42F1-8FE1-BFA2C9E89BC1}.Release|Win32.ActiveCfg = Release|Win32
		{2EC13F97-8A33-42F1-8FE1-BFA2C9E89BC1}.Release|Win32.Build.0 = Release|Win32
		{356A9576-55BC-4979-8425-198C4F906BA8}.Debug|Win32.ActiveCfg = Debug|Win32
		{356A9576-55BC-4979-8425-198C4F906BA8}.Debug|Win32.Build.0 = Debug|Win32
		{356A9576-55BC-4979-8425-198C4F906BA8}.Release|Win32.ActiveCfg = Release|Win32
		{356A9576-55BC-4979-8425-198C4F906BA8}.Release|Win32.Build.0 = Release|Win32
		{A617ABBD-4530-4971-B67E-8D38869ED5A4}.Debug|Win32.ActiveCfg = Debug|Win32
		{A617ABBD-4530-4971-B67E-8D38869ED5A4}.Debug|Win32.Build.0 = Debug|Win32
		{A617ABBD-4530-4971-B67E-8D38869ED5A4}.Release|Win32.ActiveCfg = Release|Win32
		{A617ABBD-4530-4971-B67E-8D38869ED5A4}.Release|Win32.Build.0 = Release|Win32
		{97D79266-1E53-43DF-A908-DFD3249A9B61}.Debug|Win32.ActiveCfg = Debug|Win32
		{97D79266-1E53-43DF-A908-DFD3249A9B61}.Debug|Win32.Build.0 = Debug|Win32
		{97D79266-1E53-43DF-A908-DFD3249A9B61}.Release|Win32.ActiveCfg = Release|Win32
		{97D79266-1E53-43DF-A908-DFD3249A9B61}.Release|Win32.Build.0 = Release|Win32
		{104955AB-DAA7-4BC2-8647-DA160D282F00}.Debug|Win32.ActiveCfg = Debug|Win32
		{104955AB-DAA7-4BC2-8647-DA160D282F00}.Debug|Win32.Build.0 = Debug|Win32
		{104955AB-DAA7-4BC2-8647-DA160D282F00}.Release|Win32.ActiveCfg = Release|Win32
		{104955AB-DAA7-4BC2-8647-DA160D282F00}.Release|Win32.Build.0 = Release|Win32
		{F5E5E206-8749-4C71-9698-8DFDC2127BBA}.Debug|Win32.ActiveCfg = Debug|Win32
		{F5E5E206-8749-4C71-9698-8DFDC2127BBA}.Debug|Win32.Build.0 = Debug|Win32
		{F5E5E206-8749-4C71-9698-8DFDC2127BBA}.Release|Win32.ActiveCfg = Release|Win32
		{F5E5E206-8749-4C71-9698-8DFDC2127BBA}.Release|Win32.Build.0 = Release|Win32
		{7193AE14-2387-431D-8412-377FFA37024F}.Debug|Win32.ActiveCfg = Debug|Win32
		{7193AE14-2387-431D-8412-377FFA37024F}.Debug|Win32.Build.0 = Debug|Win32
		{7193AE14-2387-431D-8412-377FFA37024F}.Release|Win32.ActiveCfg = Release|Win32
		{7193AE14-2387-431D-8412-377FFA37024F}.Release|Win32.Build.0 = Release|Win32
		{25571B5A-1EDC-4F35-8A07-221AAA8838DC}.Debug|Win32.ActiveCfg = Debug|Win32
		{25571B5A-1EDC-4F35-8A07-221AAA8838DC}.Debug|Win32.Build.0 = Debug|Win32
		{25571B5A-1EDC-4F35-8A07-221AAA8838DC}.Release|Win32.ActiveCfg = Release|Win32
		{25571B5A-1EDC-4F35-8A07-221AAA8838DC}.Release|Win32.Build.0 = Release|Win32
		{DEAC4AA6-1568-4378-86A5-B3092A28E01B}.Debug|Win32.ActiveCfg = Debug|Win32
		{DEAC4AA6-1568-4378-86A5-B3092A28E01B}.Debug|Win32.Build.0 = Debug|Win32
		{DEAC4AA6-1568-4378-86A5-B3092A28E01B}.Release|Win32.ActiveCfg = Release|Win32
		{DEAC4AA6-1568-4378-86A5-B3092A28E01B}.Release|Win32.Build.0 = Release|Win32
		{0D97BAE7-FAE7-40CA-AF17-9A14E1BF8624}.Debug|Win32.ActiveCfg = Debug|Win32
		{0D97BAE7-FAE7-40CA-AF17-9A14E1BF8624}.Debug|Win32.Build.0 = Debug|Win32
		{0D97BAE7-FAE7-40CA-AF17-9A14E1BF8624}.Release|Win32.ActiveCfg = Release|Win32
		{0D97BAE7-FAE7-40CA-AF17-9A14E1BF8624}.Release|Win32.Build.0 = Release|Win32
		{A773F6CA-E7A7-4916-88D6-5279CDB95A92}.Debug|Win32.ActiveCfg = Debug|Win32
		{A773F6CA-E7A7-4916-88D6-5279CDB95A92}.Debug|Win32.Build.0 = Debug|Win32
		{A773F6CA-E7A7-4916-88D6-5279CDB95A92}.Release|Win32.ActiveCfg = Release|Win32
		{A773F6CA-E7A7-4916-88D6-5279CDB95A92}.Release|Win32.Build.0 = Release|Win32
		{8C302A7B-4170-4B85-9E58-D0426B7B7A70}.Debug|Win32.ActiveCfg = Debug|Win32
		{8C302A7B-4170-4B85-9E58-D0426B7B7A70}.Debug|Win32.Build.0 = Debug|Win32
		{8C302A7B-4170-4B85-9E58-D0426B7B7A70}.Release|Win32.ActiveCfg = Release|Win32
		{8C302A7B-4170-4B85-9E58-D0426B7B7A70}.Release|Win32.Build.0 = Release|Win32
		{AF29FBF4-907B-41A4-AB78-20A389E6FE4E}.Debug|Win32.ActiveCfg = Debug|Win32
		{AF29FBF4-907B-41A4-AB78-20A389E6FE4E}.Debug|Win32.Build.0 = Debug|Win32
		{AF29FBF4-907B-41A4-AB78-20A389E6FE4E}.Release|Win32.ActiveCfg = Release|Win32
		{AF29FBF4-907B-41A4-AB78-20A389E6FE4E}.Release|Win32.Build.0 = Release|Win32
	EndGlobalSection
	GlobalSection(SolutionProperties) = preSolution
		HideSolutionNode = FALSE
	EndGlobalSection
EndGlobal
