
Microsoft Visual Studio Solution File, Format Version 11.00
# Visual Studio 2010
Project("{8BC9CEB8-8B4A-11D0-8D11-00A0C91BC942}") = "10833번 사과", "10833번 사과\10833번 사과.vcxproj", "{645E4F9C-A73A-4BFA-B26F-DA0B3FEB9BCA}"
EndProject
Project("{8BC9CEB8-8B4A-11D0-8D11-00A0C91BC942}") = "10834번 벨트", "10834번 벨트\10834번 벨트.vcxproj", "{755EEB5D-D850-449D-9979-E122560D0DC5}"
EndProject
Project("{8BC9CEB8-8B4A-11D0-8D11-00A0C91BC942}") = "10835번 카드게임", "10835번 카드게임\10835번 카드게임.vcxproj", "{4C149AB6-EC31-47F2-9757-E2476ED8BF16}"
EndProject
Project("{8BC9CEB8-8B4A-11D0-8D11-00A0C91BC942}") = "10836번 여왕벌", "10836번 여왕벌\10836번 여왕벌.vcxproj", "{35C46E75-D32C-4BC1-AA27-160B7853FFCC}"
EndProject
Project("{8BC9CEB8-8B4A-11D0-8D11-00A0C91BC942}") = "10837번 동전 게임", "10837번 동전 게임\10837번 동전 게임.vcxproj", "{A466DED4-A06B-49E0-8953-9EDFC92255ED}"
EndProject
Project("{8BC9CEB8-8B4A-11D0-8D11-00A0C91BC942}") = "2613번 숫자구슬", "2613번 숫자구슬\2613번 숫자구슬.vcxproj", "{3E625C6A-B18C-4E23-AA09-2C2A35EAA399}"
EndProject
Project("{8BC9CEB8-8B4A-11D0-8D11-00A0C91BC942}") = "10799번 쇠막대기", "10799번 쇠막대기\10799번 쇠막대기.vcxproj", "{D01B8B44-AB22-4E68-BDD9-0D52076C08C6}"
EndProject
Project("{8BC9CEB8-8B4A-11D0-8D11-00A0C91BC942}") = "11052번 붕어빵 판매하기", "11052번 붕어빵 판매하기\11052번 붕어빵 판매하기.vcxproj", "{DD39DE31-5E03-4BFB-889E-7035A03BABB4}"
EndProject
Project("{8BC9CEB8-8B4A-11D0-8D11-00A0C91BC942}") = "1309번 동물원", "1309번 동물원\1309번 동물원.vcxproj", "{EAC2350C-0DCB-40D0-95BE-EE0CC026E55C}"
EndProject
Project("{8BC9CEB8-8B4A-11D0-8D11-00A0C91BC942}") = "9465번 스티커", "9465번 스티커\9465번 스티커.vcxproj", "{B676785D-EE27-4935-9286-59FC5DE7D1E7}"
EndProject
Project("{8BC9CEB8-8B4A-11D0-8D11-00A0C91BC942}") = "P1937번 욕심쟁이 판다", "P1937번 욕심쟁이 판다\P1937번 욕심쟁이 판다.vcxproj", "{0A96A2C2-3805-48E2-916C-4D325F5DD27E}"
EndProject
Project("{8BC9CEB8-8B4A-11D0-8D11-00A0C91BC942}") = "P1915번 가장 큰 정사각형", "P1915번 가장 큰 정사각형\P1915번 가장 큰 정사각형.vcxproj", "{AA30DD3B-3963-4F93-A790-F67C0487A6D0}"
EndProject
Project("{8BC9CEB8-8B4A-11D0-8D11-00A0C91BC942}") = "P6359번 만취한 상범", "P6359번 만취한 상범\P6359번 만취한 상범.vcxproj", "{DCE825B7-0933-4DA4-B535-129E057DFC94}"
EndProject
Project("{8BC9CEB8-8B4A-11D0-8D11-00A0C91BC942}") = "P11054번 가장 긴 바이토닉 수열", "P11054번 가장 긴 바이토닉 수열\P11054번 가장 긴 바이토닉 수열.vcxproj", "{695EAA72-199D-49AE-AAA1-9511F6006600}"
EndProject
Project("{8BC9CEB8-8B4A-11D0-8D11-00A0C91BC942}") = "P2302번 극장 좌석", "P2302번 극장 좌석\P2302번 극장 좌석.vcxproj", "{49156772-5FBF-41D3-A2EF-FC1F05A0DF0B}"
EndProject
Project("{8BC9CEB8-8B4A-11D0-8D11-00A0C91BC942}") = "P9084번 동전", "P9084번 동전\P9084번 동전.vcxproj", "{E0CC6F7B-4FCA-4D38-A031-1D7804892517}"
EndProject
Project("{8BC9CEB8-8B4A-11D0-8D11-00A0C91BC942}") = "P1495번 기타리스트", "P1495번 기타리스트\P1495번 기타리스트.vcxproj", "{2F3680F7-E9FE-456C-95A5-15BA26F64423}"
EndProject
Project("{8BC9CEB8-8B4A-11D0-8D11-00A0C91BC942}") = "P2225번 합분해", "P2225번 합분해\P2225번 합분해.vcxproj", "{EF68043C-39F7-43D4-8A29-3C6513B70B5F}"
EndProject
Project("{8BC9CEB8-8B4A-11D0-8D11-00A0C91BC942}") = "P10942번 팰린드롬", "P10942번 팰린드롬\P10942번 팰린드롬.vcxproj", "{0F39DFB3-5E96-42FE-85EB-79062C6568BC}"
EndProject
Project("{8BC9CEB8-8B4A-11D0-8D11-00A0C91BC942}") = "P2011번 암호코드", "P2011번 암호코드\P2011번 암호코드.vcxproj", "{15F42DE9-AF0D-4CFB-81B1-06257319DFF8}"
EndProject
Project("{8BC9CEB8-8B4A-11D0-8D11-00A0C91BC942}") = "P5582번 공통 부분 문자열", "P5582번 공통 부분 문자열\P5582번 공통 부분 문자열.vcxproj", "{1A9A3F14-E970-4D03-BC3A-F8D8DB82D1C9}"
EndProject
Project("{8BC9CEB8-8B4A-11D0-8D11-00A0C91BC942}") = "P2624번 동전 바꿔주기", "P2624번 동전 바꿔주기\P2624번 동전 바꿔주기.vcxproj", "{9EAB567A-F7E3-4FAC-9FD2-17CA8929FC90}"
EndProject
Project("{8BC9CEB8-8B4A-11D0-8D11-00A0C91BC942}") = "P2666번 벽장문의 이동", "P2666번 벽장문의 이동\P2666번 벽장문의 이동.vcxproj", "{9935A29A-9BCF-44CB-A562-3A4DADAE6273}"
EndProject
Project("{8BC9CEB8-8B4A-11D0-8D11-00A0C91BC942}") = "P2240번 자두나무", "P2240번 자두나무\P2240번 자두나무.vcxproj", "{A16FA6D9-037E-4A6F-A26C-B5FC7D7A4857}"
EndProject
Project("{8BC9CEB8-8B4A-11D0-8D11-00A0C91BC942}") = "P2410 2의 멱수의 합", "P2410 2의 멱수의 합\P2410 2의 멱수의 합.vcxproj", "{8FFE77B9-ABEF-4744-AF27-DBBF2CD8E59A}"
EndProject
Project("{8BC9CEB8-8B4A-11D0-8D11-00A0C91BC942}") = "P1660번 캡틴 이다솜", "P1660번 캡틴 이다솜\P1660번 캡틴 이다솜.vcxproj", "{BFC4E3CB-5AC3-43A6-B04A-74F3A155B826}"
EndProject
Project("{8BC9CEB8-8B4A-11D0-8D11-00A0C91BC942}") = "P1254번 팰린드롬 만들기", "P1254번 팰린드롬 만들기\P1254번 팰린드롬 만들기.vcxproj", "{DCB78B37-D417-471E-801E-0C448687C9D2}"
EndProject
Project("{8BC9CEB8-8B4A-11D0-8D11-00A0C91BC942}") = "P11060번 점프 점프", "P11060번 점프 점프\P11060번 점프 점프.vcxproj", "{0AA9B04D-CD21-430D-83F4-E0B232728C1A}"
EndProject
Project("{8BC9CEB8-8B4A-11D0-8D11-00A0C91BC942}") = "P2616번 소형 기관차", "P2616번 소형 기관차\P2616번 소형 기관차.vcxproj", "{7DDBFE70-F8D8-4290-B2F9-25ECBDE7D376}"
EndProject
Project("{8BC9CEB8-8B4A-11D0-8D11-00A0C91BC942}") = "P9184번 신나는 함수 실행", "P9184번 신나는 함수 실행\P9184번 신나는 함수 실행.vcxproj", "{1B361237-D420-46D1-BE15-7856FDA7C5F9}"
EndProject
Project("{8BC9CEB8-8B4A-11D0-8D11-00A0C91BC942}") = "P2098번 외판원 순회", "P2098번 외판원 순회\P2098번 외판원 순회.vcxproj", "{6AEB3608-35DA-4541-9944-95E545D5F416}"
EndProject
Project("{8BC9CEB8-8B4A-11D0-8D11-00A0C91BC942}") = "P11051번 이항 계수2", "P11051번 이항 계수2\P11051번 이항 계수2.vcxproj", "{6BCD103E-F592-4B1F-97A1-35D8A658DB72}"
EndProject
Global
	GlobalSection(SolutionConfigurationPlatforms) = preSolution
		Debug|Win32 = Debug|Win32
		Release|Win32 = Release|Win32
	EndGlobalSection
	GlobalSection(ProjectConfigurationPlatforms) = postSolution
		{645E4F9C-A73A-4BFA-B26F-DA0B3FEB9BCA}.Debug|Win32.ActiveCfg = Debug|Win32
		{645E4F9C-A73A-4BFA-B26F-DA0B3FEB9BCA}.Debug|Win32.Build.0 = Debug|Win32
		{645E4F9C-A73A-4BFA-B26F-DA0B3FEB9BCA}.Release|Win32.ActiveCfg = Release|Win32
		{645E4F9C-A73A-4BFA-B26F-DA0B3FEB9BCA}.Release|Win32.Build.0 = Release|Win32
		{755EEB5D-D850-449D-9979-E122560D0DC5}.Debug|Win32.ActiveCfg = Debug|Win32
		{755EEB5D-D850-449D-9979-E122560D0DC5}.Debug|Win32.Build.0 = Debug|Win32
		{755EEB5D-D850-449D-9979-E122560D0DC5}.Release|Win32.ActiveCfg = Release|Win32
		{755EEB5D-D850-449D-9979-E122560D0DC5}.Release|Win32.Build.0 = Release|Win32
		{4C149AB6-EC31-47F2-9757-E2476ED8BF16}.Debug|Win32.ActiveCfg = Debug|Win32
		{4C149AB6-EC31-47F2-9757-E2476ED8BF16}.Debug|Win32.Build.0 = Debug|Win32
		{4C149AB6-EC31-47F2-9757-E2476ED8BF16}.Release|Win32.ActiveCfg = Release|Win32
		{4C149AB6-EC31-47F2-9757-E2476ED8BF16}.Release|Win32.Build.0 = Release|Win32
		{35C46E75-D32C-4BC1-AA27-160B7853FFCC}.Debug|Win32.ActiveCfg = Debug|Win32
		{35C46E75-D32C-4BC1-AA27-160B7853FFCC}.Debug|Win32.Build.0 = Debug|Win32
		{35C46E75-D32C-4BC1-AA27-160B7853FFCC}.Release|Win32.ActiveCfg = Release|Win32
		{35C46E75-D32C-4BC1-AA27-160B7853FFCC}.Release|Win32.Build.0 = Release|Win32
		{A466DED4-A06B-49E0-8953-9EDFC92255ED}.Debug|Win32.ActiveCfg = Debug|Win32
		{A466DED4-A06B-49E0-8953-9EDFC92255ED}.Debug|Win32.Build.0 = Debug|Win32
		{A466DED4-A06B-49E0-8953-9EDFC92255ED}.Release|Win32.ActiveCfg = Release|Win32
		{A466DED4-A06B-49E0-8953-9EDFC92255ED}.Release|Win32.Build.0 = Release|Win32
		{3E625C6A-B18C-4E23-AA09-2C2A35EAA399}.Debug|Win32.ActiveCfg = Debug|Win32
		{3E625C6A-B18C-4E23-AA09-2C2A35EAA399}.Debug|Win32.Build.0 = Debug|Win32
		{3E625C6A-B18C-4E23-AA09-2C2A35EAA399}.Release|Win32.ActiveCfg = Release|Win32
		{3E625C6A-B18C-4E23-AA09-2C2A35EAA399}.Release|Win32.Build.0 = Release|Win32
		{D01B8B44-AB22-4E68-BDD9-0D52076C08C6}.Debug|Win32.ActiveCfg = Debug|Win32
		{D01B8B44-AB22-4E68-BDD9-0D52076C08C6}.Debug|Win32.Build.0 = Debug|Win32
		{D01B8B44-AB22-4E68-BDD9-0D52076C08C6}.Release|Win32.ActiveCfg = Release|Win32
		{D01B8B44-AB22-4E68-BDD9-0D52076C08C6}.Release|Win32.Build.0 = Release|Win32
		{DD39DE31-5E03-4BFB-889E-7035A03BABB4}.Debug|Win32.ActiveCfg = Debug|Win32
		{DD39DE31-5E03-4BFB-889E-7035A03BABB4}.Debug|Win32.Build.0 = Debug|Win32
		{DD39DE31-5E03-4BFB-889E-7035A03BABB4}.Release|Win32.ActiveCfg = Release|Win32
		{DD39DE31-5E03-4BFB-889E-7035A03BABB4}.Release|Win32.Build.0 = Release|Win32
		{EAC2350C-0DCB-40D0-95BE-EE0CC026E55C}.Debug|Win32.ActiveCfg = Debug|Win32
		{EAC2350C-0DCB-40D0-95BE-EE0CC026E55C}.Debug|Win32.Build.0 = Debug|Win32
		{EAC2350C-0DCB-40D0-95BE-EE0CC026E55C}.Release|Win32.ActiveCfg = Release|Win32
		{EAC2350C-0DCB-40D0-95BE-EE0CC026E55C}.Release|Win32.Build.0 = Release|Win32
		{B676785D-EE27-4935-9286-59FC5DE7D1E7}.Debug|Win32.ActiveCfg = Debug|Win32
		{B676785D-EE27-4935-9286-59FC5DE7D1E7}.Debug|Win32.Build.0 = Debug|Win32
		{B676785D-EE27-4935-9286-59FC5DE7D1E7}.Release|Win32.ActiveCfg = Release|Win32
		{B676785D-EE27-4935-9286-59FC5DE7D1E7}.Release|Win32.Build.0 = Release|Win32
		{0A96A2C2-3805-48E2-916C-4D325F5DD27E}.Debug|Win32.ActiveCfg = Debug|Win32
		{0A96A2C2-3805-48E2-916C-4D325F5DD27E}.Debug|Win32.Build.0 = Debug|Win32
		{0A96A2C2-3805-48E2-916C-4D325F5DD27E}.Release|Win32.ActiveCfg = Release|Win32
		{0A96A2C2-3805-48E2-916C-4D325F5DD27E}.Release|Win32.Build.0 = Release|Win32
		{AA30DD3B-3963-4F93-A790-F67C0487A6D0}.Debug|Win32.ActiveCfg = Debug|Win32
		{AA30DD3B-3963-4F93-A790-F67C0487A6D0}.Debug|Win32.Build.0 = Debug|Win32
		{AA30DD3B-3963-4F93-A790-F67C0487A6D0}.Release|Win32.ActiveCfg = Release|Win32
		{AA30DD3B-3963-4F93-A790-F67C0487A6D0}.Release|Win32.Build.0 = Release|Win32
		{DCE825B7-0933-4DA4-B535-129E057DFC94}.Debug|Win32.ActiveCfg = Debug|Win32
		{DCE825B7-0933-4DA4-B535-129E057DFC94}.Debug|Win32.Build.0 = Debug|Win32
		{DCE825B7-0933-4DA4-B535-129E057DFC94}.Release|Win32.ActiveCfg = Release|Win32
		{DCE825B7-0933-4DA4-B535-129E057DFC94}.Release|Win32.Build.0 = Release|Win32
		{695EAA72-199D-49AE-AAA1-9511F6006600}.Debug|Win32.ActiveCfg = Debug|Win32
		{695EAA72-199D-49AE-AAA1-9511F6006600}.Debug|Win32.Build.0 = Debug|Win32
		{695EAA72-199D-49AE-AAA1-9511F6006600}.Release|Win32.ActiveCfg = Release|Win32
		{695EAA72-199D-49AE-AAA1-9511F6006600}.Release|Win32.Build.0 = Release|Win32
		{49156772-5FBF-41D3-A2EF-FC1F05A0DF0B}.Debug|Win32.ActiveCfg = Debug|Win32
		{49156772-5FBF-41D3-A2EF-FC1F05A0DF0B}.Debug|Win32.Build.0 = Debug|Win32
		{49156772-5FBF-41D3-A2EF-FC1F05A0DF0B}.Release|Win32.ActiveCfg = Release|Win32
		{49156772-5FBF-41D3-A2EF-FC1F05A0DF0B}.Release|Win32.Build.0 = Release|Win32
		{E0CC6F7B-4FCA-4D38-A031-1D7804892517}.Debug|Win32.ActiveCfg = Debug|Win32
		{E0CC6F7B-4FCA-4D38-A031-1D7804892517}.Debug|Win32.Build.0 = Debug|Win32
		{E0CC6F7B-4FCA-4D38-A031-1D7804892517}.Release|Win32.ActiveCfg = Release|Win32
		{E0CC6F7B-4FCA-4D38-A031-1D7804892517}.Release|Win32.Build.0 = Release|Win32
		{2F3680F7-E9FE-456C-95A5-15BA26F64423}.Debug|Win32.ActiveCfg = Debug|Win32
		{2F3680F7-E9FE-456C-95A5-15BA26F64423}.Debug|Win32.Build.0 = Debug|Win32
		{2F3680F7-E9FE-456C-95A5-15BA26F64423}.Release|Win32.ActiveCfg = Release|Win32
		{2F3680F7-E9FE-456C-95A5-15BA26F64423}.Release|Win32.Build.0 = Release|Win32
		{EF68043C-39F7-43D4-8A29-3C6513B70B5F}.Debug|Win32.ActiveCfg = Debug|Win32
		{EF68043C-39F7-43D4-8A29-3C6513B70B5F}.Debug|Win32.Build.0 = Debug|Win32
		{EF68043C-39F7-43D4-8A29-3C6513B70B5F}.Release|Win32.ActiveCfg = Release|Win32
		{EF68043C-39F7-43D4-8A29-3C6513B70B5F}.Release|Win32.Build.0 = Release|Win32
		{0F39DFB3-5E96-42FE-85EB-79062C6568BC}.Debug|Win32.ActiveCfg = Debug|Win32
		{0F39DFB3-5E96-42FE-85EB-79062C6568BC}.Debug|Win32.Build.0 = Debug|Win32
		{0F39DFB3-5E96-42FE-85EB-79062C6568BC}.Release|Win32.ActiveCfg = Release|Win32
		{0F39DFB3-5E96-42FE-85EB-79062C6568BC}.Release|Win32.Build.0 = Release|Win32
		{15F42DE9-AF0D-4CFB-81B1-06257319DFF8}.Debug|Win32.ActiveCfg = Debug|Win32
		{15F42DE9-AF0D-4CFB-81B1-06257319DFF8}.Debug|Win32.Build.0 = Debug|Win32
		{15F42DE9-AF0D-4CFB-81B1-06257319DFF8}.Release|Win32.ActiveCfg = Release|Win32
		{15F42DE9-AF0D-4CFB-81B1-06257319DFF8}.Release|Win32.Build.0 = Release|Win32
		{1A9A3F14-E970-4D03-BC3A-F8D8DB82D1C9}.Debug|Win32.ActiveCfg = Debug|Win32
		{1A9A3F14-E970-4D03-BC3A-F8D8DB82D1C9}.Debug|Win32.Build.0 = Debug|Win32
		{1A9A3F14-E970-4D03-BC3A-F8D8DB82D1C9}.Release|Win32.ActiveCfg = Release|Win32
		{1A9A3F14-E970-4D03-BC3A-F8D8DB82D1C9}.Release|Win32.Build.0 = Release|Win32
		{9EAB567A-F7E3-4FAC-9FD2-17CA8929FC90}.Debug|Win32.ActiveCfg = Debug|Win32
		{9EAB567A-F7E3-4FAC-9FD2-17CA8929FC90}.Debug|Win32.Build.0 = Debug|Win32
		{9EAB567A-F7E3-4FAC-9FD2-17CA8929FC90}.Release|Win32.ActiveCfg = Release|Win32
		{9EAB567A-F7E3-4FAC-9FD2-17CA8929FC90}.Release|Win32.Build.0 = Release|Win32
		{9935A29A-9BCF-44CB-A562-3A4DADAE6273}.Debug|Win32.ActiveCfg = Debug|Win32
		{9935A29A-9BCF-44CB-A562-3A4DADAE6273}.Debug|Win32.Build.0 = Debug|Win32
		{9935A29A-9BCF-44CB-A562-3A4DADAE6273}.Release|Win32.ActiveCfg = Release|Win32
		{9935A29A-9BCF-44CB-A562-3A4DADAE6273}.Release|Win32.Build.0 = Release|Win32
		{A16FA6D9-037E-4A6F-A26C-B5FC7D7A4857}.Debug|Win32.ActiveCfg = Debug|Win32
		{A16FA6D9-037E-4A6F-A26C-B5FC7D7A4857}.Debug|Win32.Build.0 = Debug|Win32
		{A16FA6D9-037E-4A6F-A26C-B5FC7D7A4857}.Release|Win32.ActiveCfg = Release|Win32
		{A16FA6D9-037E-4A6F-A26C-B5FC7D7A4857}.Release|Win32.Build.0 = Release|Win32
		{8FFE77B9-ABEF-4744-AF27-DBBF2CD8E59A}.Debug|Win32.ActiveCfg = Debug|Win32
		{8FFE77B9-ABEF-4744-AF27-DBBF2CD8E59A}.Debug|Win32.Build.0 = Debug|Win32
		{8FFE77B9-ABEF-4744-AF27-DBBF2CD8E59A}.Release|Win32.ActiveCfg = Release|Win32
		{8FFE77B9-ABEF-4744-AF27-DBBF2CD8E59A}.Release|Win32.Build.0 = Release|Win32
		{BFC4E3CB-5AC3-43A6-B04A-74F3A155B826}.Debug|Win32.ActiveCfg = Debug|Win32
		{BFC4E3CB-5AC3-43A6-B04A-74F3A155B826}.Debug|Win32.Build.0 = Debug|Win32
		{BFC4E3CB-5AC3-43A6-B04A-74F3A155B826}.Release|Win32.ActiveCfg = Release|Win32
		{BFC4E3CB-5AC3-43A6-B04A-74F3A155B826}.Release|Win32.Build.0 = Release|Win32
		{DCB78B37-D417-471E-801E-0C448687C9D2}.Debug|Win32.ActiveCfg = Debug|Win32
		{DCB78B37-D417-471E-801E-0C448687C9D2}.Debug|Win32.Build.0 = Debug|Win32
		{DCB78B37-D417-471E-801E-0C448687C9D2}.Release|Win32.ActiveCfg = Release|Win32
		{DCB78B37-D417-471E-801E-0C448687C9D2}.Release|Win32.Build.0 = Release|Win32
		{0AA9B04D-CD21-430D-83F4-E0B232728C1A}.Debug|Win32.ActiveCfg = Debug|Win32
		{0AA9B04D-CD21-430D-83F4-E0B232728C1A}.Debug|Win32.Build.0 = Debug|Win32
		{0AA9B04D-CD21-430D-83F4-E0B232728C1A}.Release|Win32.ActiveCfg = Release|Win32
		{0AA9B04D-CD21-430D-83F4-E0B232728C1A}.Release|Win32.Build.0 = Release|Win32
		{7DDBFE70-F8D8-4290-B2F9-25ECBDE7D376}.Debug|Win32.ActiveCfg = Debug|Win32
		{7DDBFE70-F8D8-4290-B2F9-25ECBDE7D376}.Debug|Win32.Build.0 = Debug|Win32
		{7DDBFE70-F8D8-4290-B2F9-25ECBDE7D376}.Release|Win32.ActiveCfg = Release|Win32
		{7DDBFE70-F8D8-4290-B2F9-25ECBDE7D376}.Release|Win32.Build.0 = Release|Win32
		{1B361237-D420-46D1-BE15-7856FDA7C5F9}.Debug|Win32.ActiveCfg = Debug|Win32
		{1B361237-D420-46D1-BE15-7856FDA7C5F9}.Debug|Win32.Build.0 = Debug|Win32
		{1B361237-D420-46D1-BE15-7856FDA7C5F9}.Release|Win32.ActiveCfg = Release|Win32
		{1B361237-D420-46D1-BE15-7856FDA7C5F9}.Release|Win32.Build.0 = Release|Win32
		{6AEB3608-35DA-4541-9944-95E545D5F416}.Debug|Win32.ActiveCfg = Debug|Win32
		{6AEB3608-35DA-4541-9944-95E545D5F416}.Debug|Win32.Build.0 = Debug|Win32
		{6AEB3608-35DA-4541-9944-95E545D5F416}.Release|Win32.ActiveCfg = Release|Win32
		{6AEB3608-35DA-4541-9944-95E545D5F416}.Release|Win32.Build.0 = Release|Win32
		{6BCD103E-F592-4B1F-97A1-35D8A658DB72}.Debug|Win32.ActiveCfg = Debug|Win32
		{6BCD103E-F592-4B1F-97A1-35D8A658DB72}.Debug|Win32.Build.0 = Debug|Win32
		{6BCD103E-F592-4B1F-97A1-35D8A658DB72}.Release|Win32.ActiveCfg = Release|Win32
		{6BCD103E-F592-4B1F-97A1-35D8A658DB72}.Release|Win32.Build.0 = Release|Win32
	EndGlobalSection
	GlobalSection(SolutionProperties) = preSolution
		HideSolutionNode = FALSE
	EndGlobalSection
EndGlobal
