
Microsoft Visual Studio Solution File, Format Version 12.00
# Visual Studio 14
VisualStudioVersion = 14.0.24720.0
MinimumVisualStudioVersion = 10.0.40219.1
Project("{8BC9CEB8-8B4A-11D0-8D11-00A0C91BC942}") = "P12993 이동3", "P12933 이동3\P12933 이동3.vcxproj", "{F726C2E0-61F2-4D97-8614-0040BCCB5202}"
EndProject
Project("{8BC9CEB8-8B4A-11D0-8D11-00A0C91BC942}") = "P12981 공 포장하기", "P12981 공 포장하기\P12981 공 포장하기.vcxproj", "{8341C1EB-7A7C-4248-9E9D-7BE8A1C26E2C}"
EndProject
Project("{8BC9CEB8-8B4A-11D0-8D11-00A0C91BC942}") = "P12994 이동3-2", "P12994 이동3-2\P12994 이동3-2.vcxproj", "{7CCF84C4-AAC0-4A49-9D32-24EE79F200EA}"
EndProject
Project("{8BC9CEB8-8B4A-11D0-8D11-00A0C91BC942}") = "P12996 Acka", "P12996 Acka\P12996 Acka.vcxproj", "{10296E54-E4B2-45B3-B7CA-E59AB761BC36}"
EndProject
Project("{8BC9CEB8-8B4A-11D0-8D11-00A0C91BC942}") = "P13002 Happy Cow", "P13002 Happy Cow\P13002 Happy Cow.vcxproj", "{997061AB-80F9-42B6-B977-2F13A33199C4}"
EndProject
Project("{8BC9CEB8-8B4A-11D0-8D11-00A0C91BC942}") = "P13003 배수열", "P13003 배수열\P13003 배수열.vcxproj", "{3E046DFA-1A64-4B02-80C2-F94A2BBB5B5E}"
EndProject
Project("{8BC9CEB8-8B4A-11D0-8D11-00A0C91BC942}") = "P12995 트리나라", "P12995 트리나라\P12995 트리나라.vcxproj", "{94C363F1-A7D0-4986-B572-FCDEF8A62FFD}"
EndProject
Project("{8BC9CEB8-8B4A-11D0-8D11-00A0C91BC942}") = "P12982 공 포장하기 2", "P12982 공 포장하기 2\P12982 공 포장하기 2.vcxproj", "{1338B2B1-E6E0-4A53-96F7-40D72C25A862}"
EndProject
Global
	GlobalSection(SolutionConfigurationPlatforms) = preSolution
		Debug|x64 = Debug|x64
		Debug|x86 = Debug|x86
		Release|x64 = Release|x64
		Release|x86 = Release|x86
	EndGlobalSection
	GlobalSection(ProjectConfigurationPlatforms) = postSolution
		{F726C2E0-61F2-4D97-8614-0040BCCB5202}.Debug|x64.ActiveCfg = Debug|x64
		{F726C2E0-61F2-4D97-8614-0040BCCB5202}.Debug|x64.Build.0 = Debug|x64
		{F726C2E0-61F2-4D97-8614-0040BCCB5202}.Debug|x86.ActiveCfg = Debug|Win32
		{F726C2E0-61F2-4D97-8614-0040BCCB5202}.Debug|x86.Build.0 = Debug|Win32
		{F726C2E0-61F2-4D97-8614-0040BCCB5202}.Release|x64.ActiveCfg = Release|x64
		{F726C2E0-61F2-4D97-8614-0040BCCB5202}.Release|x64.Build.0 = Release|x64
		{F726C2E0-61F2-4D97-8614-0040BCCB5202}.Release|x86.ActiveCfg = Release|Win32
		{F726C2E0-61F2-4D97-8614-0040BCCB5202}.Release|x86.Build.0 = Release|Win32
		{8341C1EB-7A7C-4248-9E9D-7BE8A1C26E2C}.Debug|x64.ActiveCfg = Debug|x64
		{8341C1EB-7A7C-4248-9E9D-7BE8A1C26E2C}.Debug|x64.Build.0 = Debug|x64
		{8341C1EB-7A7C-4248-9E9D-7BE8A1C26E2C}.Debug|x86.ActiveCfg = Debug|Win32
		{8341C1EB-7A7C-4248-9E9D-7BE8A1C26E2C}.Debug|x86.Build.0 = Debug|Win32
		{8341C1EB-7A7C-4248-9E9D-7BE8A1C26E2C}.Release|x64.ActiveCfg = Release|x64
		{8341C1EB-7A7C-4248-9E9D-7BE8A1C26E2C}.Release|x64.Build.0 = Release|x64
		{8341C1EB-7A7C-4248-9E9D-7BE8A1C26E2C}.Release|x86.ActiveCfg = Release|Win32
		{8341C1EB-7A7C-4248-9E9D-7BE8A1C26E2C}.Release|x86.Build.0 = Release|Win32
		{7CCF84C4-AAC0-4A49-9D32-24EE79F200EA}.Debug|x64.ActiveCfg = Debug|x64
		{7CCF84C4-AAC0-4A49-9D32-24EE79F200EA}.Debug|x64.Build.0 = Debug|x64
		{7CCF84C4-AAC0-4A49-9D32-24EE79F200EA}.Debug|x86.ActiveCfg = Debug|Win32
		{7CCF84C4-AAC0-4A49-9D32-24EE79F200EA}.Debug|x86.Build.0 = Debug|Win32
		{7CCF84C4-AAC0-4A49-9D32-24EE79F200EA}.Release|x64.ActiveCfg = Release|x64
		{7CCF84C4-AAC0-4A49-9D32-24EE79F200EA}.Release|x64.Build.0 = Release|x64
		{7CCF84C4-AAC0-4A49-9D32-24EE79F200EA}.Release|x86.ActiveCfg = Release|Win32
		{7CCF84C4-AAC0-4A49-9D32-24EE79F200EA}.Release|x86.Build.0 = Release|Win32
		{10296E54-E4B2-45B3-B7CA-E59AB761BC36}.Debug|x64.ActiveCfg = Debug|x64
		{10296E54-E4B2-45B3-B7CA-E59AB761BC36}.Debug|x64.Build.0 = Debug|x64
		{10296E54-E4B2-45B3-B7CA-E59AB761BC36}.Debug|x86.ActiveCfg = Debug|Win32
		{10296E54-E4B2-45B3-B7CA-E59AB761BC36}.Debug|x86.Build.0 = Debug|Win32
		{10296E54-E4B2-45B3-B7CA-E59AB761BC36}.Release|x64.ActiveCfg = Release|x64
		{10296E54-E4B2-45B3-B7CA-E59AB761BC36}.Release|x64.Build.0 = Release|x64
		{10296E54-E4B2-45B3-B7CA-E59AB761BC36}.Release|x86.ActiveCfg = Release|Win32
		{10296E54-E4B2-45B3-B7CA-E59AB761BC36}.Release|x86.Build.0 = Release|Win32
		{997061AB-80F9-42B6-B977-2F13A33199C4}.Debug|x64.ActiveCfg = Debug|x64
		{997061AB-80F9-42B6-B977-2F13A33199C4}.Debug|x64.Build.0 = Debug|x64
		{997061AB-80F9-42B6-B977-2F13A33199C4}.Debug|x86.ActiveCfg = Debug|Win32
		{997061AB-80F9-42B6-B977-2F13A33199C4}.Debug|x86.Build.0 = Debug|Win32
		{997061AB-80F9-42B6-B977-2F13A33199C4}.Release|x64.ActiveCfg = Release|x64
		{997061AB-80F9-42B6-B977-2F13A33199C4}.Release|x64.Build.0 = Release|x64
		{997061AB-80F9-42B6-B977-2F13A33199C4}.Release|x86.ActiveCfg = Release|Win32
		{997061AB-80F9-42B6-B977-2F13A33199C4}.Release|x86.Build.0 = Release|Win32
		{3E046DFA-1A64-4B02-80C2-F94A2BBB5B5E}.Debug|x64.ActiveCfg = Debug|x64
		{3E046DFA-1A64-4B02-80C2-F94A2BBB5B5E}.Debug|x64.Build.0 = Debug|x64
		{3E046DFA-1A64-4B02-80C2-F94A2BBB5B5E}.Debug|x86.ActiveCfg = Debug|Win32
		{3E046DFA-1A64-4B02-80C2-F94A2BBB5B5E}.Debug|x86.Build.0 = Debug|Win32
		{3E046DFA-1A64-4B02-80C2-F94A2BBB5B5E}.Release|x64.ActiveCfg = Release|x64
		{3E046DFA-1A64-4B02-80C2-F94A2BBB5B5E}.Release|x64.Build.0 = Release|x64
		{3E046DFA-1A64-4B02-80C2-F94A2BBB5B5E}.Release|x86.ActiveCfg = Release|Win32
		{3E046DFA-1A64-4B02-80C2-F94A2BBB5B5E}.Release|x86.Build.0 = Release|Win32
		{94C363F1-A7D0-4986-B572-FCDEF8A62FFD}.Debug|x64.ActiveCfg = Debug|x64
		{94C363F1-A7D0-4986-B572-FCDEF8A62FFD}.Debug|x64.Build.0 = Debug|x64
		{94C363F1-A7D0-4986-B572-FCDEF8A62FFD}.Debug|x86.ActiveCfg = Debug|Win32
		{94C363F1-A7D0-4986-B572-FCDEF8A62FFD}.Debug|x86.Build.0 = Debug|Win32
		{94C363F1-A7D0-4986-B572-FCDEF8A62FFD}.Release|x64.ActiveCfg = Release|x64
		{94C363F1-A7D0-4986-B572-FCDEF8A62FFD}.Release|x64.Build.0 = Release|x64
		{94C363F1-A7D0-4986-B572-FCDEF8A62FFD}.Release|x86.ActiveCfg = Release|Win32
		{94C363F1-A7D0-4986-B572-FCDEF8A62FFD}.Release|x86.Build.0 = Release|Win32
		{1338B2B1-E6E0-4A53-96F7-40D72C25A862}.Debug|x64.ActiveCfg = Debug|x64
		{1338B2B1-E6E0-4A53-96F7-40D72C25A862}.Debug|x64.Build.0 = Debug|x64
		{1338B2B1-E6E0-4A53-96F7-40D72C25A862}.Debug|x86.ActiveCfg = Debug|Win32
		{1338B2B1-E6E0-4A53-96F7-40D72C25A862}.Debug|x86.Build.0 = Debug|Win32
		{1338B2B1-E6E0-4A53-96F7-40D72C25A862}.Release|x64.ActiveCfg = Release|x64
		{1338B2B1-E6E0-4A53-96F7-40D72C25A862}.Release|x64.Build.0 = Release|x64
		{1338B2B1-E6E0-4A53-96F7-40D72C25A862}.Release|x86.ActiveCfg = Release|Win32
		{1338B2B1-E6E0-4A53-96F7-40D72C25A862}.Release|x86.Build.0 = Release|Win32
	EndGlobalSection
	GlobalSection(SolutionProperties) = preSolution
		HideSolutionNode = FALSE
	EndGlobalSection
EndGlobal
