
Microsoft Visual Studio Solution File, Format Version 12.00
# Visual Studio 14
VisualStudioVersion = 14.0.24720.0
MinimumVisualStudioVersion = 10.0.40219.1
Project("{8BC9CEB8-8B4A-11D0-8D11-00A0C91BC942}") = "P1541 잃어버린 괄호", "P11047 동전 0\P11047 동전 0.vcxproj", "{5FD8BB1E-9627-4862-9C17-31385544889B}"
EndProject
Project("{8BC9CEB8-8B4A-11D0-8D11-00A0C91BC942}") = "P1744 수 묶기", "P1744 수 묶기\P1744 수 묶기.vcxproj", "{A2B89BB9-FD71-4FCC-9380-C04E56B649C1}"
EndProject
Project("{8BC9CEB8-8B4A-11D0-8D11-00A0C91BC942}") = "P1783 병든 나이트", "P1783 병든 나이트\P1783 병든 나이트.vcxproj", "{779639D1-D48A-4B5E-B8BC-56CA9B043BD1}"
EndProject
Project("{8BC9CEB8-8B4A-11D0-8D11-00A0C91BC942}") = "P1201 NMK", "P1201 NMK\P1201 NMK.vcxproj", "{54392B0E-DDE6-4703-AD64-C9E34EAC3CD0}"
EndProject
Global
	GlobalSection(SolutionConfigurationPlatforms) = preSolution
		Debug|x64 = Debug|x64
		Debug|x86 = Debug|x86
		Release|x64 = Release|x64
		Release|x86 = Release|x86
	EndGlobalSection
	GlobalSection(ProjectConfigurationPlatforms) = postSolution
		{5FD8BB1E-9627-4862-9C17-31385544889B}.Debug|x64.ActiveCfg = Debug|x64
		{5FD8BB1E-9627-4862-9C17-31385544889B}.Debug|x64.Build.0 = Debug|x64
		{5FD8BB1E-9627-4862-9C17-31385544889B}.Debug|x86.ActiveCfg = Debug|Win32
		{5FD8BB1E-9627-4862-9C17-31385544889B}.Debug|x86.Build.0 = Debug|Win32
		{5FD8BB1E-9627-4862-9C17-31385544889B}.Release|x64.ActiveCfg = Release|x64
		{5FD8BB1E-9627-4862-9C17-31385544889B}.Release|x64.Build.0 = Release|x64
		{5FD8BB1E-9627-4862-9C17-31385544889B}.Release|x86.ActiveCfg = Release|Win32
		{5FD8BB1E-9627-4862-9C17-31385544889B}.Release|x86.Build.0 = Release|Win32
		{A2B89BB9-FD71-4FCC-9380-C04E56B649C1}.Debug|x64.ActiveCfg = Debug|x64
		{A2B89BB9-FD71-4FCC-9380-C04E56B649C1}.Debug|x64.Build.0 = Debug|x64
		{A2B89BB9-FD71-4FCC-9380-C04E56B649C1}.Debug|x86.ActiveCfg = Debug|Win32
		{A2B89BB9-FD71-4FCC-9380-C04E56B649C1}.Debug|x86.Build.0 = Debug|Win32
		{A2B89BB9-FD71-4FCC-9380-C04E56B649C1}.Release|x64.ActiveCfg = Release|x64
		{A2B89BB9-FD71-4FCC-9380-C04E56B649C1}.Release|x64.Build.0 = Release|x64
		{A2B89BB9-FD71-4FCC-9380-C04E56B649C1}.Release|x86.ActiveCfg = Release|Win32
		{A2B89BB9-FD71-4FCC-9380-C04E56B649C1}.Release|x86.Build.0 = Release|Win32
		{779639D1-D48A-4B5E-B8BC-56CA9B043BD1}.Debug|x64.ActiveCfg = Debug|x64
		{779639D1-D48A-4B5E-B8BC-56CA9B043BD1}.Debug|x64.Build.0 = Debug|x64
		{779639D1-D48A-4B5E-B8BC-56CA9B043BD1}.Debug|x86.ActiveCfg = Debug|Win32
		{779639D1-D48A-4B5E-B8BC-56CA9B043BD1}.Debug|x86.Build.0 = Debug|Win32
		{779639D1-D48A-4B5E-B8BC-56CA9B043BD1}.Release|x64.ActiveCfg = Release|x64
		{779639D1-D48A-4B5E-B8BC-56CA9B043BD1}.Release|x64.Build.0 = Release|x64
		{779639D1-D48A-4B5E-B8BC-56CA9B043BD1}.Release|x86.ActiveCfg = Release|Win32
		{779639D1-D48A-4B5E-B8BC-56CA9B043BD1}.Release|x86.Build.0 = Release|Win32
		{54392B0E-DDE6-4703-AD64-C9E34EAC3CD0}.Debug|x64.ActiveCfg = Debug|x64
		{54392B0E-DDE6-4703-AD64-C9E34EAC3CD0}.Debug|x64.Build.0 = Debug|x64
		{54392B0E-DDE6-4703-AD64-C9E34EAC3CD0}.Debug|x86.ActiveCfg = Debug|Win32
		{54392B0E-DDE6-4703-AD64-C9E34EAC3CD0}.Debug|x86.Build.0 = Debug|Win32
		{54392B0E-DDE6-4703-AD64-C9E34EAC3CD0}.Release|x64.ActiveCfg = Release|x64
		{54392B0E-DDE6-4703-AD64-C9E34EAC3CD0}.Release|x64.Build.0 = Release|x64
		{54392B0E-DDE6-4703-AD64-C9E34EAC3CD0}.Release|x86.ActiveCfg = Release|Win32
		{54392B0E-DDE6-4703-AD64-C9E34EAC3CD0}.Release|x86.Build.0 = Release|Win32
	EndGlobalSection
	GlobalSection(SolutionProperties) = preSolution
		HideSolutionNode = FALSE
	EndGlobalSection
EndGlobal
