
Microsoft Visual Studio Solution File, Format Version 12.00
# Visual Studio 14
VisualStudioVersion = 14.0.24720.0
MinimumVisualStudioVersion = 10.0.40219.1
Project("{8BC9CEB8-8B4A-11D0-8D11-00A0C91BC942}") = "P2042 구간 합 구하기", "1번 P2042 구간 합 구하기\1번 P2042 구간 합 구하기.vcxproj", "{B6AF9E62-632E-4118-8055-69C0CB1CF178}"
EndProject
Project("{8BC9CEB8-8B4A-11D0-8D11-00A0C91BC942}") = "P12865 평범한 배낭", "P12865 평범한 배낭\P12865 평범한 배낭.vcxproj", "{AAEC0E8B-67F3-4435-A0BD-7E14031CD906}"
EndProject
Project("{8BC9CEB8-8B4A-11D0-8D11-00A0C91BC942}") = "P12866 피노키오", "P12866 피노키오\P12866 피노키오.vcxproj", "{5A297580-9CCE-437F-8759-0C2F6C624F10}"
EndProject
Project("{8BC9CEB8-8B4A-11D0-8D11-00A0C91BC942}") = "P12864 사서왕 준서", "P12864 사서왕 준서\P12864 사서왕 준서.vcxproj", "{6900181C-E78C-41F5-BE4B-4FAC24D30FB8}"
EndProject
Project("{8BC9CEB8-8B4A-11D0-8D11-00A0C91BC942}") = "P12867 N차원 여행", "P12867 N차원 여행\P12867 N차원 여행.vcxproj", "{6CA0D4FB-3D63-45B9-BA17-F4F5C4362F12}"
EndProject
Project("{8BC9CEB8-8B4A-11D0-8D11-00A0C91BC942}") = "P12869 뮤탈리스크", "P12869 뮤탈리스크\P12869 뮤탈리스크.vcxproj", "{4878C713-CC02-4D36-B251-99C1D2D6A890}"
EndProject
Project("{8BC9CEB8-8B4A-11D0-8D11-00A0C91BC942}") = "P12868 문자열 찾기", "P12868 문자열 찾기\P12868 문자열 찾기.vcxproj", "{8DE2DD7D-39C6-4737-8A03-90F6C4C0BB57}"
EndProject
Project("{8BC9CEB8-8B4A-11D0-8D11-00A0C91BC942}") = "P12861 죄수에게 주는 뇌물", "P12861 죄수에게 주는 뇌물\P12861 죄수에게 주는 뇌물.vcxproj", "{08916250-624C-4A71-A02B-C5FB198F652C}"
EndProject
Project("{8BC9CEB8-8B4A-11D0-8D11-00A0C91BC942}") = "P2357 최소값과 최대값 sqrt decomposition", "P2357 최소값과 최대값\P2357 최소값과 최대값.vcxproj", "{1B95C153-53FA-4EA1-8113-43EC8EDFD4AE}"
EndProject
Project("{8BC9CEB8-8B4A-11D0-8D11-00A0C91BC942}") = "P2357 최소값과 최대값 index tree", "P2357 최소값과 최대값 index tree\P2357 최소값과 최대값 index tree.vcxproj", "{6E4FB674-1CC3-4E89-B489-DF79CEC5D0AF}"
EndProject
Global
	GlobalSection(SolutionConfigurationPlatforms) = preSolution
		Debug|x64 = Debug|x64
		Debug|x86 = Debug|x86
		Release|x64 = Release|x64
		Release|x86 = Release|x86
	EndGlobalSection
	GlobalSection(ProjectConfigurationPlatforms) = postSolution
		{B6AF9E62-632E-4118-8055-69C0CB1CF178}.Debug|x64.ActiveCfg = Debug|x64
		{B6AF9E62-632E-4118-8055-69C0CB1CF178}.Debug|x64.Build.0 = Debug|x64
		{B6AF9E62-632E-4118-8055-69C0CB1CF178}.Debug|x86.ActiveCfg = Debug|Win32
		{B6AF9E62-632E-4118-8055-69C0CB1CF178}.Debug|x86.Build.0 = Debug|Win32
		{B6AF9E62-632E-4118-8055-69C0CB1CF178}.Release|x64.ActiveCfg = Release|x64
		{B6AF9E62-632E-4118-8055-69C0CB1CF178}.Release|x64.Build.0 = Release|x64
		{B6AF9E62-632E-4118-8055-69C0CB1CF178}.Release|x86.ActiveCfg = Release|Win32
		{B6AF9E62-632E-4118-8055-69C0CB1CF178}.Release|x86.Build.0 = Release|Win32
		{AAEC0E8B-67F3-4435-A0BD-7E14031CD906}.Debug|x64.ActiveCfg = Debug|x64
		{AAEC0E8B-67F3-4435-A0BD-7E14031CD906}.Debug|x64.Build.0 = Debug|x64
		{AAEC0E8B-67F3-4435-A0BD-7E14031CD906}.Debug|x86.ActiveCfg = Debug|Win32
		{AAEC0E8B-67F3-4435-A0BD-7E14031CD906}.Debug|x86.Build.0 = Debug|Win32
		{AAEC0E8B-67F3-4435-A0BD-7E14031CD906}.Release|x64.ActiveCfg = Release|x64
		{AAEC0E8B-67F3-4435-A0BD-7E14031CD906}.Release|x64.Build.0 = Release|x64
		{AAEC0E8B-67F3-4435-A0BD-7E14031CD906}.Release|x86.ActiveCfg = Release|Win32
		{AAEC0E8B-67F3-4435-A0BD-7E14031CD906}.Release|x86.Build.0 = Release|Win32
		{5A297580-9CCE-437F-8759-0C2F6C624F10}.Debug|x64.ActiveCfg = Debug|x64
		{5A297580-9CCE-437F-8759-0C2F6C624F10}.Debug|x64.Build.0 = Debug|x64
		{5A297580-9CCE-437F-8759-0C2F6C624F10}.Debug|x86.ActiveCfg = Debug|Win32
		{5A297580-9CCE-437F-8759-0C2F6C624F10}.Debug|x86.Build.0 = Debug|Win32
		{5A297580-9CCE-437F-8759-0C2F6C624F10}.Release|x64.ActiveCfg = Release|x64
		{5A297580-9CCE-437F-8759-0C2F6C624F10}.Release|x64.Build.0 = Release|x64
		{5A297580-9CCE-437F-8759-0C2F6C624F10}.Release|x86.ActiveCfg = Release|Win32
		{5A297580-9CCE-437F-8759-0C2F6C624F10}.Release|x86.Build.0 = Release|Win32
		{6900181C-E78C-41F5-BE4B-4FAC24D30FB8}.Debug|x64.ActiveCfg = Debug|x64
		{6900181C-E78C-41F5-BE4B-4FAC24D30FB8}.Debug|x64.Build.0 = Debug|x64
		{6900181C-E78C-41F5-BE4B-4FAC24D30FB8}.Debug|x86.ActiveCfg = Debug|Win32
		{6900181C-E78C-41F5-BE4B-4FAC24D30FB8}.Debug|x86.Build.0 = Debug|Win32
		{6900181C-E78C-41F5-BE4B-4FAC24D30FB8}.Release|x64.ActiveCfg = Release|x64
		{6900181C-E78C-41F5-BE4B-4FAC24D30FB8}.Release|x64.Build.0 = Release|x64
		{6900181C-E78C-41F5-BE4B-4FAC24D30FB8}.Release|x86.ActiveCfg = Release|Win32
		{6900181C-E78C-41F5-BE4B-4FAC24D30FB8}.Release|x86.Build.0 = Release|Win32
		{6CA0D4FB-3D63-45B9-BA17-F4F5C4362F12}.Debug|x64.ActiveCfg = Debug|x64
		{6CA0D4FB-3D63-45B9-BA17-F4F5C4362F12}.Debug|x64.Build.0 = Debug|x64
		{6CA0D4FB-3D63-45B9-BA17-F4F5C4362F12}.Debug|x86.ActiveCfg = Debug|Win32
		{6CA0D4FB-3D63-45B9-BA17-F4F5C4362F12}.Debug|x86.Build.0 = Debug|Win32
		{6CA0D4FB-3D63-45B9-BA17-F4F5C4362F12}.Release|x64.ActiveCfg = Release|x64
		{6CA0D4FB-3D63-45B9-BA17-F4F5C4362F12}.Release|x64.Build.0 = Release|x64
		{6CA0D4FB-3D63-45B9-BA17-F4F5C4362F12}.Release|x86.ActiveCfg = Release|Win32
		{6CA0D4FB-3D63-45B9-BA17-F4F5C4362F12}.Release|x86.Build.0 = Release|Win32
		{4878C713-CC02-4D36-B251-99C1D2D6A890}.Debug|x64.ActiveCfg = Debug|x64
		{4878C713-CC02-4D36-B251-99C1D2D6A890}.Debug|x64.Build.0 = Debug|x64
		{4878C713-CC02-4D36-B251-99C1D2D6A890}.Debug|x86.ActiveCfg = Debug|Win32
		{4878C713-CC02-4D36-B251-99C1D2D6A890}.Debug|x86.Build.0 = Debug|Win32
		{4878C713-CC02-4D36-B251-99C1D2D6A890}.Release|x64.ActiveCfg = Release|x64
		{4878C713-CC02-4D36-B251-99C1D2D6A890}.Release|x64.Build.0 = Release|x64
		{4878C713-CC02-4D36-B251-99C1D2D6A890}.Release|x86.ActiveCfg = Release|Win32
		{4878C713-CC02-4D36-B251-99C1D2D6A890}.Release|x86.Build.0 = Release|Win32
		{8DE2DD7D-39C6-4737-8A03-90F6C4C0BB57}.Debug|x64.ActiveCfg = Debug|x64
		{8DE2DD7D-39C6-4737-8A03-90F6C4C0BB57}.Debug|x64.Build.0 = Debug|x64
		{8DE2DD7D-39C6-4737-8A03-90F6C4C0BB57}.Debug|x86.ActiveCfg = Debug|Win32
		{8DE2DD7D-39C6-4737-8A03-90F6C4C0BB57}.Debug|x86.Build.0 = Debug|Win32
		{8DE2DD7D-39C6-4737-8A03-90F6C4C0BB57}.Release|x64.ActiveCfg = Release|x64
		{8DE2DD7D-39C6-4737-8A03-90F6C4C0BB57}.Release|x64.Build.0 = Release|x64
		{8DE2DD7D-39C6-4737-8A03-90F6C4C0BB57}.Release|x86.ActiveCfg = Release|Win32
		{8DE2DD7D-39C6-4737-8A03-90F6C4C0BB57}.Release|x86.Build.0 = Release|Win32
		{08916250-624C-4A71-A02B-C5FB198F652C}.Debug|x64.ActiveCfg = Debug|x64
		{08916250-624C-4A71-A02B-C5FB198F652C}.Debug|x64.Build.0 = Debug|x64
		{08916250-624C-4A71-A02B-C5FB198F652C}.Debug|x86.ActiveCfg = Debug|Win32
		{08916250-624C-4A71-A02B-C5FB198F652C}.Debug|x86.Build.0 = Debug|Win32
		{08916250-624C-4A71-A02B-C5FB198F652C}.Release|x64.ActiveCfg = Release|x64
		{08916250-624C-4A71-A02B-C5FB198F652C}.Release|x64.Build.0 = Release|x64
		{08916250-624C-4A71-A02B-C5FB198F652C}.Release|x86.ActiveCfg = Release|Win32
		{08916250-624C-4A71-A02B-C5FB198F652C}.Release|x86.Build.0 = Release|Win32
		{1B95C153-53FA-4EA1-8113-43EC8EDFD4AE}.Debug|x64.ActiveCfg = Debug|x64
		{1B95C153-53FA-4EA1-8113-43EC8EDFD4AE}.Debug|x64.Build.0 = Debug|x64
		{1B95C153-53FA-4EA1-8113-43EC8EDFD4AE}.Debug|x86.ActiveCfg = Debug|Win32
		{1B95C153-53FA-4EA1-8113-43EC8EDFD4AE}.Debug|x86.Build.0 = Debug|Win32
		{1B95C153-53FA-4EA1-8113-43EC8EDFD4AE}.Release|x64.ActiveCfg = Release|x64
		{1B95C153-53FA-4EA1-8113-43EC8EDFD4AE}.Release|x64.Build.0 = Release|x64
		{1B95C153-53FA-4EA1-8113-43EC8EDFD4AE}.Release|x86.ActiveCfg = Release|Win32
		{1B95C153-53FA-4EA1-8113-43EC8EDFD4AE}.Release|x86.Build.0 = Release|Win32
		{6E4FB674-1CC3-4E89-B489-DF79CEC5D0AF}.Debug|x64.ActiveCfg = Debug|x64
		{6E4FB674-1CC3-4E89-B489-DF79CEC5D0AF}.Debug|x64.Build.0 = Debug|x64
		{6E4FB674-1CC3-4E89-B489-DF79CEC5D0AF}.Debug|x86.ActiveCfg = Debug|Win32
		{6E4FB674-1CC3-4E89-B489-DF79CEC5D0AF}.Debug|x86.Build.0 = Debug|Win32
		{6E4FB674-1CC3-4E89-B489-DF79CEC5D0AF}.Release|x64.ActiveCfg = Release|x64
		{6E4FB674-1CC3-4E89-B489-DF79CEC5D0AF}.Release|x64.Build.0 = Release|x64
		{6E4FB674-1CC3-4E89-B489-DF79CEC5D0AF}.Release|x86.ActiveCfg = Release|Win32
		{6E4FB674-1CC3-4E89-B489-DF79CEC5D0AF}.Release|x86.Build.0 = Release|Win32
	EndGlobalSection
	GlobalSection(SolutionProperties) = preSolution
		HideSolutionNode = FALSE
	EndGlobalSection
EndGlobal
