
Microsoft Visual Studio Solution File, Format Version 11.00
# Visual Studio 2010
Project("{8BC9CEB8-8B4A-11D0-8D11-00A0C91BC942}") = "정올 1004 합과 평균 표준편차", "정올 1004 합과 평균 표준편차\정올 1004 합과 평균 표준편차.vcxproj", "{E8FB9427-28F0-4101-8FAA-FBB30C85DA08}"
EndProject
Global
	GlobalSection(SolutionConfigurationPlatforms) = preSolution
		Debug|Win32 = Debug|Win32
		Release|Win32 = Release|Win32
	EndGlobalSection
	GlobalSection(ProjectConfigurationPlatforms) = postSolution
		{E8FB9427-28F0-4101-8FAA-FBB30C85DA08}.Debug|Win32.ActiveCfg = Debug|Win32
		{E8FB9427-28F0-4101-8FAA-FBB30C85DA08}.Debug|Win32.Build.0 = Debug|Win32
		{E8FB9427-28F0-4101-8FAA-FBB30C85DA08}.Release|Win32.ActiveCfg = Release|Win32
		{E8FB9427-28F0-4101-8FAA-FBB30C85DA08}.Release|Win32.Build.0 = Release|Win32
	EndGlobalSection
	GlobalSection(SolutionProperties) = preSolution
		HideSolutionNode = FALSE
	EndGlobalSection
EndGlobal
