
Microsoft Visual Studio Solution File, Format Version 12.00
# Visual Studio 14
VisualStudioVersion = 14.0.24720.0
MinimumVisualStudioVersion = 10.0.40219.1
Project("{8BC9CEB8-8B4A-11D0-8D11-00A0C91BC942}") = "P12910 사탕 나눠주기", "P12910 사탕 나눠주기\P12910 사탕 나눠주기.vcxproj", "{F0C3904F-17F7-4D5F-8DB6-FB73D906D816}"
EndProject
Project("{8BC9CEB8-8B4A-11D0-8D11-00A0C91BC942}") = "P12911 좋아하는 배열", "P12911 좋아하는 배열\P12911 좋아하는 배열.vcxproj", "{7A2A7B85-14E0-4EAC-B449-8E57C3E2F64F}"
EndProject
Project("{8BC9CEB8-8B4A-11D0-8D11-00A0C91BC942}") = "P12914 곰을 위한 레스토랑", "P12914 곰을 위한 레스토랑\P12914 곰을 위한 레스토랑.vcxproj", "{F918BAD0-34D8-4FC3-A491-F79FACA76950}"
EndProject
Project("{8BC9CEB8-8B4A-11D0-8D11-00A0C91BC942}") = "P12913 매직 포션", "P12913 매직 포션\P12913 매직 포션.vcxproj", "{315D9994-A9AE-454F-B987-E94E8AD3EDE1}"
EndProject
Project("{8BC9CEB8-8B4A-11D0-8D11-00A0C91BC942}") = "P12915 대회 개최", "P12915 대회 개최\P12915 대회 개최.vcxproj", "{E4E88216-AE83-4113-B4B1-760BF2879F62}"
EndProject
Project("{8BC9CEB8-8B4A-11D0-8D11-00A0C91BC942}") = "P12919 A와 B 2", "P12919 A와 B 2\P12919 A와 B 2.vcxproj", "{FE957D4E-296B-4308-9E69-9F666F2A0746}"
EndProject
Project("{8BC9CEB8-8B4A-11D0-8D11-00A0C91BC942}") = "P12928 트리와 경로의 길이", "P12928 트리와 경로의 길이\P12928 트리와 경로의 길이.vcxproj", "{20D82C2C-2DF0-43FE-AB31-08BF0D98F0F4}"
EndProject
Project("{8BC9CEB8-8B4A-11D0-8D11-00A0C91BC942}") = "P12924 멋진 숫자 쌍", "P12924 멋진 숫자 쌍\P12924 멋진 숫자 쌍.vcxproj", "{03D528BE-5BBB-4521-AEE4-A83986043807}"
EndProject
Project("{8BC9CEB8-8B4A-11D0-8D11-00A0C91BC942}") = "P12920 평범한 배낭", "P12920 평범한 배낭\P12920 평범한 배낭.vcxproj", "{7A7402A8-C8F5-4178-B077-557A3297C051}"
EndProject
Project("{8BC9CEB8-8B4A-11D0-8D11-00A0C91BC942}") = "P12927 배수 스위치", "P12927 배수 스위치\P12927 배수 스위치.vcxproj", "{771BB543-8BF1-4B85-BF85-B8D52499E436}"
EndProject
Project("{8BC9CEB8-8B4A-11D0-8D11-00A0C91BC942}") = "P12912 트리 수정", "P12912 트리 수정\P12912 트리 수정.vcxproj", "{B7150E21-AA88-4AFA-99E4-3A1C9FF88B3E}"
EndProject
Project("{8BC9CEB8-8B4A-11D0-8D11-00A0C91BC942}") = "P1967 트리의 지름", "P1967 트리의 지름\P1967 트리의 지름.vcxproj", "{7AD2C84A-69CC-448B-A310-FC5A1DED2EF7}"
EndProject
Project("{8BC9CEB8-8B4A-11D0-8D11-00A0C91BC942}") = "P1167 트리의 지름", "P1167 트리의 지름\P1167 트리의 지름.vcxproj", "{305A8FE6-42A5-42A6-B20A-5B4A32D47970}"
EndProject
Global
	GlobalSection(SolutionConfigurationPlatforms) = preSolution
		Debug|x64 = Debug|x64
		Debug|x86 = Debug|x86
		Release|x64 = Release|x64
		Release|x86 = Release|x86
	EndGlobalSection
	GlobalSection(ProjectConfigurationPlatforms) = postSolution
		{F0C3904F-17F7-4D5F-8DB6-FB73D906D816}.Debug|x64.ActiveCfg = Debug|x64
		{F0C3904F-17F7-4D5F-8DB6-FB73D906D816}.Debug|x64.Build.0 = Debug|x64
		{F0C3904F-17F7-4D5F-8DB6-FB73D906D816}.Debug|x86.ActiveCfg = Debug|Win32
		{F0C3904F-17F7-4D5F-8DB6-FB73D906D816}.Debug|x86.Build.0 = Debug|Win32
		{F0C3904F-17F7-4D5F-8DB6-FB73D906D816}.Release|x64.ActiveCfg = Release|x64
		{F0C3904F-17F7-4D5F-8DB6-FB73D906D816}.Release|x64.Build.0 = Release|x64
		{F0C3904F-17F7-4D5F-8DB6-FB73D906D816}.Release|x86.ActiveCfg = Release|Win32
		{F0C3904F-17F7-4D5F-8DB6-FB73D906D816}.Release|x86.Build.0 = Release|Win32
		{7A2A7B85-14E0-4EAC-B449-8E57C3E2F64F}.Debug|x64.ActiveCfg = Debug|x64
		{7A2A7B85-14E0-4EAC-B449-8E57C3E2F64F}.Debug|x64.Build.0 = Debug|x64
		{7A2A7B85-14E0-4EAC-B449-8E57C3E2F64F}.Debug|x86.ActiveCfg = Debug|Win32
		{7A2A7B85-14E0-4EAC-B449-8E57C3E2F64F}.Debug|x86.Build.0 = Debug|Win32
		{7A2A7B85-14E0-4EAC-B449-8E57C3E2F64F}.Release|x64.ActiveCfg = Release|x64
		{7A2A7B85-14E0-4EAC-B449-8E57C3E2F64F}.Release|x64.Build.0 = Release|x64
		{7A2A7B85-14E0-4EAC-B449-8E57C3E2F64F}.Release|x86.ActiveCfg = Release|Win32
		{7A2A7B85-14E0-4EAC-B449-8E57C3E2F64F}.Release|x86.Build.0 = Release|Win32
		{F918BAD0-34D8-4FC3-A491-F79FACA76950}.Debug|x64.ActiveCfg = Debug|x64
		{F918BAD0-34D8-4FC3-A491-F79FACA76950}.Debug|x64.Build.0 = Debug|x64
		{F918BAD0-34D8-4FC3-A491-F79FACA76950}.Debug|x86.ActiveCfg = Debug|Win32
		{F918BAD0-34D8-4FC3-A491-F79FACA76950}.Debug|x86.Build.0 = Debug|Win32
		{F918BAD0-34D8-4FC3-A491-F79FACA76950}.Release|x64.ActiveCfg = Release|x64
		{F918BAD0-34D8-4FC3-A491-F79FACA76950}.Release|x64.Build.0 = Release|x64
		{F918BAD0-34D8-4FC3-A491-F79FACA76950}.Release|x86.ActiveCfg = Release|Win32
		{F918BAD0-34D8-4FC3-A491-F79FACA76950}.Release|x86.Build.0 = Release|Win32
		{315D9994-A9AE-454F-B987-E94E8AD3EDE1}.Debug|x64.ActiveCfg = Debug|x64
		{315D9994-A9AE-454F-B987-E94E8AD3EDE1}.Debug|x64.Build.0 = Debug|x64
		{315D9994-A9AE-454F-B987-E94E8AD3EDE1}.Debug|x86.ActiveCfg = Debug|Win32
		{315D9994-A9AE-454F-B987-E94E8AD3EDE1}.Debug|x86.Build.0 = Debug|Win32
		{315D9994-A9AE-454F-B987-E94E8AD3EDE1}.Release|x64.ActiveCfg = Release|x64
		{315D9994-A9AE-454F-B987-E94E8AD3EDE1}.Release|x64.Build.0 = Release|x64
		{315D9994-A9AE-454F-B987-E94E8AD3EDE1}.Release|x86.ActiveCfg = Release|Win32
		{315D9994-A9AE-454F-B987-E94E8AD3EDE1}.Release|x86.Build.0 = Release|Win32
		{E4E88216-AE83-4113-B4B1-760BF2879F62}.Debug|x64.ActiveCfg = Debug|x64
		{E4E88216-AE83-4113-B4B1-760BF2879F62}.Debug|x64.Build.0 = Debug|x64
		{E4E88216-AE83-4113-B4B1-760BF2879F62}.Debug|x86.ActiveCfg = Debug|Win32
		{E4E88216-AE83-4113-B4B1-760BF2879F62}.Debug|x86.Build.0 = Debug|Win32
		{E4E88216-AE83-4113-B4B1-760BF2879F62}.Release|x64.ActiveCfg = Release|x64
		{E4E88216-AE83-4113-B4B1-760BF2879F62}.Release|x64.Build.0 = Release|x64
		{E4E88216-AE83-4113-B4B1-760BF2879F62}.Release|x86.ActiveCfg = Release|Win32
		{E4E88216-AE83-4113-B4B1-760BF2879F62}.Release|x86.Build.0 = Release|Win32
		{FE957D4E-296B-4308-9E69-9F666F2A0746}.Debug|x64.ActiveCfg = Debug|x64
		{FE957D4E-296B-4308-9E69-9F666F2A0746}.Debug|x64.Build.0 = Debug|x64
		{FE957D4E-296B-4308-9E69-9F666F2A0746}.Debug|x86.ActiveCfg = Debug|Win32
		{FE957D4E-296B-4308-9E69-9F666F2A0746}.Debug|x86.Build.0 = Debug|Win32
		{FE957D4E-296B-4308-9E69-9F666F2A0746}.Release|x64.ActiveCfg = Release|x64
		{FE957D4E-296B-4308-9E69-9F666F2A0746}.Release|x64.Build.0 = Release|x64
		{FE957D4E-296B-4308-9E69-9F666F2A0746}.Release|x86.ActiveCfg = Release|Win32
		{FE957D4E-296B-4308-9E69-9F666F2A0746}.Release|x86.Build.0 = Release|Win32
		{20D82C2C-2DF0-43FE-AB31-08BF0D98F0F4}.Debug|x64.ActiveCfg = Debug|x64
		{20D82C2C-2DF0-43FE-AB31-08BF0D98F0F4}.Debug|x64.Build.0 = Debug|x64
		{20D82C2C-2DF0-43FE-AB31-08BF0D98F0F4}.Debug|x86.ActiveCfg = Debug|Win32
		{20D82C2C-2DF0-43FE-AB31-08BF0D98F0F4}.Debug|x86.Build.0 = Debug|Win32
		{20D82C2C-2DF0-43FE-AB31-08BF0D98F0F4}.Release|x64.ActiveCfg = Release|x64
		{20D82C2C-2DF0-43FE-AB31-08BF0D98F0F4}.Release|x64.Build.0 = Release|x64
		{20D82C2C-2DF0-43FE-AB31-08BF0D98F0F4}.Release|x86.ActiveCfg = Release|Win32
		{20D82C2C-2DF0-43FE-AB31-08BF0D98F0F4}.Release|x86.Build.0 = Release|Win32
		{03D528BE-5BBB-4521-AEE4-A83986043807}.Debug|x64.ActiveCfg = Debug|x64
		{03D528BE-5BBB-4521-AEE4-A83986043807}.Debug|x64.Build.0 = Debug|x64
		{03D528BE-5BBB-4521-AEE4-A83986043807}.Debug|x86.ActiveCfg = Debug|Win32
		{03D528BE-5BBB-4521-AEE4-A83986043807}.Debug|x86.Build.0 = Debug|Win32
		{03D528BE-5BBB-4521-AEE4-A83986043807}.Release|x64.ActiveCfg = Release|x64
		{03D528BE-5BBB-4521-AEE4-A83986043807}.Release|x64.Build.0 = Release|x64
		{03D528BE-5BBB-4521-AEE4-A83986043807}.Release|x86.ActiveCfg = Release|Win32
		{03D528BE-5BBB-4521-AEE4-A83986043807}.Release|x86.Build.0 = Release|Win32
		{7A7402A8-C8F5-4178-B077-557A3297C051}.Debug|x64.ActiveCfg = Debug|x64
		{7A7402A8-C8F5-4178-B077-557A3297C051}.Debug|x64.Build.0 = Debug|x64
		{7A7402A8-C8F5-4178-B077-557A3297C051}.Debug|x86.ActiveCfg = Debug|Win32
		{7A7402A8-C8F5-4178-B077-557A3297C051}.Debug|x86.Build.0 = Debug|Win32
		{7A7402A8-C8F5-4178-B077-557A3297C051}.Release|x64.ActiveCfg = Release|x64
		{7A7402A8-C8F5-4178-B077-557A3297C051}.Release|x64.Build.0 = Release|x64
		{7A7402A8-C8F5-4178-B077-557A3297C051}.Release|x86.ActiveCfg = Release|Win32
		{7A7402A8-C8F5-4178-B077-557A3297C051}.Release|x86.Build.0 = Release|Win32
		{771BB543-8BF1-4B85-BF85-B8D52499E436}.Debug|x64.ActiveCfg = Debug|x64
		{771BB543-8BF1-4B85-BF85-B8D52499E436}.Debug|x64.Build.0 = Debug|x64
		{771BB543-8BF1-4B85-BF85-B8D52499E436}.Debug|x86.ActiveCfg = Debug|Win32
		{771BB543-8BF1-4B85-BF85-B8D52499E436}.Debug|x86.Build.0 = Debug|Win32
		{771BB543-8BF1-4B85-BF85-B8D52499E436}.Release|x64.ActiveCfg = Release|x64
		{771BB543-8BF1-4B85-BF85-B8D52499E436}.Release|x64.Build.0 = Release|x64
		{771BB543-8BF1-4B85-BF85-B8D52499E436}.Release|x86.ActiveCfg = Release|Win32
		{771BB543-8BF1-4B85-BF85-B8D52499E436}.Release|x86.Build.0 = Release|Win32
		{B7150E21-AA88-4AFA-99E4-3A1C9FF88B3E}.Debug|x64.ActiveCfg = Debug|x64
		{B7150E21-AA88-4AFA-99E4-3A1C9FF88B3E}.Debug|x64.Build.0 = Debug|x64
		{B7150E21-AA88-4AFA-99E4-3A1C9FF88B3E}.Debug|x86.ActiveCfg = Debug|Win32
		{B7150E21-AA88-4AFA-99E4-3A1C9FF88B3E}.Debug|x86.Build.0 = Debug|Win32
		{B7150E21-AA88-4AFA-99E4-3A1C9FF88B3E}.Release|x64.ActiveCfg = Release|x64
		{B7150E21-AA88-4AFA-99E4-3A1C9FF88B3E}.Release|x64.Build.0 = Release|x64
		{B7150E21-AA88-4AFA-99E4-3A1C9FF88B3E}.Release|x86.ActiveCfg = Release|Win32
		{B7150E21-AA88-4AFA-99E4-3A1C9FF88B3E}.Release|x86.Build.0 = Release|Win32
		{7AD2C84A-69CC-448B-A310-FC5A1DED2EF7}.Debug|x64.ActiveCfg = Debug|x64
		{7AD2C84A-69CC-448B-A310-FC5A1DED2EF7}.Debug|x64.Build.0 = Debug|x64
		{7AD2C84A-69CC-448B-A310-FC5A1DED2EF7}.Debug|x86.ActiveCfg = Debug|Win32
		{7AD2C84A-69CC-448B-A310-FC5A1DED2EF7}.Debug|x86.Build.0 = Debug|Win32
		{7AD2C84A-69CC-448B-A310-FC5A1DED2EF7}.Release|x64.ActiveCfg = Release|x64
		{7AD2C84A-69CC-448B-A310-FC5A1DED2EF7}.Release|x64.Build.0 = Release|x64
		{7AD2C84A-69CC-448B-A310-FC5A1DED2EF7}.Release|x86.ActiveCfg = Release|Win32
		{7AD2C84A-69CC-448B-A310-FC5A1DED2EF7}.Release|x86.Build.0 = Release|Win32
		{305A8FE6-42A5-42A6-B20A-5B4A32D47970}.Debug|x64.ActiveCfg = Debug|x64
		{305A8FE6-42A5-42A6-B20A-5B4A32D47970}.Debug|x64.Build.0 = Debug|x64
		{305A8FE6-42A5-42A6-B20A-5B4A32D47970}.Debug|x86.ActiveCfg = Debug|Win32
		{305A8FE6-42A5-42A6-B20A-5B4A32D47970}.Debug|x86.Build.0 = Debug|Win32
		{305A8FE6-42A5-42A6-B20A-5B4A32D47970}.Release|x64.ActiveCfg = Release|x64
		{305A8FE6-42A5-42A6-B20A-5B4A32D47970}.Release|x64.Build.0 = Release|x64
		{305A8FE6-42A5-42A6-B20A-5B4A32D47970}.Release|x86.ActiveCfg = Release|Win32
		{305A8FE6-42A5-42A6-B20A-5B4A32D47970}.Release|x86.Build.0 = Release|Win32
	EndGlobalSection
	GlobalSection(SolutionProperties) = preSolution
		HideSolutionNode = FALSE
	EndGlobalSection
EndGlobal
